{
  "version": 4,
  "terraform_version": "0.12.24",
  "serial": 59,
  "lineage": "f8e762c4-3476-43ec-4cd5-f47fe07d5df5",
  "outputs": {
    "Bastion_Instance": {
      "value": "{\n       \"Instance Id\":\"ocid1.instance.oc1.iad.anuwcljrlbfmicqcrs7xwrvcjxp36o5cpoewwi2wonquvagtxwyvucbfrmma\",\n       \"Instance Name\":\"Dupont-bastion-instance\",\n       \"Private IP\":\"10.0.4.2\",\n       \"Public IP\":\"132.145.143.28\"\n       }",
      "type": "string"
    },
    "Fusion_Middleware_Control_Console": {
      "value": "https://10.0.3.3:7002/em",
      "type": "string"
    },
    "Is_VCN_Peered": {
      "value": "false",
      "type": "string"
    },
    "Listing_Version": {
      "value": "20.3.2-200824152337\n",
      "type": "string"
    },
    "Load_Balancer_Ip": {
      "value": [
        ""
      ],
      "type": [
        "tuple",
        [
          "string"
        ]
      ]
    },
    "Loadbalancer_Subnets_Id": {
      "value": [],
      "type": [
        "list",
        "string"
      ]
    },
    "Provisioning_Status": {
      "value": "",
      "type": "string"
    },
    "Sample_Application": {
      "value": "https://10.0.3.3:7004/sample-app",
      "type": "string"
    },
    "Sample_Application_protected_by_IDCS": {
      "value": "",
      "type": "string"
    },
    "Virtual_Cloud_Network_CIDR": {
      "value": "10.0.0.0/16",
      "type": "string"
    },
    "Virtual_Cloud_Network_Id": {
      "value": "ocid1.vcn.oc1.iad.amaaaaaalbfmicqajlv72uibfddf5nu25ratm7xdqhqmpu2irtu7d6qcfala",
      "type": "string"
    },
    "WebLogic_Server_Administration_Console": {
      "value": "https://10.0.3.3:7002/console",
      "type": "string"
    },
    "Weblogic_Edition": {
      "value": "EE",
      "type": "string"
    },
    "Weblogic_Instances": {
      "value": "{\n       \"Instance Id\":\"ocid1.instance.oc1.iad.anuwcljrlbfmicqcctqfkzv34zdkogaym42medzjgdjfutveup4x6hzcqrxa\",\n       \"Instance name\":\"Dupont-wls-0\",\n       \"Private IP\":\"10.0.3.3\",\n       \"Public IP\":\"\"\n       }",
      "type": "string"
    },
    "Weblogic_Subnet_Id": {
      "value": [
        "ocid1.subnet.oc1.iad.aaaaaaaas4zo7pesqby56x4emhn6be5gfob7iochivngum5rrfqy7yufbmka"
      ],
      "type": [
        "list",
        "string"
      ]
    },
    "Weblogic_Version": {
      "value": "12.2.1.4 Enterprise Edition (JRF with ATP DB)",
      "type": "string"
    }
  },
  "resources": [
    {
      "mode": "data",
      "type": "oci_core_app_catalog_subscriptions",
      "name": "mp_baselinux_image_subscription",
      "each": "list",
      "provider": "provider.oci",
      "instances": [
        {
          "index_key": 0,
          "schema_version": 0,
          "attributes": {
            "app_catalog_subscriptions": [
              {
                "compartment_id": "ocid1.compartment.oc1..aaaaaaaafumsqmpg74h244arldrn72gasogwmp64snq2f5zn46swyjqdntda",
                "display_name": "WebLogic Cloud Bastion Image",
                "eula_link": "",
                "listing_id": "ocid1.appcataloglisting.oc1..aaaaaaaacicjx6jviqczqow567tadr5ju7iy2m4vx6opyra6thql55n2nnvq",
                "listing_resource_id": "ocid1.image.oc1..aaaaaaaatbokpfj2x3oio7ibv7tuzl3twuqpfeuwq4xcy4xr6hekjzuccuza",
                "listing_resource_version": "19.3.3-190816034153",
                "oracle_terms_of_use_link": "",
                "publisher_name": "",
                "signature": "",
                "summary": "Accelerate WebLogic deployment in Oracle Cloud Infrastructure",
                "time_created": "2020-09-01 20:40:35.744 +0000 UTC",
                "time_retrieved": ""
              }
            ],
            "compartment_id": "ocid1.compartment.oc1..aaaaaaaafumsqmpg74h244arldrn72gasogwmp64snq2f5zn46swyjqdntda",
            "filter": [
              {
                "name": "listing_resource_version",
                "regex": false,
                "values": [
                  "19.3.3-190816034153"
                ]
              }
            ],
            "id": "2020-09-02 12:38:43.7945251 +0000 UTC",
            "listing_id": "ocid1.appcataloglisting.oc1..aaaaaaaacicjx6jviqczqow567tadr5ju7iy2m4vx6opyra6thql55n2nnvq"
          }
        }
      ]
    },
    {
      "mode": "data",
      "type": "oci_core_app_catalog_subscriptions",
      "name": "mp_image_subscription",
      "each": "list",
      "provider": "provider.oci",
      "instances": [
        {
          "index_key": 0,
          "schema_version": 0,
          "attributes": {
            "app_catalog_subscriptions": [
              {
                "compartment_id": "ocid1.compartment.oc1..aaaaaaaafumsqmpg74h244arldrn72gasogwmp64snq2f5zn46swyjqdntda",
                "display_name": "Oracle WebLogic Server Enterprise Edition UCM Image",
                "eula_link": "",
                "listing_id": "ocid1.appcataloglisting.oc1..aaaaaaaa653zc2e4fsem5hhwinmfgnv3xp4dmbq6c6gvf45okxf6xz3smhiq",
                "listing_resource_id": "ocid1.image.oc1..aaaaaaaafaw737glyfbfmnqwdjv4oip3rizvlkjibb2kuqkupy6y6zigfkna",
                "listing_resource_version": "20.3.2-200824152337",
                "oracle_terms_of_use_link": "",
                "publisher_name": "",
                "signature": "",
                "summary": "Accelerate WebLogic deployment in Oracle Cloud Infrastructure",
                "time_created": "2020-09-01 20:33:48.676 +0000 UTC",
                "time_retrieved": ""
              }
            ],
            "compartment_id": "ocid1.compartment.oc1..aaaaaaaafumsqmpg74h244arldrn72gasogwmp64snq2f5zn46swyjqdntda",
            "filter": [
              {
                "name": "listing_resource_version",
                "regex": false,
                "values": [
                  "20.3.2-200824152337"
                ]
              }
            ],
            "id": "2020-09-02 12:38:43.8545244 +0000 UTC",
            "listing_id": "ocid1.appcataloglisting.oc1..aaaaaaaa653zc2e4fsem5hhwinmfgnv3xp4dmbq6c6gvf45okxf6xz3smhiq"
          }
        }
      ]
    },
    {
      "module": "module.network-vcn-config",
      "mode": "data",
      "type": "oci_core_instance",
      "name": "existing_bastion_instance",
      "each": "list",
      "provider": "provider.oci",
      "instances": []
    },
    {
      "mode": "data",
      "type": "oci_core_instance",
      "name": "existing_bastion_instance",
      "each": "list",
      "provider": "provider.oci",
      "instances": []
    },
    {
      "module": "module.network-dns-vms",
      "mode": "data",
      "type": "oci_core_internet_gateways",
      "name": "ocidb_vcn_internet_gateway",
      "each": "list",
      "provider": "provider.oci",
      "instances": []
    },
    {
      "module": "module.network-vcn-config",
      "mode": "data",
      "type": "oci_core_internet_gateways",
      "name": "tf_internet_gateways",
      "provider": "provider.oci",
      "instances": [
        {
          "schema_version": 0,
          "attributes": {
            "compartment_id": "ocid1.compartment.oc1..aaaaaaaafumsqmpg74h244arldrn72gasogwmp64snq2f5zn46swyjqdntda",
            "display_name": null,
            "filter": null,
            "gateways": [
              {
                "compartment_id": "ocid1.compartment.oc1..aaaaaaaafumsqmpg74h244arldrn72gasogwmp64snq2f5zn46swyjqdntda",
                "defined_tags": {},
                "display_name": "Dupont-internet-gateway",
                "enabled": true,
                "freeform_tags": {},
                "id": "ocid1.internetgateway.oc1.iad.aaaaaaaa47xcvgovf3decgn7z2jkg7vxvirats7lhekoxp745uonuwlm2vla",
                "state": "AVAILABLE",
                "time_created": "2020-09-01 20:40:36.265 +0000 UTC",
                "vcn_id": "ocid1.vcn.oc1.iad.amaaaaaalbfmicqajlv72uibfddf5nu25ratm7xdqhqmpu2irtu7d6qcfala"
              }
            ],
            "id": "2020-09-02 12:38:44.4925237 +0000 UTC",
            "state": null,
            "vcn_id": "ocid1.vcn.oc1.iad.amaaaaaalbfmicqajlv72uibfddf5nu25ratm7xdqhqmpu2irtu7d6qcfala"
          }
        }
      ]
    },
    {
      "module": "module.network-dns-vms",
      "mode": "data",
      "type": "oci_core_internet_gateways",
      "name": "wls_vcn_internet_gateway",
      "each": "list",
      "provider": "provider.oci",
      "instances": []
    },
    {
      "module": "module.network-vcn-config",
      "mode": "data",
      "type": "oci_core_nat_gateways",
      "name": "tf_nat_gateways",
      "provider": "provider.oci",
      "instances": [
        {
          "schema_version": 0,
          "attributes": {
            "compartment_id": "ocid1.compartment.oc1..aaaaaaaafumsqmpg74h244arldrn72gasogwmp64snq2f5zn46swyjqdntda",
            "display_name": null,
            "filter": null,
            "id": "2020-09-02 12:38:44.8795294 +0000 UTC",
            "nat_gateways": [],
            "state": null,
            "vcn_id": "ocid1.vcn.oc1.iad.amaaaaaalbfmicqajlv72uibfddf5nu25ratm7xdqhqmpu2irtu7d6qcfala"
          }
        }
      ]
    },
    {
      "module": "module.network-vcn-config",
      "mode": "data",
      "type": "oci_core_service_gateways",
      "name": "tf_service_gateways",
      "provider": "provider.oci",
      "instances": [
        {
          "schema_version": 0,
          "attributes": {
            "compartment_id": "ocid1.compartment.oc1..aaaaaaaafumsqmpg74h244arldrn72gasogwmp64snq2f5zn46swyjqdntda",
            "filter": null,
            "id": "2020-09-02 12:38:44.8965229 +0000 UTC",
            "service_gateways": [
              {
                "block_traffic": false,
                "compartment_id": "ocid1.compartment.oc1..aaaaaaaafumsqmpg74h244arldrn72gasogwmp64snq2f5zn46swyjqdntda",
                "defined_tags": {},
                "display_name": "Dupont-service-gateway",
                "freeform_tags": {},
                "id": "ocid1.servicegateway.oc1.iad.aaaaaaaawh6y6a6uih2azgiqxr2wxqzoj536jy7j25cnxnnyne3sr2h7dqtq",
                "route_table_id": "",
                "services": [
                  {
                    "service_id": "ocid1.service.oc1.iad.aaaaaaaam4zfmy2rjue6fmglumm3czgisxzrnvrwqeodtztg7hwa272mlfna",
                    "service_name": "All IAD Services In Oracle Services Network"
                  }
                ],
                "state": "AVAILABLE",
                "time_created": "2020-09-01 20:40:37.596 +0000 UTC",
                "vcn_id": "ocid1.vcn.oc1.iad.amaaaaaalbfmicqajlv72uibfddf5nu25ratm7xdqhqmpu2irtu7d6qcfala"
              }
            ],
            "state": null,
            "vcn_id": "ocid1.vcn.oc1.iad.amaaaaaalbfmicqajlv72uibfddf5nu25ratm7xdqhqmpu2irtu7d6qcfala"
          }
        }
      ]
    },
    {
      "module": "module.network-dns-vms",
      "mode": "data",
      "type": "oci_core_service_gateways",
      "name": "wls_vcn_service_gateway",
      "each": "list",
      "provider": "provider.oci",
      "instances": []
    },
    {
      "module": "module.network-dns-vms",
      "mode": "data",
      "type": "oci_core_services",
      "name": "tf_services",
      "provider": "provider.oci",
      "instances": [
        {
          "schema_version": 0,
          "attributes": {
            "filter": [
              {
                "name": "cidr_block",
                "regex": true,
                "values": [
                  "all-.*-services-in-oracle-services-network"
                ]
              }
            ],
            "id": "2020-09-02 12:38:43.8475282 +0000 UTC",
            "services": [
              {
                "cidr_block": "all-iad-services-in-oracle-services-network",
                "description": "All IAD Services In Oracle Services Network",
                "id": "ocid1.service.oc1.iad.aaaaaaaam4zfmy2rjue6fmglumm3czgisxzrnvrwqeodtztg7hwa272mlfna",
                "name": "All IAD Services In Oracle Services Network"
              }
            ]
          }
        }
      ]
    },
    {
      "module": "module.network-vcn-config",
      "mode": "data",
      "type": "oci_core_services",
      "name": "tf_services",
      "provider": "provider.oci",
      "instances": [
        {
          "schema_version": 0,
          "attributes": {
            "filter": [
              {
                "name": "cidr_block",
                "regex": true,
                "values": [
                  "all-.*-services-in-oracle-services-network"
                ]
              }
            ],
            "id": "2020-09-02 12:38:43.878532 +0000 UTC",
            "services": [
              {
                "cidr_block": "all-iad-services-in-oracle-services-network",
                "description": "All IAD Services In Oracle Services Network",
                "id": "ocid1.service.oc1.iad.aaaaaaaam4zfmy2rjue6fmglumm3czgisxzrnvrwqeodtztg7hwa272mlfna",
                "name": "All IAD Services In Oracle Services Network"
              }
            ]
          }
        }
      ]
    },
    {
      "mode": "data",
      "type": "oci_core_subnet",
      "name": "bastion_subnet",
      "each": "list",
      "provider": "provider.oci",
      "instances": []
    },
    {
      "module": "module.lb",
      "mode": "data",
      "type": "oci_core_subnet",
      "name": "lb_subnet",
      "each": "list",
      "provider": "provider.oci",
      "instances": []
    },
    {
      "mode": "data",
      "type": "oci_core_subnet",
      "name": "lb_subnet_1_id",
      "each": "list",
      "provider": "provider.oci",
      "instances": []
    },
    {
      "mode": "data",
      "type": "oci_core_subnet",
      "name": "lb_subnet_2_id",
      "each": "list",
      "provider": "provider.oci",
      "instances": []
    },
    {
      "module": "module.network-dns-vms",
      "mode": "data",
      "type": "oci_core_subnet",
      "name": "ocidb_subnet",
      "each": "list",
      "provider": "provider.oci",
      "instances": []
    },
    {
      "module": "module.compute",
      "mode": "data",
      "type": "oci_core_subnet",
      "name": "wls_subnet",
      "each": "list",
      "provider": "provider.oci",
      "instances": []
    },
    {
      "mode": "data",
      "type": "oci_core_subnet",
      "name": "wls_subnet",
      "each": "list",
      "provider": "provider.oci",
      "instances": []
    },
    {
      "module": "module.network-dns-vms",
      "mode": "data",
      "type": "oci_core_vcns",
      "name": "ocidb_vcn",
      "each": "list",
      "provider": "provider.oci",
      "instances": []
    },
    {
      "module": "module.network-vcn-config",
      "mode": "data",
      "type": "oci_core_vcns",
      "name": "tf_vcns",
      "provider": "provider.oci",
      "instances": [
        {
          "schema_version": 0,
          "attributes": {
            "compartment_id": "ocid1.compartment.oc1..aaaaaaaafumsqmpg74h244arldrn72gasogwmp64snq2f5zn46swyjqdntda",
            "display_name": null,
            "filter": [
              {
                "name": "id",
                "regex": false,
                "values": [
                  "ocid1.vcn.oc1.iad.amaaaaaalbfmicqajlv72uibfddf5nu25ratm7xdqhqmpu2irtu7d6qcfala"
                ]
              }
            ],
            "id": "2020-09-02 12:38:44.1835264 +0000 UTC",
            "state": null,
            "virtual_networks": [
              {
                "cidr_block": "10.0.0.0/16",
                "compartment_id": "ocid1.compartment.oc1..aaaaaaaafumsqmpg74h244arldrn72gasogwmp64snq2f5zn46swyjqdntda",
                "default_dhcp_options_id": "ocid1.dhcpoptions.oc1.iad.aaaaaaaadtz3vq6h7llymquuo55kxl7i3yvkwmk7ve6znjjs44qxiyzsfw4q",
                "default_route_table_id": "ocid1.routetable.oc1.iad.aaaaaaaa7pmmvnv2wmp6q3xfj2dbioufsyx23yalh7j2p47573rieddqpu5q",
                "default_security_list_id": "ocid1.securitylist.oc1.iad.aaaaaaaazyi2etjovdwdzro6kezgw2d7llbesol4jj7mcmzhyqc77ycjgxhq",
                "defined_tags": {},
                "display_name": "Dupont-Dupont",
                "dns_label": "dupontvcn",
                "freeform_tags": {},
                "id": "ocid1.vcn.oc1.iad.amaaaaaalbfmicqajlv72uibfddf5nu25ratm7xdqhqmpu2irtu7d6qcfala",
                "ipv6cidr_block": "",
                "ipv6public_cidr_block": "",
                "is_ipv6enabled": false,
                "state": "AVAILABLE",
                "time_created": "2020-09-01 20:40:34.74 +0000 UTC",
                "vcn_domain_name": "dupontvcn.oraclevcn.com"
              }
            ]
          }
        }
      ]
    },
    {
      "module": "module.network-lb-subnet-1",
      "mode": "data",
      "type": "oci_core_vcns",
      "name": "wls_vcn",
      "provider": "provider.oci",
      "instances": [
        {
          "schema_version": 0,
          "attributes": {
            "compartment_id": "ocid1.compartment.oc1..aaaaaaaafumsqmpg74h244arldrn72gasogwmp64snq2f5zn46swyjqdntda",
            "display_name": null,
            "filter": [
              {
                "name": "id",
                "regex": false,
                "values": [
                  "ocid1.vcn.oc1.iad.amaaaaaalbfmicqajlv72uibfddf5nu25ratm7xdqhqmpu2irtu7d6qcfala"
                ]
              }
            ],
            "id": "2020-09-02 12:38:44.410524 +0000 UTC",
            "state": null,
            "virtual_networks": [
              {
                "cidr_block": "10.0.0.0/16",
                "compartment_id": "ocid1.compartment.oc1..aaaaaaaafumsqmpg74h244arldrn72gasogwmp64snq2f5zn46swyjqdntda",
                "default_dhcp_options_id": "ocid1.dhcpoptions.oc1.iad.aaaaaaaadtz3vq6h7llymquuo55kxl7i3yvkwmk7ve6znjjs44qxiyzsfw4q",
                "default_route_table_id": "ocid1.routetable.oc1.iad.aaaaaaaa7pmmvnv2wmp6q3xfj2dbioufsyx23yalh7j2p47573rieddqpu5q",
                "default_security_list_id": "ocid1.securitylist.oc1.iad.aaaaaaaazyi2etjovdwdzro6kezgw2d7llbesol4jj7mcmzhyqc77ycjgxhq",
                "defined_tags": {},
                "display_name": "Dupont-Dupont",
                "dns_label": "dupontvcn",
                "freeform_tags": {},
                "id": "ocid1.vcn.oc1.iad.amaaaaaalbfmicqajlv72uibfddf5nu25ratm7xdqhqmpu2irtu7d6qcfala",
                "ipv6cidr_block": "",
                "ipv6public_cidr_block": "",
                "is_ipv6enabled": false,
                "state": "AVAILABLE",
                "time_created": "2020-09-01 20:40:34.74 +0000 UTC",
                "vcn_domain_name": "dupontvcn.oraclevcn.com"
              }
            ]
          }
        }
      ]
    },
    {
      "module": "module.network-dns-vms",
      "mode": "data",
      "type": "oci_core_vcns",
      "name": "wls_vcn",
      "each": "list",
      "provider": "provider.oci",
      "instances": []
    },
    {
      "module": "module.network-wls-private-subnet",
      "mode": "data",
      "type": "oci_core_vcns",
      "name": "wls_vcn",
      "provider": "provider.oci",
      "instances": [
        {
          "schema_version": 0,
          "attributes": {
            "compartment_id": "ocid1.compartment.oc1..aaaaaaaafumsqmpg74h244arldrn72gasogwmp64snq2f5zn46swyjqdntda",
            "display_name": null,
            "filter": [
              {
                "name": "id",
                "regex": false,
                "values": [
                  "ocid1.vcn.oc1.iad.amaaaaaalbfmicqajlv72uibfddf5nu25ratm7xdqhqmpu2irtu7d6qcfala"
                ]
              }
            ],
            "id": "2020-09-02 12:38:44.1995399 +0000 UTC",
            "state": null,
            "virtual_networks": [
              {
                "cidr_block": "10.0.0.0/16",
                "compartment_id": "ocid1.compartment.oc1..aaaaaaaafumsqmpg74h244arldrn72gasogwmp64snq2f5zn46swyjqdntda",
                "default_dhcp_options_id": "ocid1.dhcpoptions.oc1.iad.aaaaaaaadtz3vq6h7llymquuo55kxl7i3yvkwmk7ve6znjjs44qxiyzsfw4q",
                "default_route_table_id": "ocid1.routetable.oc1.iad.aaaaaaaa7pmmvnv2wmp6q3xfj2dbioufsyx23yalh7j2p47573rieddqpu5q",
                "default_security_list_id": "ocid1.securitylist.oc1.iad.aaaaaaaazyi2etjovdwdzro6kezgw2d7llbesol4jj7mcmzhyqc77ycjgxhq",
                "defined_tags": {},
                "display_name": "Dupont-Dupont",
                "dns_label": "dupontvcn",
                "freeform_tags": {},
                "id": "ocid1.vcn.oc1.iad.amaaaaaalbfmicqajlv72uibfddf5nu25ratm7xdqhqmpu2irtu7d6qcfala",
                "ipv6cidr_block": "",
                "ipv6public_cidr_block": "",
                "is_ipv6enabled": false,
                "state": "AVAILABLE",
                "time_created": "2020-09-01 20:40:34.74 +0000 UTC",
                "vcn_domain_name": "dupontvcn.oraclevcn.com"
              }
            ]
          }
        }
      ]
    },
    {
      "module": "module.network-bastion-subnet",
      "mode": "data",
      "type": "oci_core_vcns",
      "name": "wls_vcn",
      "provider": "provider.oci",
      "instances": [
        {
          "schema_version": 0,
          "attributes": {
            "compartment_id": "ocid1.compartment.oc1..aaaaaaaafumsqmpg74h244arldrn72gasogwmp64snq2f5zn46swyjqdntda",
            "display_name": null,
            "filter": [
              {
                "name": "id",
                "regex": false,
                "values": [
                  "ocid1.vcn.oc1.iad.amaaaaaalbfmicqajlv72uibfddf5nu25ratm7xdqhqmpu2irtu7d6qcfala"
                ]
              }
            ],
            "id": "2020-09-02 12:38:44.1825327 +0000 UTC",
            "state": null,
            "virtual_networks": [
              {
                "cidr_block": "10.0.0.0/16",
                "compartment_id": "ocid1.compartment.oc1..aaaaaaaafumsqmpg74h244arldrn72gasogwmp64snq2f5zn46swyjqdntda",
                "default_dhcp_options_id": "ocid1.dhcpoptions.oc1.iad.aaaaaaaadtz3vq6h7llymquuo55kxl7i3yvkwmk7ve6znjjs44qxiyzsfw4q",
                "default_route_table_id": "ocid1.routetable.oc1.iad.aaaaaaaa7pmmvnv2wmp6q3xfj2dbioufsyx23yalh7j2p47573rieddqpu5q",
                "default_security_list_id": "ocid1.securitylist.oc1.iad.aaaaaaaazyi2etjovdwdzro6kezgw2d7llbesol4jj7mcmzhyqc77ycjgxhq",
                "defined_tags": {},
                "display_name": "Dupont-Dupont",
                "dns_label": "dupontvcn",
                "freeform_tags": {},
                "id": "ocid1.vcn.oc1.iad.amaaaaaalbfmicqajlv72uibfddf5nu25ratm7xdqhqmpu2irtu7d6qcfala",
                "ipv6cidr_block": "",
                "ipv6public_cidr_block": "",
                "is_ipv6enabled": false,
                "state": "AVAILABLE",
                "time_created": "2020-09-01 20:40:34.74 +0000 UTC",
                "vcn_domain_name": "dupontvcn.oraclevcn.com"
              }
            ]
          }
        }
      ]
    },
    {
      "module": "module.network-wls-public-subnet",
      "mode": "data",
      "type": "oci_core_vcns",
      "name": "wls_vcn",
      "provider": "provider.oci",
      "instances": [
        {
          "schema_version": 0,
          "attributes": {
            "compartment_id": "ocid1.compartment.oc1..aaaaaaaafumsqmpg74h244arldrn72gasogwmp64snq2f5zn46swyjqdntda",
            "display_name": null,
            "filter": [
              {
                "name": "id",
                "regex": false,
                "values": [
                  "ocid1.vcn.oc1.iad.amaaaaaalbfmicqajlv72uibfddf5nu25ratm7xdqhqmpu2irtu7d6qcfala"
                ]
              }
            ],
            "id": "2020-09-02 12:38:44.4455265 +0000 UTC",
            "state": null,
            "virtual_networks": [
              {
                "cidr_block": "10.0.0.0/16",
                "compartment_id": "ocid1.compartment.oc1..aaaaaaaafumsqmpg74h244arldrn72gasogwmp64snq2f5zn46swyjqdntda",
                "default_dhcp_options_id": "ocid1.dhcpoptions.oc1.iad.aaaaaaaadtz3vq6h7llymquuo55kxl7i3yvkwmk7ve6znjjs44qxiyzsfw4q",
                "default_route_table_id": "ocid1.routetable.oc1.iad.aaaaaaaa7pmmvnv2wmp6q3xfj2dbioufsyx23yalh7j2p47573rieddqpu5q",
                "default_security_list_id": "ocid1.securitylist.oc1.iad.aaaaaaaazyi2etjovdwdzro6kezgw2d7llbesol4jj7mcmzhyqc77ycjgxhq",
                "defined_tags": {},
                "display_name": "Dupont-Dupont",
                "dns_label": "dupontvcn",
                "freeform_tags": {},
                "id": "ocid1.vcn.oc1.iad.amaaaaaalbfmicqajlv72uibfddf5nu25ratm7xdqhqmpu2irtu7d6qcfala",
                "ipv6cidr_block": "",
                "ipv6public_cidr_block": "",
                "is_ipv6enabled": false,
                "state": "AVAILABLE",
                "time_created": "2020-09-01 20:40:34.74 +0000 UTC",
                "vcn_domain_name": "dupontvcn.oraclevcn.com"
              }
            ]
          }
        }
      ]
    },
    {
      "module": "module.network-lb-subnet-2",
      "mode": "data",
      "type": "oci_core_vcns",
      "name": "wls_vcn",
      "provider": "provider.oci",
      "instances": [
        {
          "schema_version": 0,
          "attributes": {
            "compartment_id": "ocid1.compartment.oc1..aaaaaaaafumsqmpg74h244arldrn72gasogwmp64snq2f5zn46swyjqdntda",
            "display_name": null,
            "filter": [
              {
                "name": "id",
                "regex": false,
                "values": [
                  "ocid1.vcn.oc1.iad.amaaaaaalbfmicqajlv72uibfddf5nu25ratm7xdqhqmpu2irtu7d6qcfala"
                ]
              }
            ],
            "id": "2020-09-02 12:38:44.7275237 +0000 UTC",
            "state": null,
            "virtual_networks": [
              {
                "cidr_block": "10.0.0.0/16",
                "compartment_id": "ocid1.compartment.oc1..aaaaaaaafumsqmpg74h244arldrn72gasogwmp64snq2f5zn46swyjqdntda",
                "default_dhcp_options_id": "ocid1.dhcpoptions.oc1.iad.aaaaaaaadtz3vq6h7llymquuo55kxl7i3yvkwmk7ve6znjjs44qxiyzsfw4q",
                "default_route_table_id": "ocid1.routetable.oc1.iad.aaaaaaaa7pmmvnv2wmp6q3xfj2dbioufsyx23yalh7j2p47573rieddqpu5q",
                "default_security_list_id": "ocid1.securitylist.oc1.iad.aaaaaaaazyi2etjovdwdzro6kezgw2d7llbesol4jj7mcmzhyqc77ycjgxhq",
                "defined_tags": {},
                "display_name": "Dupont-Dupont",
                "dns_label": "dupontvcn",
                "freeform_tags": {},
                "id": "ocid1.vcn.oc1.iad.amaaaaaalbfmicqajlv72uibfddf5nu25ratm7xdqhqmpu2irtu7d6qcfala",
                "ipv6cidr_block": "",
                "ipv6public_cidr_block": "",
                "is_ipv6enabled": false,
                "state": "AVAILABLE",
                "time_created": "2020-09-01 20:40:34.74 +0000 UTC",
                "vcn_domain_name": "dupontvcn.oraclevcn.com"
              }
            ]
          }
        }
      ]
    },
    {
      "module": "module.network-dns-vms",
      "mode": "data",
      "type": "oci_core_vnic",
      "name": "ocidb_vnic",
      "each": "list",
      "provider": "provider.oci",
      "instances": []
    },
    {
      "module": "module.network-dns-vms",
      "mode": "data",
      "type": "oci_core_vnic",
      "name": "wls_vnic-existingvcn",
      "each": "list",
      "provider": "provider.oci",
      "instances": []
    },
    {
      "module": "module.network-dns-vms",
      "mode": "data",
      "type": "oci_core_vnic",
      "name": "wls_vnic-newvcn",
      "each": "list",
      "provider": "provider.oci",
      "instances": []
    },
    {
      "module": "module.network-dns-vms",
      "mode": "data",
      "type": "oci_core_vnic_attachments",
      "name": "ocidb_vmnics",
      "each": "list",
      "provider": "provider.oci",
      "instances": []
    },
    {
      "module": "module.network-dns-vms",
      "mode": "data",
      "type": "oci_core_vnic_attachments",
      "name": "wls_vmnics-existingvcn",
      "each": "list",
      "provider": "provider.oci",
      "instances": []
    },
    {
      "module": "module.network-dns-vms",
      "mode": "data",
      "type": "oci_core_vnic_attachments",
      "name": "wls_vmnics-newvcn",
      "each": "list",
      "provider": "provider.oci",
      "instances": []
    },
    {
      "module": "module.compute",
      "mode": "data",
      "type": "oci_database_autonomous_database",
      "name": "atp_db",
      "each": "list",
      "provider": "provider.oci",
      "instances": [
        {
          "index_key": 0,
          "schema_version": 0,
          "attributes": {
            "admin_password": null,
            "autonomous_container_database_id": null,
            "autonomous_database_backup_id": null,
            "autonomous_database_id": "ocid1.autonomousdatabase.oc1.iad.abuwcljtvqyz7ewufcxkpcu2wqvke2omv4quglzcd7prjm63woeu5lq4wldq",
            "clone_type": null,
            "compartment_id": "ocid1.compartment.oc1..aaaaaaaafumsqmpg74h244arldrn72gasogwmp64snq2f5zn46swyjqdntda",
            "connection_strings": [
              {
                "all_connection_strings": {
                  "HIGH": "adb.us-ashburn-1.oraclecloud.com:1522/aeiphraublndhgg_dupontdb_high.atp.oraclecloud.com",
                  "LOW": "adb.us-ashburn-1.oraclecloud.com:1522/aeiphraublndhgg_dupontdb_low.atp.oraclecloud.com",
                  "MEDIUM": "adb.us-ashburn-1.oraclecloud.com:1522/aeiphraublndhgg_dupontdb_medium.atp.oraclecloud.com",
                  "TP": "adb.us-ashburn-1.oraclecloud.com:1522/aeiphraublndhgg_dupontdb_tp.atp.oraclecloud.com",
                  "TPURGENT": "adb.us-ashburn-1.oraclecloud.com:1522/aeiphraublndhgg_dupontdb_tpurgent.atp.oraclecloud.com"
                },
                "dedicated": "",
                "high": "adb.us-ashburn-1.oraclecloud.com:1522/aeiphraublndhgg_dupontdb_high.atp.oraclecloud.com",
                "low": "adb.us-ashburn-1.oraclecloud.com:1522/aeiphraublndhgg_dupontdb_low.atp.oraclecloud.com",
                "medium": "adb.us-ashburn-1.oraclecloud.com:1522/aeiphraublndhgg_dupontdb_medium.atp.oraclecloud.com"
              }
            ],
            "connection_urls": [
              {
                "apex_url": "https://AEIPHRAUBLNDHGG-DUPONTDB.adb.us-ashburn-1.oraclecloudapps.com/ords/apex",
                "machine_learning_user_management_url": "https://adb.us-ashburn-1.oraclecloud.com/omlusers/tenants/OCID1.TENANCY.OC1..AAAAAAAAMPAJWJPTKTTMI3CV6XT5EIWKQBKIQXUWB7KOM4LOMSBJFPVJUTEQ/databases/DUPONTDB/index.html",
                "sql_dev_web_url": "https://AEIPHRAUBLNDHGG-DUPONTDB.adb.us-ashburn-1.oraclecloudapps.com/ords/admin/_sdw/?nav=worksheet"
              }
            ],
            "cpu_core_count": 1,
            "data_safe_status": "NOT_REGISTERED",
            "data_storage_size_in_tbs": 1,
            "db_name": "DupontDB",
            "db_version": "19c",
            "db_workload": "OLTP",
            "defined_tags": {},
            "display_name": "DupontDB",
            "freeform_tags": {},
            "id": "ocid1.autonomousdatabase.oc1.iad.abuwcljtvqyz7ewufcxkpcu2wqvke2omv4quglzcd7prjm63woeu5lq4wldq",
            "is_auto_scaling_enabled": true,
            "is_dedicated": false,
            "is_free_tier": false,
            "is_preview": false,
            "is_preview_version_with_service_terms_accepted": null,
            "license_model": "BRING_YOUR_OWN_LICENSE",
            "lifecycle_details": null,
            "service_console_url": "https://adb.us-ashburn-1.oraclecloud.com/console/index.html?tenant_name=OCID1.TENANCY.OC1..AAAAAAAAMPAJWJPTKTTMI3CV6XT5EIWKQBKIQXUWB7KOM4LOMSBJFPVJUTEQ\u0026database_name=DUPONTDB\u0026service_type=ATP",
            "source": null,
            "source_id": null,
            "state": "AVAILABLE",
            "system_tags": {},
            "time_created": "2020-08-21 08:46:25.949 +0000 UTC",
            "time_deletion_of_free_autonomous_database": null,
            "time_maintenance_begin": "2020-09-05 07:00:00 +0000 UTC",
            "time_maintenance_end": "2020-09-05 11:00:00 +0000 UTC",
            "time_reclamation_of_free_autonomous_database": null,
            "timestamp": null,
            "used_data_storage_size_in_tbs": 1,
            "whitelisted_ips": []
          }
        }
      ]
    },
    {
      "module": "module.network-dns-vms",
      "mode": "data",
      "type": "oci_database_database",
      "name": "ocidb_database",
      "each": "list",
      "provider": "provider.oci",
      "instances": []
    },
    {
      "module": "module.compute",
      "mode": "data",
      "type": "oci_database_database",
      "name": "ocidb_database",
      "each": "list",
      "provider": "provider.oci",
      "instances": []
    },
    {
      "module": "module.compute",
      "mode": "data",
      "type": "oci_database_db_home",
      "name": "ocidb_db_home",
      "each": "list",
      "provider": "provider.oci",
      "instances": []
    },
    {
      "module": "module.network-dns-vms",
      "mode": "data",
      "type": "oci_database_db_systems",
      "name": "ocidb_db_systems",
      "each": "list",
      "provider": "provider.oci",
      "instances": []
    },
    {
      "module": "module.compute",
      "mode": "data",
      "type": "oci_database_db_systems",
      "name": "ocidb_db_systems",
      "each": "list",
      "provider": "provider.oci",
      "instances": []
    },
    {
      "module": "module.network-dns-vms",
      "mode": "data",
      "type": "oci_identity_availability_domains",
      "name": "ADs",
      "each": "list",
      "provider": "provider.oci",
      "instances": []
    },
    {
      "module": "module.compute",
      "mode": "data",
      "type": "oci_identity_availability_domains",
      "name": "ADs",
      "provider": "provider.oci",
      "instances": [
        {
          "schema_version": 0,
          "attributes": {
            "availability_domains": [
              {
                "compartment_id": "ocid1.tenancy.oc1..aaaaaaaampajwjptkttmi3cv6xt5eiwkqbkiqxuwb7kom4lomsbjfpvjuteq",
                "id": "ocid1.availabilitydomain.oc1..aaaaaaaauvt2n7pijol7uqgdnnsoojcukrijtmcltvfwxazmitk235wyohta",
                "name": "Zwzz:US-ASHBURN-AD-1"
              },
              {
                "compartment_id": "ocid1.tenancy.oc1..aaaaaaaampajwjptkttmi3cv6xt5eiwkqbkiqxuwb7kom4lomsbjfpvjuteq",
                "id": "ocid1.availabilitydomain.oc1..aaaaaaaaztunlny6ae4yw2vghp5go2zceaonwp6wiioe3tnh2vlaxjjl2n3a",
                "name": "Zwzz:US-ASHBURN-AD-2"
              },
              {
                "compartment_id": "ocid1.tenancy.oc1..aaaaaaaampajwjptkttmi3cv6xt5eiwkqbkiqxuwb7kom4lomsbjfpvjuteq",
                "id": "ocid1.availabilitydomain.oc1..aaaaaaaatrwxaogr7dl4yschqtrmqrdv6uzis3mgbnomiagqrfhcb7mxsfdq",
                "name": "Zwzz:US-ASHBURN-AD-3"
              }
            ],
            "compartment_id": "ocid1.tenancy.oc1..aaaaaaaampajwjptkttmi3cv6xt5eiwkqbkiqxuwb7kom4lomsbjfpvjuteq",
            "filter": null,
            "id": "2020-09-02 12:38:44.1315307 +0000 UTC"
          }
        }
      ]
    },
    {
      "mode": "data",
      "type": "oci_identity_availability_domains",
      "name": "ADs",
      "provider": "provider.oci",
      "instances": [
        {
          "schema_version": 0,
          "attributes": {
            "availability_domains": [
              {
                "compartment_id": "ocid1.tenancy.oc1..aaaaaaaampajwjptkttmi3cv6xt5eiwkqbkiqxuwb7kom4lomsbjfpvjuteq",
                "id": "ocid1.availabilitydomain.oc1..aaaaaaaauvt2n7pijol7uqgdnnsoojcukrijtmcltvfwxazmitk235wyohta",
                "name": "Zwzz:US-ASHBURN-AD-1"
              },
              {
                "compartment_id": "ocid1.tenancy.oc1..aaaaaaaampajwjptkttmi3cv6xt5eiwkqbkiqxuwb7kom4lomsbjfpvjuteq",
                "id": "ocid1.availabilitydomain.oc1..aaaaaaaaztunlny6ae4yw2vghp5go2zceaonwp6wiioe3tnh2vlaxjjl2n3a",
                "name": "Zwzz:US-ASHBURN-AD-2"
              },
              {
                "compartment_id": "ocid1.tenancy.oc1..aaaaaaaampajwjptkttmi3cv6xt5eiwkqbkiqxuwb7kom4lomsbjfpvjuteq",
                "id": "ocid1.availabilitydomain.oc1..aaaaaaaatrwxaogr7dl4yschqtrmqrdv6uzis3mgbnomiagqrfhcb7mxsfdq",
                "name": "Zwzz:US-ASHBURN-AD-3"
              }
            ],
            "compartment_id": "ocid1.tenancy.oc1..aaaaaaaampajwjptkttmi3cv6xt5eiwkqbkiqxuwb7kom4lomsbjfpvjuteq",
            "filter": null,
            "id": "2020-09-02 12:38:44.0205281 +0000 UTC"
          }
        }
      ]
    },
    {
      "module": "module.bastion-compute",
      "mode": "data",
      "type": "oci_identity_availability_domains",
      "name": "ADs",
      "provider": "provider.oci",
      "instances": [
        {
          "schema_version": 0,
          "attributes": {
            "availability_domains": [
              {
                "compartment_id": "ocid1.tenancy.oc1..aaaaaaaampajwjptkttmi3cv6xt5eiwkqbkiqxuwb7kom4lomsbjfpvjuteq",
                "id": "ocid1.availabilitydomain.oc1..aaaaaaaauvt2n7pijol7uqgdnnsoojcukrijtmcltvfwxazmitk235wyohta",
                "name": "Zwzz:US-ASHBURN-AD-1"
              },
              {
                "compartment_id": "ocid1.tenancy.oc1..aaaaaaaampajwjptkttmi3cv6xt5eiwkqbkiqxuwb7kom4lomsbjfpvjuteq",
                "id": "ocid1.availabilitydomain.oc1..aaaaaaaaztunlny6ae4yw2vghp5go2zceaonwp6wiioe3tnh2vlaxjjl2n3a",
                "name": "Zwzz:US-ASHBURN-AD-2"
              },
              {
                "compartment_id": "ocid1.tenancy.oc1..aaaaaaaampajwjptkttmi3cv6xt5eiwkqbkiqxuwb7kom4lomsbjfpvjuteq",
                "id": "ocid1.availabilitydomain.oc1..aaaaaaaatrwxaogr7dl4yschqtrmqrdv6uzis3mgbnomiagqrfhcb7mxsfdq",
                "name": "Zwzz:US-ASHBURN-AD-3"
              }
            ],
            "compartment_id": "ocid1.tenancy.oc1..aaaaaaaampajwjptkttmi3cv6xt5eiwkqbkiqxuwb7kom4lomsbjfpvjuteq",
            "filter": null,
            "id": "2020-09-02 12:38:43.8885272 +0000 UTC"
          }
        }
      ]
    },
    {
      "module": "module.policies",
      "mode": "data",
      "type": "oci_identity_compartment",
      "name": "atp_db",
      "each": "list",
      "provider": "provider.oci.home",
      "instances": [
        {
          "index_key": 0,
          "schema_version": 0,
          "attributes": {
            "compartment_id": "ocid1.tenancy.oc1..aaaaaaaampajwjptkttmi3cv6xt5eiwkqbkiqxuwb7kom4lomsbjfpvjuteq",
            "defined_tags": {},
            "description": "SalesPlayWorkshop",
            "freeform_tags": {},
            "id": "ocid1.compartment.oc1..aaaaaaaafumsqmpg74h244arldrn72gasogwmp64snq2f5zn46swyjqdntda",
            "inactive_state": null,
            "is_accessible": true,
            "name": "SalesPlayWorkshop",
            "state": "ACTIVE",
            "time_created": "2020-06-29 12:11:14.241 +0000 UTC"
          }
        }
      ]
    },
    {
      "module": "module.compute",
      "mode": "data",
      "type": "oci_identity_fault_domains",
      "name": "wls_fault_domains",
      "provider": "provider.oci",
      "instances": [
        {
          "schema_version": 0,
          "attributes": {
            "availability_domain": "Zwzz:US-ASHBURN-AD-1",
            "compartment_id": "ocid1.compartment.oc1..aaaaaaaafumsqmpg74h244arldrn72gasogwmp64snq2f5zn46swyjqdntda",
            "fault_domains": [
              {
                "availability_domain": "Zwzz:US-ASHBURN-AD-1",
                "compartment_id": "ocid1.compartment.oc1..aaaaaaaafumsqmpg74h244arldrn72gasogwmp64snq2f5zn46swyjqdntda",
                "id": "ocid1.faultdomain.oc1..aaaaaaaa25ht33jyysn6g4kjdgfauv2egsok3hhtt5yzlnip5mlbgefnju3a",
                "name": "FAULT-DOMAIN-1"
              },
              {
                "availability_domain": "Zwzz:US-ASHBURN-AD-1",
                "compartment_id": "ocid1.compartment.oc1..aaaaaaaafumsqmpg74h244arldrn72gasogwmp64snq2f5zn46swyjqdntda",
                "id": "ocid1.faultdomain.oc1..aaaaaaaaofc6s3wj3whd2bnmflpurvrrpgmzcymggukzbdyj2bcfx3vhtwqa",
                "name": "FAULT-DOMAIN-2"
              },
              {
                "availability_domain": "Zwzz:US-ASHBURN-AD-1",
                "compartment_id": "ocid1.compartment.oc1..aaaaaaaafumsqmpg74h244arldrn72gasogwmp64snq2f5zn46swyjqdntda",
                "id": "ocid1.faultdomain.oc1..aaaaaaaairynqhcc2nzv5epqcyjapei2thifdt6omiqnvnlgm2i5np3v43fq",
                "name": "FAULT-DOMAIN-3"
              }
            ],
            "filter": null,
            "id": "2020-09-02 12:38:45.1565267 +0000 UTC"
          }
        }
      ]
    },
    {
      "mode": "data",
      "type": "oci_identity_regions",
      "name": "home-region",
      "provider": "provider.oci",
      "instances": [
        {
          "schema_version": 0,
          "attributes": {
            "filter": [
              {
                "name": "key",
                "regex": false,
                "values": [
                  "IAD"
                ]
              }
            ],
            "id": "2020-09-02 12:38:44.9495265 +0000 UTC",
            "regions": [
              {
                "key": "IAD",
                "name": "us-ashburn-1"
              }
            ]
          }
        }
      ]
    },
    {
      "mode": "data",
      "type": "oci_identity_tenancy",
      "name": "tenancy",
      "provider": "provider.oci",
      "instances": [
        {
          "schema_version": 0,
          "attributes": {
            "defined_tags": {},
            "description": "orasenatdecanational01",
            "freeform_tags": {},
            "home_region_key": "IAD",
            "id": "ocid1.tenancy.oc1..aaaaaaaampajwjptkttmi3cv6xt5eiwkqbkiqxuwb7kom4lomsbjfpvjuteq",
            "name": "orasenatdecanational01",
            "tenancy_id": "ocid1.tenancy.oc1..aaaaaaaampajwjptkttmi3cv6xt5eiwkqbkiqxuwb7kom4lomsbjfpvjuteq"
          }
        }
      ]
    },
    {
      "module": "module.bastion-compute",
      "mode": "data",
      "type": "template_cloudinit_config",
      "name": "bastion-config",
      "provider": "provider.template",
      "instances": [
        {
          "schema_version": 0,
          "attributes": {
            "base64_encode": true,
            "gzip": true,
            "id": "2246008437",
            "part": [
              {
                "content": "#!/bin/bash\n\necho \"Adding keys\" \u003e\u003e /tmp/init.log\n\ncp /home/opc/.ssh/authorized_keys /home/opc/.ssh/authorized_keys.bak\necho \"ssh-rsa AAAAB3NzaC1yc2EAAAADAQABAAACAQDRF3UWIqKtfGRr0ZSzrVaBK6yJKGPicavso7uiqebeZP2fKfKARD5P0rlyildBu9dMScK+/oJNd5TzTNetPVptuSKlh7Gt/6QrJWqioKBAtgvHo8tapfj+E8NNfriKD/bsdgAs7Z43KjLdQ+pLX8YfpQ4Y9tZdcL5uVsAGfmJhrqzv04LKwryDYGS/iRFl67BJhJlkXPMmQpq5wvcK4lULL0NRxbDBL9NtonSnIBGSHRlss6IDNwKTZttA4y5QKcvLtL/J0YS1X7s+uNXi8eH7xPnZC5QD5v5x3ODM9HELTgHtEsOG5aAQsiduhtk6bv/kWRKREtJLFkzgE73H3o/v5MY2SlJMjsO4NKLxxMV0qYECKwc4my0yT5tjKFTRU5QKk0q+ZU1rw4i4UTY1SrUWRuUnO4MYA7LR2v2X5gwSWIz/DPQHcISInApGY7qsn9gV7/nXl5jeHMfbYXb2EZB98g2RmgDW8+8TmayZrS6lksdp1Keo0De6a05aknDQcGAT70DlLBhrt2a+ScjcO3pvjHoKCn9EcgEfHXUL70tJfygMJZ6aKWJAG9JdelugKKYdlOP1mWX7gJVjm1TJMAMykUtatKEvXFKMA5HGrvIZXBVMG9yLESc3dSSERneaSUPrWby0mNeaXZlzqmWz/3nR9jHOKl0HES28x5auvXYqYQ==\n\" \u003e\u003e /home/opc/.ssh/authorized_keys\nchown -R opc /home/opc/.ssh/authorized_keys\n\necho \"Added keys to auth keys\" \u003e\u003e /tmp/init.log",
                "content_type": "text/x-shellscript",
                "filename": "ainit.sh",
                "merge_type": ""
              },
              {
                "content": "#cloud-config\n\nwrite_files:\n  # Create file to be used when enabling ip forwarding\n  - path: /etc/sysctl.d/98-ip-forward.conf\n    content: |\n      net.ipv4.ip_forward = 1\n\nruncmd:\n  # Run firewall commands to enable masquerading and port forwarding\n  # Enable ip forwarding by setting sysctl kernel parameter\n  - firewall-offline-cmd --direct --add-rule ipv4 nat POSTROUTING 0 -o ens3 -j MASQUERADE\n  - firewall-offline-cmd --direct --add-rule ipv4 filter FORWARD 0 -i ens3 -j ACCEPT\n  - /bin/systemctl restart firewalld\n  - sysctl -p /etc/sysctl.d/98-ip-forward.conf",
                "content_type": "text/cloud-config",
                "filename": "init.sh",
                "merge_type": ""
              }
            ],
            "rendered": "H4sIAAAAAAAA/6SVWY+jPhbF35HqO3iqH0sEspCl/qq/RAKVBcgC2V9axhhwAobYhoRoPvyIVPV094x6Wpp+y1WOz/1dzD2MMiowFfK6yvErSItEkBwyoaTkhoO/gJ8VNICsent2po45XGzmhu4enqW6kreYcZLRV9BsqE/SkyTLP4qepG/eBuF5xol4aKEQEMUppuIvEJIEU5jit2dIKBENHj9/P7VmkPIQM9mkKAsIjV5BzyfiB8EDWeCbUG4yj3GScMRILp4kh6T4v+i+/EPxCVV8yGNJwijOwLMe1L7gjCv+DP7+GygizZUHSZJFkoRyoMRZipUsR0qD81iBhYgzRu44+Fof+s3fDR+ePztxHsuMQ6Druj5sz+9w1KxQy6xLQ1/pQ13XR/rKcN/bm930Yolw7DL16N3ZFg6tbjWzxkuCYMmzXkEu2MfHZSu0Qkt3DW2psqQiSTAsBoHjIetFyWbzQFvf13MslttcFJ6VxL2xULorNttdSGYNdRGVk6wvYB6eXsz+fB4yYhmKz4NI571jp22d7GD1ktv7/iHMV53DQBwDZGvFluvjMJ3F7HIv1Y5tXVllHMaeQtz3pNsbzuJZct4vnXSVX7RriaxOsrFtde7efGNoD+Yiox6dDsfexE04706N+dVaH4XQO5W2slBpC1uZqQevue/xl2K+J3086d2W9DjSVoZWarf2wnAGE9NeRxNh8sVYg/qKk6CIxbnrl8p551quKWb2+/kemb32pJ0ppeYcWl4yc0580Zlb9u3mbNXLwRxZV9RJK7Vaa+Jkva/djbayzurl5bhpsmuHdDbrQ9Njm51bbOii4xz0nu22ytZei67ebnpXjOVqgqbelOr5+NC7cDqItj2F7hPthCdO6B/2fss8Dgf9qOWmkbHrv/TXKayOzOsmZx7kTQtnqoG7UNXgmRorNNbXPdVI7GHMRAu+eOiEFu28PE0ya0QHJorMcLLf2D1VzMIqcmbHLrR2M308mAU4KSLLOgTJYtlMd/teNNue0uZ65uhOdd4IKCyz3L9bjq5NxqycHvfDrTMeVLbpoXbgeaZLMfQ2S7bzKzWdY7g/JvdLursrbeoOTpOFlagT02v1bxosyv3hcli9vUkfO/M/V0BCcXalQHZBlqPfab9vJQ4eSwlEBmrRLzb0jxLnzwIHJVkRyCijIYl+lTc/aiTpyojAX+v+/FUC4AsYMQwFfhDVc/oYFBwH4BpjCjCFflJHE8lBmLErZDWPBIAMcijiV6BggRRecSSSRqAM+jLJ5U9ho+4oAQAA+uB+Bf98lABQLBokLzsNkn/9VIM30JQkVlCUBh9cbkFBSBi+wiQBKEtTSIPHTTygMEghvxSYwUd0QhqAPGPiZ8ovwPzQ/oQP/ApwLET98wMdnDGjOAE5ZDDFArPHhN+ay1kYJoRiGaUBkOWAMIwEkGUYBDIrHu5lB1AowHLhrd3FZj2dj4EK5BqVt4F8Ao7urTamqxvm/+EckkRgBt4X7k53jdqY/NtYH43M5fph+viq8IoLnNYjMcwFrB/IZ6/gIfqcV85/e3P/+VLL8pP0rwAAAP//QY/5PaUHAAA="
          }
        }
      ]
    },
    {
      "module": "module.compute",
      "mode": "data",
      "type": "template_cloudinit_config",
      "name": "config",
      "provider": "provider.template",
      "instances": [
        {
          "schema_version": 0,
          "attributes": {
            "base64_encode": true,
            "gzip": true,
            "id": "3050353648",
            "part": [
              {
                "content": "#!/bin/bash\n\necho \"Creating ssh folder\" \u003e\u003e /tmp/init.log\n\ncp /home/opc/.ssh/authorized_keys /home/opc/.ssh/authorized_keys.bak\necho \"ssh-rsa AAAAB3NzaC1yc2EAAAADAQABAAACAQDTrFpSNj0W//peetvb14sz/kuzx7VTQydbrtMPTO/KwNH5XcQOyI8nGawHreVeIhod9HslnujfTW+QCuot6XEWhviy6pjNmpa60O0orBoy28Lt0YR6CTPZChyWLKfL43/1fKthghL5gPGnyy00Dum3DO8o5ryJwGrSiW0JuUFqJmAsfDG0XJELlULLSfxzdBTX6xe8a8IKKoL/CKNtt5Zt1yW/MyKC8wClbF+3VNAHuJ6a9L69TDWQtjOP+Qo91l0WUgEex0P4QyijzEa/iXHJgLVHa173Pgma6T5Jqr6QitKrk8FpBT3Q+chQ5NPTm6azQUPN7/POKpaJwScVObJIt5Btf3CyOleHz1hVEki77Qubr/2TMkUYndhImAH+JEeyAgo15+yuHtFHauW9VAUzW+jbINvqjPkr5ejAzy55zCXwe/FWDcL/MchZi4xK1rgk63zJMvAjK9msT79TaWIFHl02H4tvbVrMjdLr4hUTJbV1pe6/RMndkVqXn+j9ndU6MSfS6TNMuhbASQ/f87KhcWe4ta8jLUiib3EiJMqkbkX0He1gLYt6gjLxj9Ana4ogPA30sGG0PVD/qumyf/b/ITX2taYtbS5PQeo+ym/ysHCqCeyCjSaVOTS9d08z24sX0UhRDamBNCUzJTQYO7v5qve2kASfZSFSofYYWEbYIw==\n\" \u003e\u003e /home/opc/.ssh/authorized_keys\nchown -R opc /home/opc/.ssh/authorized_keys\n\nsudo su - oracle -c 'mkdir -p /home/oracle/.ssh/'\nsudo su - oracle -c 'chmod 700 /home/oracle/.ssh'\nsudo su - oracle -c 'echo \"-----BEGIN RSA PRIVATE KEY-----\nMIIJJwIBAAKCAgEAtzC6biJCsCFE8bq3jUOv1o+lCx/XdmDX5vroU1lq/SfhZjaM\nBnt4sZVtjLKKKHsjN7TqMRdj48RGdXqkh+Uoqy2p1kPN6zyWqQhaJ/wmH/OffbMk\nJPQEEpgDUKA7y4/QjoKWx+dhDF7HDl6AgToKLf5s4Hf3sa6Fjxon46+9YdqYbe6U\nombRYc0HPJxcDZwTrWFjGQRvOPk+lV9o9vZhgEUhq2xtjwx2mQU5tJlqG5+R14AX\nU7HBEjiyTxPQRAAlaHMjvpbWODscEQ6+8T+5xIZbkxRZqJqcxMzJjMd9jGEPgkuN\ntNZS3+lIk21FWxmX5fOSJcjiN9SUgH2cCOMcC6dIBEl9tsu5BLFT6GS2MSbOY8tI\nl0vkufaRyJisNj15AVlCpiuDsKdVylpwA4vSg1pwPZ64gneT33aztRtq56tPBugR\nerIudPhMKe8WeMfjGH+rHYg/jiJ/jIeG8SrBdMjEFyEwpl5Skilf5eMvwVJqCQ+2\nV8vNtuqUX28pFNWczoYvXzY7pCwpBbNbolSGj/sF1dK6cLMrYAeJseu3tlKop4kO\nqrb29Z0oySF6rqON2N7RrNwt2HLjlgRW9pqPoH9PQw3mLAV6gmf5pUP0zmXK++ky\nMS4kZBaFo92SPFNXOXpFojWAm+n+xO+IZz7nw30gYviZKwk8U7IZamFkmIkCAwEA\nAQKCAgBXJYY66G+DLICI4oN5X27iCnnAXgh5Fz7+cfRd2lbsUbGHl4FrgAd9q5Fu\n8myJL3MkiBs0+WSasP+32X017M05CcMW3DC0rKEbjo6dIPXeE16XRMZ4EeFyGwDQ\ntTlc8HCNqxAhzy+628ekTU6iq0K2eKfA7TFXRKfi2NWLGkpkp8IF4g6xZ2pKNWgw\n7E1aaBpwS7kB6LskhmXAV6AuhC0EAV8wFqfT+mDdEMBP6v+wXmvZ8eSm+xPXIEOr\nHMjh4JPrKYMios0L+Qq0DqjFScSM+kHMKU0xyUO015s2LpzKUE45dMnX8nGAdZEC\nGWR6HyXEzeeDtBnx514x9g9ppujq0EF9ovyzO1l5dPWqo4hzq4HXJDJzo3tyfWJi\nLBHk0Kz3w1WHwKX35dSwM6RUhLcSUT1lwz+J2xmrD/2V4qW7is37JSWD4ebabpAN\n8/HyP0Q4UvnypF28YFOBLypxCFty3zB+rCiCGlyDR57Oi7Aa1k5Pqf+0gB5fUMXL\nnkQrf8SuXOI+WE/GXmAu4JwJuvSAdg8Wh2/FuOOtz6YPHxmXNA/SlIli4tTDknMR\nCPjDEVmGJkKKE0v4/wyVWXQFYKWvR4OWuP9FXAOLu2W+uOIoEWyOdz6x94OdvaBF\nl67yitvAsLkwvVZcSQvJhk8SfexIQof3zmVH6lzT9LGGnRkqtQKCAQEA2VTduHoY\nnqa9JDvPzd8RR6xWGpBnDkQ7ZcoAC3isW1JLfyCEbvO0hYaIkXxJVv7tqaYMsjNV\nzwKtUKqgLJMkqaKpSBWU2vdIpewsizH8q1LW4Cad14jj68R+erNpZQGitvjDRrdm\nuZsUk0qaETAukUD05TUO7KOt/8v5lhbiWC3XQYsZtInqKwWVvD3Y5vhu10HvRi3n\nqguk0qeHXQhjwJJEz9Jw2c3dAqk28NFJQwwkNtwgGn0HbhKLzL1hlXUqSGgAeTp9\naC6nOk1u2Fts38IzMOq3OagwQyoj09CqxVjko9R9LBGwUbrqt2y+vkMrNydUeEVm\n+3WadXh2rRnpvwKCAQEA18jIJn70y5+ewi/FreWGdmMSjynqJo+e4top5kzhFvWH\nrZoH3rC+NpQ+Magb+f0RPd5TLPehFngzIOXuQ73JyNj+cJu2OHqoeK8wzOf5FYGa\nTWD/LKy09BkRl4IMlwgs9kil0f1wMnxn5kGm0AOb3ZYbaflzgXFcnucBg9c8EquS\nULLtNQzS9P1TwvfEKiXPqexYEo+plmkTdSliOlVwwf/dhNLVARIml/bLHi4UhUNl\nKD65oc5oPFor7H09Dmf3vGsSfcLxAflxT+a1QvA5CaVt/wJNvHBmoE7zoJU310SE\nHR3Yvg/hA/Q/oGB+grSv7mgvGtpLlyr4pcK/Jce/twKCAQAVmtUryJ937hVxa6y9\nx4YdPOmWXHKSPYA2Hz2f5lAkB+tPaPkhWoLAn14mMFfOGSuhKMusT2QhXx/BnCSu\nKbaEUpJHgzW4CssjC3ZmJAL9OQ/5Wn1odshJoM/9/KXmj6IQVGx9NDA3FU6XUdw9\nBzAp6m4t9vdT2PWsLyfRntbDc1Mpxd05UFiCDF0VSISueVXzei+CJ4AXLG8nLdZM\nDlB0TVYf3sivLkLhR9cZW4TP8H4NIhbi6zj43UkeglkYFXytlAEwC/t5huHC7v2s\n7nHFULXsD/lE9w5NLvw+y0ies7aO/smuvtdrWIyKzXmsylqacgN4rVWOe+Nt+Bq8\nHI5bAoIBADBfzp7yryZG7mxSEVrerbo0k6CMoPVsFQ5+Ig6DBaMEABqnAUSnEr1h\nll/DdCIi3Y6lHLhj+zTyVWP2p+d/0JC6NLBB+CPJO6Nygtos1uY/W7wlFo+JWDew\ntwTkHrZtGsdLmgDtdA2dXh18ck0HwhV25UZoqcBHDaCB4RERW2JEHFUDB7Jw4YoS\nkIiQyuU3/Mn3NfdTRY12mOoXEPJK3TBgj+SK7z2COCyxIu/tHKSTa0YOaccgYrXE\n8TvfB6UHIb6XslmHLkhnB0QGUHRlLiQ/dd1JQuwPtrIRgQRq703PCl8Mpd5V6Pfd\n9bWabEIZB6fGq2i1r2SAOaXPdtKdaRkCggEASucOJ61wa6aGT3DcLj2ojTW90Sxg\nyyLEvuYq/dKq+MjVS6jmdzJVCMeIYrq5CFPTzFb0dx0CK67DoznRsr2cu3U0bFz5\nWLQw0r4A4eqQ/XijnDENU/lqsIr3HRaTl7FA9xnTTp00T17AovX3jxPOzXoiOV8C\nZAatDRsRyhrPfkzC9Zp0Q4UgK6W8wdbL4yXWgilpth0rxdFnOdpQbsOmfAxIoG5c\nAbV+9DEfgCu8A84dE0XaBYHpjILSisisA5PufNFHBm5duu6qhTBIIm4DhfVd4Dum\nQTvJRhXD6WvlyqjkqGifvq3ujpeBAOtpOcTd/IxWdYhsUPjMdB5DBOctVA==\n-----END RSA PRIVATE KEY-----\n\" \u003e /home/oracle/.ssh/id_rsa'\nsudo su - oracle -c 'chown -R oracle:oracle /home/oracle/.ssh/id_rsa'\nsudo su - oracle -c 'chmod 400 /home/oracle/.ssh/id_rsa'\nsudo su - oracle -c 'echo \"ssh-rsa AAAAB3NzaC1yc2EAAAADAQABAAACAQC3MLpuIkKwIUTxureNQ6/Wj6ULH9d2YNfm+uhTWWr9J+FmNowGe3ixlW2MsoooeyM3tOoxF2PjxEZ1eqSH5SirLanWQ83rPJapCFon/CYf8599syQk9AQSmANQoDvLj9COgpbH52EMXscOXoCBOgot/mzgd/exroWPGifjr71h2pht7pSiZtFhzQc8nFwNnBOtYWMZBG84+T6VX2j29mGARSGrbG2PDHaZBTm0mWobn5HXgBdTscESOLJPE9BEACVocyO+ltY4OxwRDr7xP7nEhluTFFmompzEzMmMx32MYQ+CS4201lLf6UiTbUVbGZfl85IlyOI31JSAfZwI4xwLp0gESX22y7kEsVPoZLYxJs5jy0iXS+S59pHImKw2PXkBWUKmK4Owp1XKWnADi9KDWnA9nriCd5PfdrO1G2rnq08G6BF6si50+Ewp7xZ4x+MYf6sdiD+OIn+Mh4bxKsF0yMQXITCmXlKSKV/l4y/BUmoJD7ZXy8226pRfbykU1ZzOhi9fNjukLCkFs1uiVIaP+wXV0rpwsytgB4mx67e2UqiniQ6qtvb1nSjJIXquo43Y3tGs3C3YcuOWBFb2mo+gf09DDeYsBXqCZ/mlQ/TOZcr76TIxLiRkFoWj3ZI8U1c5ekWiNYCb6f7E74hnPufDfSBi+JkrCTxTshlqYWSYiQ==\n\" \u003e\u003e /home/oracle/.ssh/authorized_keys'\nsudo su - oracle -c 'chown -R oracle:oracle /home/oracle/.ssh/authorized_keys'\nsudo su - oracle -c 'chmod 600 /home/oracle/.ssh/authorized_keys'\n\necho \"Added keys to auth keys\" \u003e\u003e /tmp/init.log",
                "content_type": "text/x-shellscript",
                "filename": "ainit.sh",
                "merge_type": ""
              },
              {
                "content": "#!/bin/bash\n#\n# Copyright (c) 2019, 2020 Oracle and/or its affiliates. All rights reserved.\n#\n\n# Reset the iptables to open the firewall ports on the local VM\n# Access to ports is controlled from OCI Security rules\n# Added\n/opt/scripts/reset_iptables.sh\n\nfileName=$(basename $BASH_SOURCE)\n\nlogs_dir=$(curl -L http://169.254.169.254/opc/v1/instance/metadata/logs_dir)\nmkdir -p ${logs_dir}\nlog_file=\"${logs_dir}/bootstrap.log\"\n\nfunction log() {\n    while IFS= read -r line; do\n        DATE=`date '+%Y-%m-%d %H:%M:%S.%N'`\n        echo \"\u003c$DATE\u003e  $line\"\n    done\n}\n\nfunction update_fstab() {\n  mountpoint=$1\n  uuid=`sudo lsblk -no UUID $(df -P $mountpoint/lost+found | awk 'END{print $1}')`\n  sudo sed -i -e \"\\$aUUID=${uuid} $mountpoint ext4 auto,defaults,_netdev,nofail 0 2\" /etc/fstab\n}\n\n# Pre-create provisioning log as oracle user so it is owned by oracle user.\n# This is to avoid race-condition if logging happens from a script running as root user first then\n# provisioning log is created and owned by root user. So we pre-create it before any logging happens\n# to provisioning log file.\nsudo su - oracle -c \"touch ${logs_dir}/provisioning.log\"\n\n# Unzip vmscript first, if any error from mountVolume, check_provisioning_status \u0026 troubleshooting\n# scripts will process error accordingly\n\npython /opt/scripts/unzip_vmscript.py | log \u003e\u003e $log_file\nexit_code=$?\nif [ $exit_code -ne 0 ]; then\n    echo \"Error executing vmscripts unpack.. Exiting provisioning\" | log \u003e\u003e $log_file\n    #clean up script\n    /opt/scripts/tidyup.sh\n    exit 1\nfi\n\necho \"Executed vmscripts unpack script with exit code [$exit_code]\" | log \u003e\u003e $log_file\n\necho \"Executing mountVolume script\" | log \u003e\u003e $log_file\n\n# Call mountVolume.py\n# This file is now part of the image\n\npython /opt/scripts/mountVolume.py | log \u003e\u003e $log_file\nexit_code=$?\nif [ $exit_code -ne 0 ]; then\n    echo \"Error executing volume mounting.. Exiting provisioning\" | log \u003e\u003e $log_file\n    #clean up script\n    /opt/scripts/tidyup.sh\n    exit 1\nfi\n\necho \"Executed mountVolume script with exit code [$exit_code]\" | log \u003e\u003e $log_file\n\nsudo su - oracle -c \"df -h\" | log \u003e\u003e $log_file\n\n# JIRA JCS-9938. Add /u01/app \u0026 /u01/data to /etc/fstab. We don't have to mount on each reboot\nupdate_fstab /u01/app\n\nif [ $? -eq 0 ]; then\n  echo \"Added entry for /u01/app in /etc/fstab\" | log \u003e\u003e $log_file\nelse\n  echo \"Failed to add /u01/app entry to /etc/fstab. Exiting\" | log \u003e\u003e $log_file\n  #clean up script\n  /opt/scripts/tidyup.sh\n  exit 1\nfi\n\nupdate_fstab /u01/data\nif [ $? -eq 0 ]; then\n  echo \"Added entry for /u01/data in /etc/fstab\" | log \u003e\u003e $log_file\nelse\n  echo \"Failed to add /u01/data entry to /etc/fstab. Exiting\" | log \u003e\u003e $log_file\n  #clean up script\n  /opt/scripts/tidyup.sh\n  exit 1\nfi\n\n# Call bootstrap.py (part of wls image) to unzip fmiddleware and jdk zips\n# after volumes are set up\n\npython /opt/scripts/bootstrap.py | log \u003e\u003e $log_file\n\n# Bootstrap.py unpacks the scripts to /opt/scripts directory.\n# Ensure they are owned by oracle user and the shell scripts have execute file permission.\n\nsudo chown -R oracle:oracle /u01\nsudo chmod -R 775 /u01/\nsudo chown -R oracle:oracle /opt\nsudo chmod -R 775 /opt/\nsudo chmod +x /opt/scripts/*.sh\n\n\n# Append to oracle home bashrc so DOMAIN_HOME is configured for oracle user - this is required for migration\nWLS_DOMAIN_NAME=$(sudo su oracle -c 'python /opt/scripts/databag.py wls_domain_name')\nWLS_DOMAIN_DIR=$(sudo su oracle -c 'python /opt/scripts/databag.py domain_dir')\nDOMAIN_HOME=$WLS_DOMAIN_DIR\"/\"$WLS_DOMAIN_NAME\n\n\necho \"export DOMAIN_HOME=${DOMAIN_HOME}\" \u003e\u003e /home/oracle/.bashrc\n\n# Existing subnets provisioning validation, fail fast if sec list is missing\n#todo: Needs to fixed before uncommenting\n#python /opt/scripts/validator.py\n\nexit_code=$?\nif [ $exit_code -eq 2 ]; then\n    echo \"WLS Subnet is missing security list required for managed server to communicate to the admin server .. Exiting provisioning\" | log \u003e\u003e $log_file\n    #clean up script\n    /opt/scripts/tidyup.sh\n\n    exit 1\nelif [ $exit_code -eq 3 ]; then\n    echo \"WebLogic Cloud does not support preconfigured custom resolver. DB subnet should use VCN's default DHCP option .. Exiting provisioning\" | log \u003e\u003e $log_file\n    #clean up script\n    /opt/scripts/tidyup.sh\n    exit 1\nelif [ $exit_code -eq 4 ]; then\n    echo \"Existing OCI DB subnet already has a route table rule with an Local Peering Gateway configured. Please remove the route table rule with local peering gateway for the DB subnet route table or use a different DB System .. Exiting provisioning\" | log \u003e\u003e $log_file\n    #clean up script\n    /opt/scripts/tidyup.sh\n    exit 1\nfi\n\n# Continue with initialization and append to the provisioning log both stdout and stderr\n\n#check versions in prod version\necho \"Executing check_versions script\" | log \u003e\u003e $log_file\n\n/opt/scripts/check_versions.sh\nexit_code=$?\n\necho \"Executed check_versions script with exit code [$exit_code]\" | log \u003e\u003e $log_file\n\nif [ $exit_code -eq 0 ]; then\n    config_script=\"/opt/scripts/idcs/configure_test_idcs.sh\"\n    [[ -x ${config_script} ]] \u0026\u0026 ${config_script}\n    rm -f ${config_script}\n\n    has_idcs_artifacts_admin_host=0\n    is_admin_instance=$(sudo su oracle -c 'python /opt/scripts/databag.py is_admin_instance')\n    lb_backend_state=\"False\"\n    if [ \"$is_admin_instance\" = \"true\" ]; then\n        echo \"Executing create_idcs_apps.sh\" | log \u003e\u003e $log_file\n        #Save stdout and stderr in variable and print it in case exit code is not zero\n        create_idcs_apps_log=$(su - oracle -c \"/opt/scripts/idcs/create_idcs_apps.sh 2\u003e\u00261\")\n        exit_code=$?\n        echo \"Executed create_idcs_apps.sh with exit code [$exit_code]\" | log \u003e\u003e $log_file\n        [[ $exit_code -ne 0 ]] \u0026\u0026 echo \"$create_idcs_apps_log\" | log \u003e\u003e $log_file\n\n        if [ $exit_code -eq 0 ]; then\n            echo \"Executing terraform_init.sh\" | log \u003e\u003e $log_file\n            su - oracle -c /opt/scripts/terraform_init.sh\n            exit_code=$?\n            echo \"Executed terraform_init.sh with exit code [$exit_code]\" | log \u003e\u003e $log_file\n        fi\n\n        if [ $exit_code -eq 0 ]; then\n            echo \"Executing create_idcs_cloudgate_config_files.sh\" | log \u003e\u003e $log_file\n            create_idcs_cloudgate_config_log=$(su - oracle -c \"/opt/scripts/idcs/create_idcs_cloudgate_config_files.sh $has_idcs_artifacts_admin_host 2\u003e\u00261\")\n            exit_code=$?\n            echo \"Executed create_idcs_cloudgate_config_files.sh with exit code [$exit_code]\" | log \u003e\u003e $log_file\n            [[ $exit_code -ne 0 ]] \u0026\u0026 echo \"$create_idcs_cloudgate_config_log\" | log \u003e\u003e $log_file\n        fi\n\n        if [ $exit_code -eq 0 ]; then\n            echo \"Executing install_cloudgate.sh\" | log \u003e\u003e $log_file\n            install_clougate_log=$(/opt/scripts/idcs/install_cloudgate.sh $has_idcs_artifacts_admin_host 2\u003e\u00261)\n            exit_code=$?\n            echo \"Executed install_cloudgate.sh with exit code [$exit_code]\" | log \u003e\u003e $log_file\n            [[ $exit_code -ne 0 ]] \u0026\u0026 echo \"$install_clougate_log\" | log \u003e\u003e $log_file\n        fi\n    else\n        allow_manual_domain_extension=$(sudo su oracle -c 'python /opt/scripts/databag.py allow_manual_domain_extension')\n\n        if [ $allow_manual_domain_extension  == 'true' ]; then\n            echo \"Skipping domain creation as manual extension flag is set\" | log \u003e\u003e $log_file\n        else\n            echo \"Executing terraform_init.sh\" | log \u003e\u003e $log_file\n            su - oracle -c /opt/scripts/terraform_init.sh\n            exit_code=$?\n            echo \"Executed terraform_init.sh with exit code [$exit_code]\" | log \u003e\u003e $log_file\n        fi\n\n        if [ $exit_code -eq 0 ]; then\n            is_idcs_selected=$(sudo su oracle -c 'python /opt/scripts/databag.py is_idcs_selected')\n            check_domain_idcs_enabled_output=$(sudo su oracle -c 'python /opt/scripts/idcs/check_domain_idcs_enabled.py 2\u003e\u00261')\n            has_idcs_artifacts_admin_host=$?\n            echo \"$check_domain_idcs_enabled_output\" | log \u003e\u003e $log_file\n\n            if [ \"$is_idcs_selected\" = \"false\" ] \u0026\u0026 [ $has_idcs_artifacts_admin_host -eq 0 ]; then\n                echo \"IDCS is configured on Admin server, please enable IDCS. Exiting provisioning\" | log \u003e\u003e $log_file\n                /opt/scripts/tidyup.sh\n                exit 1\n            fi\n        fi\n\n        if [ $exit_code -eq 0 ]; then\n            echo \"Executing create_idcs_cloudgate_config_files.sh\" | log \u003e\u003e $log_file\n            create_idcs_cloudgate_config_log=$(su - oracle -c \"/opt/scripts/idcs/create_idcs_cloudgate_config_files.sh $has_idcs_artifacts_admin_host 2\u003e\u00261\")\n            exit_code=$?\n            echo \"Executed create_idcs_cloudgate_config_files.sh with exit code [$exit_code]\" | log \u003e\u003e $log_file\n            [[ $exit_code -ne 0 ]] \u0026\u0026 echo \"$create_idcs_cloudgate_config_log\" | log \u003e\u003e $log_file\n        fi\n\n        if [ $exit_code -eq 0 ]; then\n            echo \"Executing install_cloudgate.sh\" | log \u003e\u003e $log_file\n            install_clougate_log=$(/opt/scripts/idcs/install_cloudgate.sh $has_idcs_artifacts_admin_host 2\u003e\u00261)\n            exit_code=$?\n            echo \"Executed install_cloudgate.sh with exit code [$exit_code]\" | log \u003e\u003e $log_file\n            [[ $exit_code -ne 0 ]] \u0026\u0026 echo \"$install_clougate_log\" | log \u003e\u003e $log_file\n        fi\n\n        #Create the markers if customer has opted for manual domain extension\n        if [ $allow_manual_domain_extension  == 'true' ]; then\n            python /opt/scripts/markers.py create-success-marker \"/u01/domainCreatedMarker\" \"Skipping domain extension for managed server as it was not requested.\" \"false\"\n            python /opt/scripts/markers.py create-success-marker \"/u01/managedServerStarted\" \"Skipping managed server startup as it was not requested.\" \"false\"\n\n            WLS_DOMAIN_DIR=$(python /opt/scripts/databag.py domain_dir)\n            WLS_DOMAIN_NAME=$(python /opt/scripts/databag.py wls_domain_name)\n            WLS_DOMAIN_HOME=$WLS_DOMAIN_DIR\"/\"$WLS_DOMAIN_NAME\n\n            #Create domain dir as it will not exists as domain is not created\n            mkdir -p ${WLS_DOMAIN_HOME}\n            chown -R oracle:oracle /u01\n            touch \"${WLS_DOMAIN_HOME}/provCompletedMarker\"\n            lb_backend_state=\"True\"\n\n            #LB backend is created in offline state\n            #This is setting it to the correct state based on node\n            add_loadbalancer=$(python /opt/scripts/databag.py add_loadbalancer)\n            if [ ${add_loadbalancer} == 'true' ]; then\n                load_balancer_id=$(python /opt/scripts/databag.py load_balancer_id)\n                resource_prefix=$(python /opt/scripts/databag.py service_name)\n                backend_set_name=${resource_prefix}-lb-backendset\n                ip=$(hostname -i)\n                is_idcs_selected=$(python /opt/scripts/databag.py is_idcs_selected)\n\n                if [ $is_idcs_selected == 'true' ]; then\n                    port=$(python /opt/scripts/databag.py idcs_cloudgate_port)\n                else\n                    port=$(python /opt/scripts/databag.py wls_ms_extern_port)\n                fi\n\n                backend_name=${ip}\":\"${port}\n\n                echo \"Setting loadbalancer backend offline state : ${load_balancer_id}, ${backend_set_name}, ${backend_name} ${lb_backend_state}\" | log \u003e\u003e $log_file\n                python /opt/scripts/oci_api_utils.py update_lb_backend_offline_state ${load_balancer_id} ${backend_set_name} ${backend_name} ${lb_backend_state}\n                exit_code=$?\n                if [ $exit_code -ne 0 ]; then\n                    echo \"Failed to change the state of the Load balancer backend for this node [$exit_code]\" | log \u003e\u003e $log_file\n                fi\n            fi\n        fi\n    fi\n\n    echo \"Copying wls.service to systemd..\" | log \u003e\u003e $log_file\n    sudo cp /opt/scripts/wls.service /usr/lib/systemd/system\n    echo \"Creating symlink for wls.service\" | log \u003e\u003e $log_file\n    sudo ln -s '/usr/lib/systemd/system/wls.service' '/etc/systemd/system/multi-user.target.wants/wls.service'\nfi\n\necho \"Executing cleanup script\" | log \u003e\u003e $log_file\n\n#clean up script\n/opt/scripts/tidyup.sh\n\necho \"Executed cleanup script\" | log \u003e\u003e $log_file\n",
                "content_type": "text/x-shellscript",
                "filename": "init.sh",
                "merge_type": ""
              }
            ],
            "rendered": "H4sIAAAAAAAA/+y8a5eiSLY3/p615jvEPyt7qutvZ4I31J4n+yxEvKKoqKj9zMpBCCDkEkgEIvap7/4s0Kw0M8269JyZ82Z4U2UQ+xf7HnsHsVLEAYUBvZulIfwV+LFHUahHlPXRAZp/AxscB6YepQ83w95QairzUUuYrm6Y7NfdAkYE4eBXULzn/sL8hbm7u5z0F+YJu4VIiAmi+VydUt1wfBjQvwELeTDQffhwo6MA0Xvi3DxTzSI9IBaM7qTAwCYK7F9BbYPoxYScZQoPlD3cEQd6HjEiFNK/MEPkwzfcffj/2A0K2I1OHIaBhoPBjRhBnaLABoQ4wMKeCaMb8NtvgKV+yOYcedhmGCMErIN9yOLQYO8JcVg9pg6O0BGajy5MyTde329097wiIc5dRHQgCILQLI+OulhMjZKU/WwJE6EpCIIoTFqzqB2qoy2nsWwIId1vihVyZN34eKgtZpPU3ER0OJ4p7CAZdatLY6KkvXrQ0ZNuBBew52Cz0SVeEG+tmVaYiDGm/FLSnD1K+XA78kOd5xQOR02cluoy5VZTXpyN16KTavLAkitltmgNqGM7ctUed4I05bhW7JdbSh1Xo7SfdCIVaVw/nrd3fV8gVqvDLfuS7M1lWbUOR7M5W/IHWNfrvcEAy6w4GFFaXdNiqrHDdCDWE9HbtAvlxUjoxn1eb8h8Y9bSJnSrjAsT3Ch6nDa3JXjgxpVJirZHSWfRstu35UVXL9bKY9vX+Vm1v4v4CaKDyK23w+asPCkYzqQ6Gs98Xj9O5uNRjR0rg1DvJ6qxUDb9Hq02qVUWU8WD3WPRWUguqtUm8SZiS7OhO18FptPzhW6hL8FUsHGxWkjjLm139VhrLIT5UStsN73Rfrcdu1EVboVjWq0exWUC2bbWMmR2aDhrVDkMipHt8uVjf7gXtoOGT2a1xkzXeu2ux5W6FbrfLKLh1pSjijOf9TeLYgh5djoMTHexWwaFbSMw5/xQtVR+NhrGzkZQJ6xVrw0cQ4MVqte38hyhTVlC/eHO3bhLrguLtryivL2VD9uGEOgVbI+FMkc6HW68aLG72E8tdsP2ZssS1Vd0o1bHE4gLqc+mpCvuRJiKW1VfKDO1YXL1Y6lCltzcmbZ0vzkS58f+bLJSavvqbg9LrqBaa7WtYmu10qTNqpc8PDCnmPlqCDCGg5MA3E0BDo1vzWVIbGJAYnAHcKQbHgR3BvjouyaKwN2XWMzfnAA+XqcwHB+boMZxb0neoTgF6V32NKVObwSmqgDG095CmElgIK3yN8yw1+v3k15TEAaiYEsCPYr8BvVFIral+mZX3s6VfREXPPHALk2/tazuIzwvejtWtZz1Vh8yzYBWyHpBt/JgMOiS7ag22w2n5rZSn3bM5c51CnO8S0th0R2P+GOq7SaO3mcTv8sqlrUZukx/PJGk0G7NB0ItrbCTLR5oh4LptNq1bsvjBXuGB7JVJZWuVSY6394ecFDhC42VuVttID9nsL+ZrgyuO+4fjNY6mUVae9uZTPfK2C14iwZu7NeOLc2dXelAt8mh5E/mVdr3dp1qYVqsCEtmXus2pS1KZ4fxZCoInt4dbvfhRlNaxJAmfKE+K1QPvfXGPUzXu/7OOAyP/e3QbGw70th24xFDR2u1XPB6bqnY1g7+smopat/YolFDndvdkiEqQ0PkzV5T8hqUxNWm3J7xHbU0VDfKqk57jMft3djSp2kfkdG2WBUWnhiiuEUG5iL1wkSo7FW7GCbjNV+xAzgrl/UjndJdlafjZmxPGRj1YnPsDAewrsGhte10C1F3ZbNb1Ge3Pdipq1HTHG6ldioloVdVXeRZVTjcJ4v+TpwUSsyivh/ReDdfluphe6QZR7zaL4+rWigmYXMz2mBP7WxZ0i6aA96Qh9FKgH0C4zL1BjisuAqzizalxprDqdrmo50yKo1q02iU0FJX3nr2VGuEuzHuNsaTpOzLwoK3fasazsfc0V8OCgU3ZYZqxV039TZulNRxe7RUlmEbbzXBLwSFg1LorY+1IClz9mqP1oPErc9rvbXut12/54pCIgmMMMlcuLnsr1Y83ym05J7Yq+BRdVmqITEIhKXtVNvHWsGwpmbJ25D5ptP1Ku3IFszGrtqOmbqf9uXy0EVNwhU0VSfjQrm05Iq1IVcVjaFWbolcNJA2W8ybvfESSkV+OR2uKxJsp52kNWHozDPqXXG0OwjOMS3wpTp0Z3Me7bhBCQ4soTZrL6cDC5VGmtxxQzes99oVmz+sS+FgpNkJU5OKut4ME7XmNnmZuI6/FBa8EDsiJwmLetLeWbOC3zKlYXPM7wvJ0t+v61D1C4fxsicpEdMdbp1KfxwNVkOECScXJjuutdu2VUMdFtzucDDnDulc4YpVUpLD42AuVarmMFjWg45griWR6WhTvpsupSOELdoMDtVi5dCwG2EYb3ec1G7gfXpUil7VHGs7XHGOu0p32W/1j7hMU0vrI0Zudl1ucCwnRa2bDJblqqkmQ346d2RDnc+KXnIs9EsHP2qxpUVlp9UQKdf6qtaqwI2+CYURU2e76ZibVOb7IA3bpfqqrTTlNDyIbZqWj81CJCKx46WtabWmoJqgF93qeGcVOLtZtebDpcwE7iSy6mq8VHoFTWI7S1+IK/2kH+9VwbTrmlNi27Gi0CO/GncP/nIksKrX81CFzlpuMJwy4njbkhZ+p+8OBhK3r7BJutCWk/ZqoO2nFUWLx432UlDkuKQVYqWHJS1VzCN/aFQUc68324zH11JE9wKR3WS/WBvqZN933LpqwUNvgq3y0V90ee84a8idTjB1dzTz3IkklBYzM+7iFRPs9Ea/tR8fzfp0yh+0TtgMWu6ktjawIJYR0Yp92UpFabNXOGel99zlob/Y1+hOXw3JdrRgjsmAzgc7W+4P3Z0+CNWmNi/tzV4IE4KO3fquKGsVUTeLle2Wr08LMBqF60kH0f22NY1Mn4nXZO5yO12aCbE7b3HV2VypDRTK1vdVz9kgTSwvJyuypr1gN0i0xb5VXlX3TlzkuvspKgfMzo5dbge7y4mzTfp96djoJyWjbAo7t1QftfuTJHFHNLE7AdfdOAP5KBcdbznfqR1bgLOwwegiHyhuMS61KSnXe8ehsisrup1MUrzlGuLusNi6uDFtyM1OMt9EO1pKC3t3GI1Scw6lhc8UyppuLp1SNA3CfXLScLG+7fWDGpdWCzBBbDuCWsf0h+o2DXZ9XIAVisOqe3Tae63LRGvcLUdiYRROCkPd3hQsbjo2qzN5DJ12YB97yjKe1Mr9dLQtGP24pHR3GA7qyVGxqu1VR2dmWouVBynXaLpTr9IbeolNGi7yOKuYDINDUHU7Picom/J6tdEt72gv20YQG027YdSlXawyc1mmo8lRbYyLs2RvSQO0HO/gYSXhQuj57sxUPaR4iySxWNMZyQth2vM9diN3UWXuzEceM2jxVWxU8biNo1qXa7R8q7zvENUy5INgeYdZQS9O9kJV1BeUTfqjfbfpY6l2xP15ucipEtOdlld7m3UEdsLiTrNgR+q+5tv7Dg1lL40qoTFg+wZkaa5gYeHTeZT2G+WaszjofNpgDpWVOVZ8bdkdqOOVUOoeS1bVE9xmgY71setoWBaCYsUfti2lo8bOYBiTWWniLA9sMxDVmBlsdGke9rv2UauIhGzF8trvC3JDmbBVLShikzh9PGQb7GDpb/neZNE5NEYtodye88u5mTSY5lEIeb9CG3tzVhprRE6taUA3LaM4DA8mV523kdhqcwu1p8ZwsTxCVBD7FWEpd+qBbK6HTMtrcrPFyioTtJdd2Zk2jLVWmY3r3cqo52wQf9xWynMX2p67ai9T6glSIrK06sRdsbYvEaYWdNtzeUlarCc1kupI3ieFlEOQ1HSFJX68p2ak9dLBcemT1Nvphj2qRAtNgYURLTR3dabbq24E3GsKraZ1DGtplK47Nf+gSosIRhvMubw4xOMFaU+qhZ7Nt5r6UBKau0CYq4EUFR3G89iWKfZQecV7XdnZFo6zdKGNS2HBZLm+yI/kZrMgjvsKP0ptikkxXrFaLfHauNDXWjBhaDJzu9Gadogp+3aLmkLJXDrFuuFy3cRZlKrzNd4ZzW5LF5uVqTTVSn2p2563mrV+UllhlXF7aJLG8zI7DMojy5xNV8WSr+ClNO4PyrOmvS2og9qxJCpieujFLO0O1JnOrRTdMOxVtJSY+mxvNfl5t7fhl8Tzu7LrBE1u0pl3p56MJqxpFvuTOBnTqDe1J9NdjSuPRa8+DM3qgh9bJtPYaPpG6q2bvNXZlVAxKqmCoi/HJh2Y+tQVbVsS1NhQ+nwx0Xm9Myu3DHlbwtuZ1uDUg82kqSzt49WONQe7wnC7UPmtbx77C3EIe6toVxXb49mxveHMAycO+FoLH4MpiUpGXJ5zm/axymjyJOGiilCBuwm7RNugJY3mrLcjvajcneozr9YWGodgNgs5blasCXi/LG8PY+W4xEhZ1EVmLei0NSXT1InGlnsUG+sw2yntAa/VE3MjV9KlZiMvpA4XHcx2oJjhZEMU3xIOPdypGoywWRQaLcmyxbgu1CumxC315qobbnuyiggiQnUcW6N2t+lXzTjmd86s2ev5lZZjLcxKK/aZyWzfnzrLFq/tvXS3dXcdZO135Xgbwqag0FAxZibbO2jmyiHz8XZoNqutpmLQhfDwwOQthzRqXW9FbsBvV/ohZD5GRH+3K3rqxPKxX8+vfhgl660q13qrrxP+yDmIWB7KYdxzB0lvPjvEERxNeFbb8nO52zBLq5HlF2JnpmlRo19o+yOcdGAZHTytNCQYY5gOy1TBh3ZpvD1I6yLcqd2qiiJZD7RJvRyN+3ootnHAiiurXm00SDpxG8JE9YXRBLf28rYhKna46VZL0nBJDGWJxaZiY8r6R9tk4SHC2riDrG1UKzql0KG1UEVr2naOE6MetJNR0FToShuum516pTDjF8vSttTwO8JU7USbTmnc6urr5sznfA1vgmp3aTfNGTEkVZH7Y6nRlARxgY1UKXh0VVEOybQV1Q7jWiA5Xjxrt33sh0fpOPSHh3JpuJoURLVS4oqebPFzNNvMF5vO2vLq1Z6XKr1ysa8K1jrpVQ6JHHK2pC5LpbTmSmQxxmt5deiT6jbl0FItqNVG2O35g6Q0XrpNbT7wBxUlCYvLgRYILdQYtLRAaAQREs3q2DIjpdgpRcGOq3f4ZpsnqMoVpCSsHdaVQ2G4snhiolZB6QWFoVPZHAakzaXDybI3E/2lN1AHC9arpGxz7uN+q7ZepvVSiQ+n1iZ158X1UXFQwxptY1cW3TYpxmjR08eFZLngojAhKbWbFf/A12BpvkMBmvA7ut8UA3Xb7y13Ma6UV2XaIWWxvDJiRWu2NyUfF2yLa7RacEWay524Zn1vws6UtRHV+FnvIKOp28batrzu1edFowpdDY1W4oa3alKt4gTj2GpZahMV+m4kzg4z4ni7laau0OTVOchFOLw63vhnw/J74bL45K/G5xuE8+GkYJrQBPmBJsUgm5X/eHsk+k8d9f57T3o/MB+AiMM0QrZDwc/GJ1Diio1fQIkrcUA56UsPTBZHAFECdMtCHtIpJPdA8DyQkxEQQQKjPTTvmQ8M8wFMIYEUUAcCFFJ948FcYTiEQT5ooQgmuueBEEeUAHwa9bChe2AxZD4AwTAgyWlOMxABBg5ohD0PmsCKsA8UsQdUaMQRoimIYg+SjC4zEMPikLInBRA244w+PrFxTxyGyVQ9ylR9+/NGJ7nWwW1TULuPqjKfitInhvGwTR5NFD3c/mzEkQfuZOBQGv7KskW+cV+qVu7P/+aHdPsiiwJC9cCArA+pbupUZ58gPjFfDuZu/3ga/Jyt8Jgx8nBzMcpuMKaERnqYedENw1hxYGS+Ajxs//wJ/MEAAEDiIA+CXlt9ABHUTXAXAQ8F8G/AxPn77GkJM+nhH6ZOIfhY+Gl195N/95MJfur++tPw15/U+59GH//xZe7Juf/PbUbzGwC3GdhN/tbEAWQ+X7ARhxnko0Wovjnz4+M4oCFGAX24LTIAxDEyH/6Rx5xHNp4L7gIM5vNeC9z+bFrgbgxun0lYDxNasHAcmOC/gZ644KM0av0RRiig4Lb4+eOnjM1TAEMT3CFwB8HN/73VM8CH2z+yxT5fAgJ4oJUsNPEvJrT02KPkl8cAUhPufwmwpSMPcKB0A1hIDTYXI5PvAxhH8M6IYKavMMJ7lMULCuxM70AnT4kjJjACBANEM5fESQBNsEkv394zH8DMQbnLZjlij5EJIt2AdwYOzDzuAbIyWDuDd/QwhAE5ubQOTk4LojjIF9cJiDCmp2UtFJE8pgLmw1seswjJ2TezaH1m7Qv9PVAxSDLpvgiKKNhAC0dZgKevWWI+5OH3ep3MZe+vZtQbimPDufRx9pL67NAfwDw4ohDs/bOsuVi/ZDrJmIBRhKOTNnKbLrAX+/AXYDjQcB8v8R4J1WlMwF8BjXCcxbaDMUWBzXw4q5GABGU5JsJ5MjlB64aBoyyFeinDhCl1cABe5Is4Y+/xib37MAX/nQv+22/g9ilmGXhA9NHAJny4/S8GWeB3cPtlCNwFEHDg73872eo5wKScAXiARpx/U3tag4A4CHXDvb8H0gHlry4FvbnGQIb6wfCgnoXkWd588IUsFJlpHGY5L+figCgoMhZ62s6knBVovuHkyQ8TRJ0TWS7Y789C/v0qVy9wMzkubHjGvE73AYjZdnAx/T5MnyIpm5L5d4ATEOoRBdg6bS2+bsPrRnwJ9K+z4EmyfLXMxf/XDPhWzz9uu6sxnSVs5z2b9XtTAfRF9a7RKNfvs80XsDFXZPUwBH89/TfbCbM88pxu74EGs33lIwWOvofZy5z7rAqAuuGACGabIHO503yBZc6m+i9wB3cvTHRZoMGARimwcPTMDgouWLgqD/QI/ILT1lFWaGQJ/FKoE/Arcc4mf8fKV2z8roUv7PtW+kyTf0b63AL/vPg5zL9P/nNCeC6HwhT8/BT8iUdOwf8p4yVP2MDykWl6MNHz3cwEW9MFRxRm25huURidY5WAbEJWnMbh9dTxYsnrft+8nHLKmCTPSE9ZNNPQBSYwUQQNiqM0qw6kgMQRzOanOTPXqohchBwxq+W/4OYBc0o/8JQWQxj5iGSJ5v4cwe+1STFXfJqQNT53U1CrVU+2/TohDuk1wky+y/HC4aUe//+81M5q8qycyJ3pjJi1WyDrPSIjq6VaylDojR67ylA61/kWsuMoq/Nx9EIpd4CeK6sI7mL0NMVHdqRnhRWjyerjGW4kDKWH25+fktpF43fN6Jl3b3Q7s2fikUcT+zoKHrPG4OOnS9RWb/qnQM+AJoo+fmIuBH64fQl+w97cvhKCeUr28JD1QuAF9R8Xvz5f6a5PWs6sIB0QOd3kiTcBpORlZbfXPWTmOvwF5DWypROa1WQEGsBDJC93c0fL6iuKTfwrGEFo5q5uoUPmwKdKMg4M7GcdbT7zmlrOa+Eo2+K/sQ/DHShd2Yc1WQVqLscFXxmvp24wZ/ili+iBbkMT5E1qlDGdcRkHyMjqYIrzWNNNHwVPU/6Ve/nlZg69a0KXrwkNNzK2kQFED8cmMDHMSiIKSBzmjhFG8CJ2jJhQ7Gd9Ofb2WfXfap5ND4iDY8/MQgosxNFHAs6NEmh1xTHAYd6j/JtqmeviV67VXk8OnDX+z8LoXtYCp8DRCdBBhLPMmLf6+ZnAqQrSAyDnZwtjCKMMoqNTmOjpRa65B2MP6gSCCPp4n2fnd8BOpxThGck+I2VOltE8M3ZJjaNc2zowkWXBCAY0m6imhEL/36Xp866Ks8iMz7KgAFGke+iYh36+6ehfsnUmzpv2b4OpAwg1cUzz6YSaMIoY5kPeoIH96aCJZAVHGGHzaeBNY3Dq575M/1pv8EK0l3SZiC8SyOu6+OoyP14aX/PRl/3ByZMeTws83LzgGZkGYb+42iOFhD5mY/fEOZ2y/P47uDuA2z9egHwGf/87+Otf3wznFJEP7qy3r/J3jk5y+Ec9osjSDUoe88z26GBCH7h8Dnoaezq2+lO72huUj59ydG/zuNENFwZm3qTDh5u27pHzkVKuy5vbN7Q34AHc0CiGNy8Ue5kAvjhPfnxxFjIMc0W+Fy15xKhZ3fTGazMn3esRykM0Gz6dOiGavTCyZPDsI+iUa48wej5ie83Go4ftXI8vW6grvvCWf1D67a/Fm0/PIl969TU9ZM59BeZHXfsJ+vdr/W/uf6dFb68Jez1YniC/HTTv2ZfCKNItHPmPT0fhX2M9e17p/GU2fI32cu1rir6i7Dcof1rVWSL+53V0aQ8jKwiynejxnA+y9b4ZFa9d+A3Kn3Hnd1kBt1/NS6/9/0dM833r/1lz/XB0XNPjv8Eh8jzqec/Lf4/9L4lylk82f2vja+jfY9I/Z9Grq/1LDXhNEd8yWs746djk9Oieh5NHXw9i3XvqIeGBwiCrPv7UDvtVxI+fXvvNV6cD8PAAPmY77MevOJTqojDM/OlEfgquvDgk4AQMnhEtT8+/PBB4vXb7An2ppWvO+5+M/9Ye6BxbBHrQoND8syXaC5CPLwPyVB+fPSWfCIOsHDIfcUzDmH7/mqed4D24jJUsHbxa/uul6lXz3H6L5a8XJeBFBfpCNXkBauWFKshTw+/fSnDv2+6Z315LVF8da+EACBdHDb+A8NR6nuQAGcUPtoSXz1c6wddRAIovhs8p7c977H9qlOu6+E+N8p8a5X+pRnnugcXTN3/qQODrkQsjkhnydEwIo/z8DIf0+bw02+nPNcCXDf9/sty4+tn2xFi2W5y89Y7E+U2gu9MbcHP6FpUvdRLIHOZvbt5WLhdlytsTYJ1kfX6in9r6CO5iSCg072+etoD/KV7P66r5sirVo3yneWb2FV8kmxGH38HfCwbffKL47u8Rn97DOX9A+bGvJe+ifffHjkv6J589G9REX+yGPC9XDDwgQkk2ep5zPqc5X4V5gXZxC+sVY59f1UTvf0C7nHe67nLzFi2/9iJiP/Tgs3++IH17QDaL4tc2/SA3wXnW5e0eFABsWR4KIMhpX9I8XT0ikJ4yLn06yjVwFEGDnojARienSiTA5ksI3TQfPaybG93TAwNG3/aB1xSf3lZbt3+8nvT5G+khVxPWzccngkdkfpuV1xSf3mBGkOA4MuBjGEELHb4NmQUmMuAV986eL2aENJ/xcPvHqxU+33mbu/M0AukbBBQ+3P6c7UX5NcQ79HaNK43AD1b9n5i3oLlZXk/8DqNkT4gj+h1cvKw0MqK3wr1pDX9sjSz/+CTfdaLgnSUut8HXdjvbDIWfb369uf0jA/j8dva5NT7H1KUbf4nQFzEJfs2vwb30xc+/gNs/XvvLi8F8IKN8lR4+f1fhf01T2ECPeogeY4q8fKs63yu5WOHM+Gmla2xf4/p7mL7aclytrMC1ovLNFazrRnm+qmI4emCfCpyTLOdrYjLWTfDGXqcPdvl28aOFGnjZK4E3rdOl053/jgYO08x1Eo/cnxNKxjLJvwCa9/fvrnm6YBG+tOolChuTiPXQhj1jnf+9XPvL3/BIfQ8Fbi76BcTX1/YCcEfAx3eWuWTlI/iYXwt6NSP/iyl3+Q1Uqkc2pPeJHrwU4uObK2159+hBPfjylfOdO2ivv4W+98X9dTv2bezXV/jv7v7C/L8AAAD//+D8/s8MRgAA"
          }
        }
      ]
    },
    {
      "module": "module.compute",
      "mode": "data",
      "type": "template_file",
      "name": "ad_names",
      "each": "list",
      "provider": "provider.template",
      "instances": [
        {
          "index_key": 0,
          "schema_version": 0,
          "attributes": {
            "filename": null,
            "id": "57b37225ae83512de3dd69784bf7572ca7bf8c51896658839cff0377a3056a65",
            "rendered": "Zwzz:US-ASHBURN-AD-1",
            "template": "Zwzz:US-ASHBURN-AD-1",
            "vars": null
          }
        },
        {
          "index_key": 1,
          "schema_version": 0,
          "attributes": {
            "filename": null,
            "id": "ae14d227246ee81c30e6d286b5630b92e2d8fbd3132c3751b5cea59d1ff15b7d",
            "rendered": "Zwzz:US-ASHBURN-AD-2",
            "template": "Zwzz:US-ASHBURN-AD-2",
            "vars": null
          }
        },
        {
          "index_key": 2,
          "schema_version": 0,
          "attributes": {
            "filename": null,
            "id": "415ce034942ec1e546ce58d4a3391eab6c24e5184173e7bd180e9a4bb3a23788",
            "rendered": "Zwzz:US-ASHBURN-AD-3",
            "template": "Zwzz:US-ASHBURN-AD-3",
            "vars": null
          }
        }
      ]
    },
    {
      "mode": "data",
      "type": "template_file",
      "name": "ad_names",
      "each": "list",
      "provider": "provider.template",
      "instances": [
        {
          "index_key": 0,
          "schema_version": 0,
          "attributes": {
            "filename": null,
            "id": "57b37225ae83512de3dd69784bf7572ca7bf8c51896658839cff0377a3056a65",
            "rendered": "Zwzz:US-ASHBURN-AD-1",
            "template": "Zwzz:US-ASHBURN-AD-1",
            "vars": null
          }
        },
        {
          "index_key": 1,
          "schema_version": 0,
          "attributes": {
            "filename": null,
            "id": "ae14d227246ee81c30e6d286b5630b92e2d8fbd3132c3751b5cea59d1ff15b7d",
            "rendered": "Zwzz:US-ASHBURN-AD-2",
            "template": "Zwzz:US-ASHBURN-AD-2",
            "vars": null
          }
        },
        {
          "index_key": 2,
          "schema_version": 0,
          "attributes": {
            "filename": null,
            "id": "415ce034942ec1e546ce58d4a3391eab6c24e5184173e7bd180e9a4bb3a23788",
            "rendered": "Zwzz:US-ASHBURN-AD-3",
            "template": "Zwzz:US-ASHBURN-AD-3",
            "vars": null
          }
        }
      ]
    },
    {
      "module": "module.bastion-compute",
      "mode": "data",
      "type": "template_file",
      "name": "bastion_key_script",
      "provider": "provider.template",
      "instances": [
        {
          "schema_version": 0,
          "attributes": {
            "filename": null,
            "id": "510c44c417988012bd8da9058a3c3572388334f970e7b366f3e271db732da2cf",
            "rendered": "#!/bin/bash\n\necho \"Adding keys\" \u003e\u003e /tmp/init.log\n\ncp /home/opc/.ssh/authorized_keys /home/opc/.ssh/authorized_keys.bak\necho \"ssh-rsa AAAAB3NzaC1yc2EAAAADAQABAAACAQDRF3UWIqKtfGRr0ZSzrVaBK6yJKGPicavso7uiqebeZP2fKfKARD5P0rlyildBu9dMScK+/oJNd5TzTNetPVptuSKlh7Gt/6QrJWqioKBAtgvHo8tapfj+E8NNfriKD/bsdgAs7Z43KjLdQ+pLX8YfpQ4Y9tZdcL5uVsAGfmJhrqzv04LKwryDYGS/iRFl67BJhJlkXPMmQpq5wvcK4lULL0NRxbDBL9NtonSnIBGSHRlss6IDNwKTZttA4y5QKcvLtL/J0YS1X7s+uNXi8eH7xPnZC5QD5v5x3ODM9HELTgHtEsOG5aAQsiduhtk6bv/kWRKREtJLFkzgE73H3o/v5MY2SlJMjsO4NKLxxMV0qYECKwc4my0yT5tjKFTRU5QKk0q+ZU1rw4i4UTY1SrUWRuUnO4MYA7LR2v2X5gwSWIz/DPQHcISInApGY7qsn9gV7/nXl5jeHMfbYXb2EZB98g2RmgDW8+8TmayZrS6lksdp1Keo0De6a05aknDQcGAT70DlLBhrt2a+ScjcO3pvjHoKCn9EcgEfHXUL70tJfygMJZ6aKWJAG9JdelugKKYdlOP1mWX7gJVjm1TJMAMykUtatKEvXFKMA5HGrvIZXBVMG9yLESc3dSSERneaSUPrWby0mNeaXZlzqmWz/3nR9jHOKl0HES28x5auvXYqYQ==\n\" \u003e\u003e /home/opc/.ssh/authorized_keys\nchown -R opc /home/opc/.ssh/authorized_keys\n\necho \"Added keys to auth keys\" \u003e\u003e /tmp/init.log",
            "template": "#!/bin/bash\n\necho \"Adding keys\" \u003e\u003e /tmp/init.log\n\ncp /home/opc/.ssh/authorized_keys /home/opc/.ssh/authorized_keys.bak\necho \"${pubKey}\" \u003e\u003e /home/opc/.ssh/authorized_keys\nchown -R opc /home/opc/.ssh/authorized_keys\n\necho \"Added keys to auth keys\" \u003e\u003e /tmp/init.log",
            "vars": {
              "pubKey": "ssh-rsa AAAAB3NzaC1yc2EAAAADAQABAAACAQDRF3UWIqKtfGRr0ZSzrVaBK6yJKGPicavso7uiqebeZP2fKfKARD5P0rlyildBu9dMScK+/oJNd5TzTNetPVptuSKlh7Gt/6QrJWqioKBAtgvHo8tapfj+E8NNfriKD/bsdgAs7Z43KjLdQ+pLX8YfpQ4Y9tZdcL5uVsAGfmJhrqzv04LKwryDYGS/iRFl67BJhJlkXPMmQpq5wvcK4lULL0NRxbDBL9NtonSnIBGSHRlss6IDNwKTZttA4y5QKcvLtL/J0YS1X7s+uNXi8eH7xPnZC5QD5v5x3ODM9HELTgHtEsOG5aAQsiduhtk6bv/kWRKREtJLFkzgE73H3o/v5MY2SlJMjsO4NKLxxMV0qYECKwc4my0yT5tjKFTRU5QKk0q+ZU1rw4i4UTY1SrUWRuUnO4MYA7LR2v2X5gwSWIz/DPQHcISInApGY7qsn9gV7/nXl5jeHMfbYXb2EZB98g2RmgDW8+8TmayZrS6lksdp1Keo0De6a05aknDQcGAT70DlLBhrt2a+ScjcO3pvjHoKCn9EcgEfHXUL70tJfygMJZ6aKWJAG9JdelugKKYdlOP1mWX7gJVjm1TJMAMykUtatKEvXFKMA5HGrvIZXBVMG9yLESc3dSSERneaSUPrWby0mNeaXZlzqmWz/3nR9jHOKl0HES28x5auvXYqYQ==\n"
            }
          }
        }
      ]
    },
    {
      "module": "module.network-dns-vms",
      "mode": "data",
      "type": "template_file",
      "name": "generate_ocidb_dnsmasq_conf_existingvcn",
      "each": "list",
      "provider": "provider.template",
      "instances": []
    },
    {
      "module": "module.network-dns-vms",
      "mode": "data",
      "type": "template_file",
      "name": "generate_ocidb_dnsmasq_conf_newvcn",
      "each": "list",
      "provider": "provider.template",
      "instances": []
    },
    {
      "module": "module.network-dns-vms",
      "mode": "data",
      "type": "template_file",
      "name": "generate_wls_dnsmasq_conf",
      "each": "list",
      "provider": "provider.template",
      "instances": []
    },
    {
      "module": "module.compute",
      "mode": "data",
      "type": "template_file",
      "name": "key_script",
      "provider": "provider.template",
      "instances": [
        {
          "schema_version": 0,
          "attributes": {
            "filename": null,
            "id": "12cf5fe02c1433895f58bbbdd8dcf7c28c0aa1df6a46f9aa3a39f416ef7ed636",
            "rendered": "#!/bin/bash\n\necho \"Creating ssh folder\" \u003e\u003e /tmp/init.log\n\ncp /home/opc/.ssh/authorized_keys /home/opc/.ssh/authorized_keys.bak\necho \"ssh-rsa AAAAB3NzaC1yc2EAAAADAQABAAACAQDTrFpSNj0W//peetvb14sz/kuzx7VTQydbrtMPTO/KwNH5XcQOyI8nGawHreVeIhod9HslnujfTW+QCuot6XEWhviy6pjNmpa60O0orBoy28Lt0YR6CTPZChyWLKfL43/1fKthghL5gPGnyy00Dum3DO8o5ryJwGrSiW0JuUFqJmAsfDG0XJELlULLSfxzdBTX6xe8a8IKKoL/CKNtt5Zt1yW/MyKC8wClbF+3VNAHuJ6a9L69TDWQtjOP+Qo91l0WUgEex0P4QyijzEa/iXHJgLVHa173Pgma6T5Jqr6QitKrk8FpBT3Q+chQ5NPTm6azQUPN7/POKpaJwScVObJIt5Btf3CyOleHz1hVEki77Qubr/2TMkUYndhImAH+JEeyAgo15+yuHtFHauW9VAUzW+jbINvqjPkr5ejAzy55zCXwe/FWDcL/MchZi4xK1rgk63zJMvAjK9msT79TaWIFHl02H4tvbVrMjdLr4hUTJbV1pe6/RMndkVqXn+j9ndU6MSfS6TNMuhbASQ/f87KhcWe4ta8jLUiib3EiJMqkbkX0He1gLYt6gjLxj9Ana4ogPA30sGG0PVD/qumyf/b/ITX2taYtbS5PQeo+ym/ysHCqCeyCjSaVOTS9d08z24sX0UhRDamBNCUzJTQYO7v5qve2kASfZSFSofYYWEbYIw==\n\" \u003e\u003e /home/opc/.ssh/authorized_keys\nchown -R opc /home/opc/.ssh/authorized_keys\n\nsudo su - oracle -c 'mkdir -p /home/oracle/.ssh/'\nsudo su - oracle -c 'chmod 700 /home/oracle/.ssh'\nsudo su - oracle -c 'echo \"-----BEGIN RSA PRIVATE KEY-----\nMIIJJwIBAAKCAgEAtzC6biJCsCFE8bq3jUOv1o+lCx/XdmDX5vroU1lq/SfhZjaM\nBnt4sZVtjLKKKHsjN7TqMRdj48RGdXqkh+Uoqy2p1kPN6zyWqQhaJ/wmH/OffbMk\nJPQEEpgDUKA7y4/QjoKWx+dhDF7HDl6AgToKLf5s4Hf3sa6Fjxon46+9YdqYbe6U\nombRYc0HPJxcDZwTrWFjGQRvOPk+lV9o9vZhgEUhq2xtjwx2mQU5tJlqG5+R14AX\nU7HBEjiyTxPQRAAlaHMjvpbWODscEQ6+8T+5xIZbkxRZqJqcxMzJjMd9jGEPgkuN\ntNZS3+lIk21FWxmX5fOSJcjiN9SUgH2cCOMcC6dIBEl9tsu5BLFT6GS2MSbOY8tI\nl0vkufaRyJisNj15AVlCpiuDsKdVylpwA4vSg1pwPZ64gneT33aztRtq56tPBugR\nerIudPhMKe8WeMfjGH+rHYg/jiJ/jIeG8SrBdMjEFyEwpl5Skilf5eMvwVJqCQ+2\nV8vNtuqUX28pFNWczoYvXzY7pCwpBbNbolSGj/sF1dK6cLMrYAeJseu3tlKop4kO\nqrb29Z0oySF6rqON2N7RrNwt2HLjlgRW9pqPoH9PQw3mLAV6gmf5pUP0zmXK++ky\nMS4kZBaFo92SPFNXOXpFojWAm+n+xO+IZz7nw30gYviZKwk8U7IZamFkmIkCAwEA\nAQKCAgBXJYY66G+DLICI4oN5X27iCnnAXgh5Fz7+cfRd2lbsUbGHl4FrgAd9q5Fu\n8myJL3MkiBs0+WSasP+32X017M05CcMW3DC0rKEbjo6dIPXeE16XRMZ4EeFyGwDQ\ntTlc8HCNqxAhzy+628ekTU6iq0K2eKfA7TFXRKfi2NWLGkpkp8IF4g6xZ2pKNWgw\n7E1aaBpwS7kB6LskhmXAV6AuhC0EAV8wFqfT+mDdEMBP6v+wXmvZ8eSm+xPXIEOr\nHMjh4JPrKYMios0L+Qq0DqjFScSM+kHMKU0xyUO015s2LpzKUE45dMnX8nGAdZEC\nGWR6HyXEzeeDtBnx514x9g9ppujq0EF9ovyzO1l5dPWqo4hzq4HXJDJzo3tyfWJi\nLBHk0Kz3w1WHwKX35dSwM6RUhLcSUT1lwz+J2xmrD/2V4qW7is37JSWD4ebabpAN\n8/HyP0Q4UvnypF28YFOBLypxCFty3zB+rCiCGlyDR57Oi7Aa1k5Pqf+0gB5fUMXL\nnkQrf8SuXOI+WE/GXmAu4JwJuvSAdg8Wh2/FuOOtz6YPHxmXNA/SlIli4tTDknMR\nCPjDEVmGJkKKE0v4/wyVWXQFYKWvR4OWuP9FXAOLu2W+uOIoEWyOdz6x94OdvaBF\nl67yitvAsLkwvVZcSQvJhk8SfexIQof3zmVH6lzT9LGGnRkqtQKCAQEA2VTduHoY\nnqa9JDvPzd8RR6xWGpBnDkQ7ZcoAC3isW1JLfyCEbvO0hYaIkXxJVv7tqaYMsjNV\nzwKtUKqgLJMkqaKpSBWU2vdIpewsizH8q1LW4Cad14jj68R+erNpZQGitvjDRrdm\nuZsUk0qaETAukUD05TUO7KOt/8v5lhbiWC3XQYsZtInqKwWVvD3Y5vhu10HvRi3n\nqguk0qeHXQhjwJJEz9Jw2c3dAqk28NFJQwwkNtwgGn0HbhKLzL1hlXUqSGgAeTp9\naC6nOk1u2Fts38IzMOq3OagwQyoj09CqxVjko9R9LBGwUbrqt2y+vkMrNydUeEVm\n+3WadXh2rRnpvwKCAQEA18jIJn70y5+ewi/FreWGdmMSjynqJo+e4top5kzhFvWH\nrZoH3rC+NpQ+Magb+f0RPd5TLPehFngzIOXuQ73JyNj+cJu2OHqoeK8wzOf5FYGa\nTWD/LKy09BkRl4IMlwgs9kil0f1wMnxn5kGm0AOb3ZYbaflzgXFcnucBg9c8EquS\nULLtNQzS9P1TwvfEKiXPqexYEo+plmkTdSliOlVwwf/dhNLVARIml/bLHi4UhUNl\nKD65oc5oPFor7H09Dmf3vGsSfcLxAflxT+a1QvA5CaVt/wJNvHBmoE7zoJU310SE\nHR3Yvg/hA/Q/oGB+grSv7mgvGtpLlyr4pcK/Jce/twKCAQAVmtUryJ937hVxa6y9\nx4YdPOmWXHKSPYA2Hz2f5lAkB+tPaPkhWoLAn14mMFfOGSuhKMusT2QhXx/BnCSu\nKbaEUpJHgzW4CssjC3ZmJAL9OQ/5Wn1odshJoM/9/KXmj6IQVGx9NDA3FU6XUdw9\nBzAp6m4t9vdT2PWsLyfRntbDc1Mpxd05UFiCDF0VSISueVXzei+CJ4AXLG8nLdZM\nDlB0TVYf3sivLkLhR9cZW4TP8H4NIhbi6zj43UkeglkYFXytlAEwC/t5huHC7v2s\n7nHFULXsD/lE9w5NLvw+y0ies7aO/smuvtdrWIyKzXmsylqacgN4rVWOe+Nt+Bq8\nHI5bAoIBADBfzp7yryZG7mxSEVrerbo0k6CMoPVsFQ5+Ig6DBaMEABqnAUSnEr1h\nll/DdCIi3Y6lHLhj+zTyVWP2p+d/0JC6NLBB+CPJO6Nygtos1uY/W7wlFo+JWDew\ntwTkHrZtGsdLmgDtdA2dXh18ck0HwhV25UZoqcBHDaCB4RERW2JEHFUDB7Jw4YoS\nkIiQyuU3/Mn3NfdTRY12mOoXEPJK3TBgj+SK7z2COCyxIu/tHKSTa0YOaccgYrXE\n8TvfB6UHIb6XslmHLkhnB0QGUHRlLiQ/dd1JQuwPtrIRgQRq703PCl8Mpd5V6Pfd\n9bWabEIZB6fGq2i1r2SAOaXPdtKdaRkCggEASucOJ61wa6aGT3DcLj2ojTW90Sxg\nyyLEvuYq/dKq+MjVS6jmdzJVCMeIYrq5CFPTzFb0dx0CK67DoznRsr2cu3U0bFz5\nWLQw0r4A4eqQ/XijnDENU/lqsIr3HRaTl7FA9xnTTp00T17AovX3jxPOzXoiOV8C\nZAatDRsRyhrPfkzC9Zp0Q4UgK6W8wdbL4yXWgilpth0rxdFnOdpQbsOmfAxIoG5c\nAbV+9DEfgCu8A84dE0XaBYHpjILSisisA5PufNFHBm5duu6qhTBIIm4DhfVd4Dum\nQTvJRhXD6WvlyqjkqGifvq3ujpeBAOtpOcTd/IxWdYhsUPjMdB5DBOctVA==\n-----END RSA PRIVATE KEY-----\n\" \u003e /home/oracle/.ssh/id_rsa'\nsudo su - oracle -c 'chown -R oracle:oracle /home/oracle/.ssh/id_rsa'\nsudo su - oracle -c 'chmod 400 /home/oracle/.ssh/id_rsa'\nsudo su - oracle -c 'echo \"ssh-rsa AAAAB3NzaC1yc2EAAAADAQABAAACAQC3MLpuIkKwIUTxureNQ6/Wj6ULH9d2YNfm+uhTWWr9J+FmNowGe3ixlW2MsoooeyM3tOoxF2PjxEZ1eqSH5SirLanWQ83rPJapCFon/CYf8599syQk9AQSmANQoDvLj9COgpbH52EMXscOXoCBOgot/mzgd/exroWPGifjr71h2pht7pSiZtFhzQc8nFwNnBOtYWMZBG84+T6VX2j29mGARSGrbG2PDHaZBTm0mWobn5HXgBdTscESOLJPE9BEACVocyO+ltY4OxwRDr7xP7nEhluTFFmompzEzMmMx32MYQ+CS4201lLf6UiTbUVbGZfl85IlyOI31JSAfZwI4xwLp0gESX22y7kEsVPoZLYxJs5jy0iXS+S59pHImKw2PXkBWUKmK4Owp1XKWnADi9KDWnA9nriCd5PfdrO1G2rnq08G6BF6si50+Ewp7xZ4x+MYf6sdiD+OIn+Mh4bxKsF0yMQXITCmXlKSKV/l4y/BUmoJD7ZXy8226pRfbykU1ZzOhi9fNjukLCkFs1uiVIaP+wXV0rpwsytgB4mx67e2UqiniQ6qtvb1nSjJIXquo43Y3tGs3C3YcuOWBFb2mo+gf09DDeYsBXqCZ/mlQ/TOZcr76TIxLiRkFoWj3ZI8U1c5ekWiNYCb6f7E74hnPufDfSBi+JkrCTxTshlqYWSYiQ==\n\" \u003e\u003e /home/oracle/.ssh/authorized_keys'\nsudo su - oracle -c 'chown -R oracle:oracle /home/oracle/.ssh/authorized_keys'\nsudo su - oracle -c 'chmod 600 /home/oracle/.ssh/authorized_keys'\n\necho \"Added keys to auth keys\" \u003e\u003e /tmp/init.log",
            "template": "#!/bin/bash\n\necho \"Creating ssh folder\" \u003e\u003e /tmp/init.log\n\ncp /home/opc/.ssh/authorized_keys /home/opc/.ssh/authorized_keys.bak\necho \"${pubKey}\" \u003e\u003e /home/opc/.ssh/authorized_keys\nchown -R opc /home/opc/.ssh/authorized_keys\n\nsudo su - oracle -c 'mkdir -p /home/oracle/.ssh/'\nsudo su - oracle -c 'chmod 700 /home/oracle/.ssh'\nsudo su - oracle -c 'echo \"${oraclePriKey}\" \u003e /home/oracle/.ssh/id_rsa'\nsudo su - oracle -c 'chown -R oracle:oracle /home/oracle/.ssh/id_rsa'\nsudo su - oracle -c 'chmod 400 /home/oracle/.ssh/id_rsa'\nsudo su - oracle -c 'echo \"${oracleKey}\" \u003e\u003e /home/oracle/.ssh/authorized_keys'\nsudo su - oracle -c 'chown -R oracle:oracle /home/oracle/.ssh/authorized_keys'\nsudo su - oracle -c 'chmod 600 /home/oracle/.ssh/authorized_keys'\n\necho \"Added keys to auth keys\" \u003e\u003e /tmp/init.log",
            "vars": {
              "oracleKey": "ssh-rsa AAAAB3NzaC1yc2EAAAADAQABAAACAQC3MLpuIkKwIUTxureNQ6/Wj6ULH9d2YNfm+uhTWWr9J+FmNowGe3ixlW2MsoooeyM3tOoxF2PjxEZ1eqSH5SirLanWQ83rPJapCFon/CYf8599syQk9AQSmANQoDvLj9COgpbH52EMXscOXoCBOgot/mzgd/exroWPGifjr71h2pht7pSiZtFhzQc8nFwNnBOtYWMZBG84+T6VX2j29mGARSGrbG2PDHaZBTm0mWobn5HXgBdTscESOLJPE9BEACVocyO+ltY4OxwRDr7xP7nEhluTFFmompzEzMmMx32MYQ+CS4201lLf6UiTbUVbGZfl85IlyOI31JSAfZwI4xwLp0gESX22y7kEsVPoZLYxJs5jy0iXS+S59pHImKw2PXkBWUKmK4Owp1XKWnADi9KDWnA9nriCd5PfdrO1G2rnq08G6BF6si50+Ewp7xZ4x+MYf6sdiD+OIn+Mh4bxKsF0yMQXITCmXlKSKV/l4y/BUmoJD7ZXy8226pRfbykU1ZzOhi9fNjukLCkFs1uiVIaP+wXV0rpwsytgB4mx67e2UqiniQ6qtvb1nSjJIXquo43Y3tGs3C3YcuOWBFb2mo+gf09DDeYsBXqCZ/mlQ/TOZcr76TIxLiRkFoWj3ZI8U1c5ekWiNYCb6f7E74hnPufDfSBi+JkrCTxTshlqYWSYiQ==\n",
              "oraclePriKey": "-----BEGIN RSA PRIVATE KEY-----\nMIIJJwIBAAKCAgEAtzC6biJCsCFE8bq3jUOv1o+lCx/XdmDX5vroU1lq/SfhZjaM\nBnt4sZVtjLKKKHsjN7TqMRdj48RGdXqkh+Uoqy2p1kPN6zyWqQhaJ/wmH/OffbMk\nJPQEEpgDUKA7y4/QjoKWx+dhDF7HDl6AgToKLf5s4Hf3sa6Fjxon46+9YdqYbe6U\nombRYc0HPJxcDZwTrWFjGQRvOPk+lV9o9vZhgEUhq2xtjwx2mQU5tJlqG5+R14AX\nU7HBEjiyTxPQRAAlaHMjvpbWODscEQ6+8T+5xIZbkxRZqJqcxMzJjMd9jGEPgkuN\ntNZS3+lIk21FWxmX5fOSJcjiN9SUgH2cCOMcC6dIBEl9tsu5BLFT6GS2MSbOY8tI\nl0vkufaRyJisNj15AVlCpiuDsKdVylpwA4vSg1pwPZ64gneT33aztRtq56tPBugR\nerIudPhMKe8WeMfjGH+rHYg/jiJ/jIeG8SrBdMjEFyEwpl5Skilf5eMvwVJqCQ+2\nV8vNtuqUX28pFNWczoYvXzY7pCwpBbNbolSGj/sF1dK6cLMrYAeJseu3tlKop4kO\nqrb29Z0oySF6rqON2N7RrNwt2HLjlgRW9pqPoH9PQw3mLAV6gmf5pUP0zmXK++ky\nMS4kZBaFo92SPFNXOXpFojWAm+n+xO+IZz7nw30gYviZKwk8U7IZamFkmIkCAwEA\nAQKCAgBXJYY66G+DLICI4oN5X27iCnnAXgh5Fz7+cfRd2lbsUbGHl4FrgAd9q5Fu\n8myJL3MkiBs0+WSasP+32X017M05CcMW3DC0rKEbjo6dIPXeE16XRMZ4EeFyGwDQ\ntTlc8HCNqxAhzy+628ekTU6iq0K2eKfA7TFXRKfi2NWLGkpkp8IF4g6xZ2pKNWgw\n7E1aaBpwS7kB6LskhmXAV6AuhC0EAV8wFqfT+mDdEMBP6v+wXmvZ8eSm+xPXIEOr\nHMjh4JPrKYMios0L+Qq0DqjFScSM+kHMKU0xyUO015s2LpzKUE45dMnX8nGAdZEC\nGWR6HyXEzeeDtBnx514x9g9ppujq0EF9ovyzO1l5dPWqo4hzq4HXJDJzo3tyfWJi\nLBHk0Kz3w1WHwKX35dSwM6RUhLcSUT1lwz+J2xmrD/2V4qW7is37JSWD4ebabpAN\n8/HyP0Q4UvnypF28YFOBLypxCFty3zB+rCiCGlyDR57Oi7Aa1k5Pqf+0gB5fUMXL\nnkQrf8SuXOI+WE/GXmAu4JwJuvSAdg8Wh2/FuOOtz6YPHxmXNA/SlIli4tTDknMR\nCPjDEVmGJkKKE0v4/wyVWXQFYKWvR4OWuP9FXAOLu2W+uOIoEWyOdz6x94OdvaBF\nl67yitvAsLkwvVZcSQvJhk8SfexIQof3zmVH6lzT9LGGnRkqtQKCAQEA2VTduHoY\nnqa9JDvPzd8RR6xWGpBnDkQ7ZcoAC3isW1JLfyCEbvO0hYaIkXxJVv7tqaYMsjNV\nzwKtUKqgLJMkqaKpSBWU2vdIpewsizH8q1LW4Cad14jj68R+erNpZQGitvjDRrdm\nuZsUk0qaETAukUD05TUO7KOt/8v5lhbiWC3XQYsZtInqKwWVvD3Y5vhu10HvRi3n\nqguk0qeHXQhjwJJEz9Jw2c3dAqk28NFJQwwkNtwgGn0HbhKLzL1hlXUqSGgAeTp9\naC6nOk1u2Fts38IzMOq3OagwQyoj09CqxVjko9R9LBGwUbrqt2y+vkMrNydUeEVm\n+3WadXh2rRnpvwKCAQEA18jIJn70y5+ewi/FreWGdmMSjynqJo+e4top5kzhFvWH\nrZoH3rC+NpQ+Magb+f0RPd5TLPehFngzIOXuQ73JyNj+cJu2OHqoeK8wzOf5FYGa\nTWD/LKy09BkRl4IMlwgs9kil0f1wMnxn5kGm0AOb3ZYbaflzgXFcnucBg9c8EquS\nULLtNQzS9P1TwvfEKiXPqexYEo+plmkTdSliOlVwwf/dhNLVARIml/bLHi4UhUNl\nKD65oc5oPFor7H09Dmf3vGsSfcLxAflxT+a1QvA5CaVt/wJNvHBmoE7zoJU310SE\nHR3Yvg/hA/Q/oGB+grSv7mgvGtpLlyr4pcK/Jce/twKCAQAVmtUryJ937hVxa6y9\nx4YdPOmWXHKSPYA2Hz2f5lAkB+tPaPkhWoLAn14mMFfOGSuhKMusT2QhXx/BnCSu\nKbaEUpJHgzW4CssjC3ZmJAL9OQ/5Wn1odshJoM/9/KXmj6IQVGx9NDA3FU6XUdw9\nBzAp6m4t9vdT2PWsLyfRntbDc1Mpxd05UFiCDF0VSISueVXzei+CJ4AXLG8nLdZM\nDlB0TVYf3sivLkLhR9cZW4TP8H4NIhbi6zj43UkeglkYFXytlAEwC/t5huHC7v2s\n7nHFULXsD/lE9w5NLvw+y0ies7aO/smuvtdrWIyKzXmsylqacgN4rVWOe+Nt+Bq8\nHI5bAoIBADBfzp7yryZG7mxSEVrerbo0k6CMoPVsFQ5+Ig6DBaMEABqnAUSnEr1h\nll/DdCIi3Y6lHLhj+zTyVWP2p+d/0JC6NLBB+CPJO6Nygtos1uY/W7wlFo+JWDew\ntwTkHrZtGsdLmgDtdA2dXh18ck0HwhV25UZoqcBHDaCB4RERW2JEHFUDB7Jw4YoS\nkIiQyuU3/Mn3NfdTRY12mOoXEPJK3TBgj+SK7z2COCyxIu/tHKSTa0YOaccgYrXE\n8TvfB6UHIb6XslmHLkhnB0QGUHRlLiQ/dd1JQuwPtrIRgQRq703PCl8Mpd5V6Pfd\n9bWabEIZB6fGq2i1r2SAOaXPdtKdaRkCggEASucOJ61wa6aGT3DcLj2ojTW90Sxg\nyyLEvuYq/dKq+MjVS6jmdzJVCMeIYrq5CFPTzFb0dx0CK67DoznRsr2cu3U0bFz5\nWLQw0r4A4eqQ/XijnDENU/lqsIr3HRaTl7FA9xnTTp00T17AovX3jxPOzXoiOV8C\nZAatDRsRyhrPfkzC9Zp0Q4UgK6W8wdbL4yXWgilpth0rxdFnOdpQbsOmfAxIoG5c\nAbV+9DEfgCu8A84dE0XaBYHpjILSisisA5PufNFHBm5duu6qhTBIIm4DhfVd4Dum\nQTvJRhXD6WvlyqjkqGifvq3ujpeBAOtpOcTd/IxWdYhsUPjMdB5DBOctVA==\n-----END RSA PRIVATE KEY-----\n",
              "pubKey": "ssh-rsa AAAAB3NzaC1yc2EAAAADAQABAAACAQDTrFpSNj0W//peetvb14sz/kuzx7VTQydbrtMPTO/KwNH5XcQOyI8nGawHreVeIhod9HslnujfTW+QCuot6XEWhviy6pjNmpa60O0orBoy28Lt0YR6CTPZChyWLKfL43/1fKthghL5gPGnyy00Dum3DO8o5ryJwGrSiW0JuUFqJmAsfDG0XJELlULLSfxzdBTX6xe8a8IKKoL/CKNtt5Zt1yW/MyKC8wClbF+3VNAHuJ6a9L69TDWQtjOP+Qo91l0WUgEex0P4QyijzEa/iXHJgLVHa173Pgma6T5Jqr6QitKrk8FpBT3Q+chQ5NPTm6azQUPN7/POKpaJwScVObJIt5Btf3CyOleHz1hVEki77Qubr/2TMkUYndhImAH+JEeyAgo15+yuHtFHauW9VAUzW+jbINvqjPkr5ejAzy55zCXwe/FWDcL/MchZi4xK1rgk63zJMvAjK9msT79TaWIFHl02H4tvbVrMjdLr4hUTJbV1pe6/RMndkVqXn+j9ndU6MSfS6TNMuhbASQ/f87KhcWe4ta8jLUiib3EiJMqkbkX0He1gLYt6gjLxj9Ana4ogPA30sGG0PVD/qumyf/b/ITX2taYtbS5PQeo+ym/ysHCqCeyCjSaVOTS9d08z24sX0UhRDamBNCUzJTQYO7v5qve2kASfZSFSofYYWEbYIw==\n"
            }
          }
        }
      ]
    },
    {
      "module": "module.provisioners",
      "mode": "managed",
      "type": "null_resource",
      "name": "cleanup",
      "each": "list",
      "provider": "provider.null",
      "instances": [
        {
          "index_key": 0,
          "schema_version": 0,
          "attributes": {
            "id": "9095627891458204250",
            "triggers": null
          },
          "dependencies": [
            "module.bastion-compute.oci_core_instance.wls-bastion-instance",
            "module.bastion-compute.tls_private_key.bastion_opc_key",
            "module.compute-keygen.tls_private_key.opc_key",
            "module.compute.oci_core_instance.wls-atp-instance",
            "module.compute.oci_core_instance.wls_no_jrf_instance",
            "module.compute.oci_core_instance.wls_ocidb_instance",
            "module.compute.oci_core_instance.wls_ocidb_peered_vcn_instance",
            "module.network-bastion-subnet.oci_core_subnet.wls-subnet",
            "module.network-vcn-config.oci_core_default_route_table.wls-default-route-table1",
            "module.network-vcn-config.oci_core_dhcp_options.wls-dhcp-options1",
            "module.network-vcn-config.oci_core_route_table.wls-route-table2",
            "module.network-vcn-config.oci_core_security_list.wls-ms-security-list",
            "module.network-vcn-config.oci_core_security_list.wls-security-list",
            "module.network-vcn.oci_core_virtual_network.wls-vcn",
            "module.network-wls-private-subnet.oci_core_subnet.wls-subnet",
            "module.network-wls-public-subnet.oci_core_subnet.wls-subnet",
            "module.provisioners.null_resource.dev_mode_provisioning",
            "module.provisioners.null_resource.print_service_info",
            "module.provisioners.null_resource.status_check",
            "oci_load_balancer_load_balancer.wls-loadbalancer"
          ]
        }
      ]
    },
    {
      "module": "module.provisioners",
      "mode": "managed",
      "type": "null_resource",
      "name": "cleanup_bastion",
      "each": "list",
      "provider": "provider.null",
      "instances": [
        {
          "index_key": 0,
          "schema_version": 0,
          "attributes": {
            "id": "2122555006898767096",
            "triggers": null
          },
          "dependencies": [
            "module.bastion-compute.oci_core_instance.wls-bastion-instance",
            "module.bastion-compute.tls_private_key.bastion_opc_key",
            "module.compute-keygen.tls_private_key.opc_key",
            "module.compute.oci_core_instance.wls-atp-instance",
            "module.compute.oci_core_instance.wls_no_jrf_instance",
            "module.compute.oci_core_instance.wls_ocidb_instance",
            "module.compute.oci_core_instance.wls_ocidb_peered_vcn_instance",
            "module.network-bastion-subnet.oci_core_subnet.wls-subnet",
            "module.network-vcn-config.oci_core_default_route_table.wls-default-route-table1",
            "module.network-vcn-config.oci_core_dhcp_options.wls-dhcp-options1",
            "module.network-vcn-config.oci_core_route_table.wls-route-table2",
            "module.network-vcn-config.oci_core_security_list.wls-ms-security-list",
            "module.network-vcn-config.oci_core_security_list.wls-security-list",
            "module.network-vcn.oci_core_virtual_network.wls-vcn",
            "module.network-wls-private-subnet.oci_core_subnet.wls-subnet",
            "module.network-wls-public-subnet.oci_core_subnet.wls-subnet",
            "module.provisioners.null_resource.cleanup",
            "module.provisioners.null_resource.dev_mode_provisioning",
            "module.provisioners.null_resource.print_service_info",
            "module.provisioners.null_resource.status_check",
            "oci_load_balancer_load_balancer.wls-loadbalancer"
          ]
        }
      ]
    },
    {
      "module": "module.provisioners",
      "mode": "managed",
      "type": "null_resource",
      "name": "dev_mode_provisioning",
      "each": "list",
      "provider": "provider.null",
      "instances": []
    },
    {
      "module": "module.network-dns-vms",
      "mode": "managed",
      "type": "null_resource",
      "name": "ocidb-dns-configure-dnsmasq-existingvcn",
      "each": "list",
      "provider": "provider.null",
      "instances": []
    },
    {
      "module": "module.network-dns-vms",
      "mode": "managed",
      "type": "null_resource",
      "name": "ocidb-dns-configure-dnsmasq-newvcn",
      "each": "list",
      "provider": "provider.null",
      "instances": []
    },
    {
      "module": "module.provisioners",
      "mode": "managed",
      "type": "null_resource",
      "name": "print_service_info",
      "each": "list",
      "provider": "provider.null",
      "instances": [
        {
          "index_key": 0,
          "schema_version": 0,
          "attributes": {
            "id": "8334990604508544848",
            "triggers": null
          },
          "dependencies": [
            "module.bastion-compute.oci_core_instance.wls-bastion-instance",
            "module.bastion-compute.tls_private_key.bastion_opc_key",
            "module.compute-keygen.tls_private_key.opc_key",
            "module.compute.oci_core_instance.wls-atp-instance",
            "module.compute.oci_core_instance.wls_no_jrf_instance",
            "module.compute.oci_core_instance.wls_ocidb_instance",
            "module.compute.oci_core_instance.wls_ocidb_peered_vcn_instance",
            "module.network-bastion-subnet.oci_core_subnet.wls-subnet",
            "module.network-vcn-config.oci_core_default_route_table.wls-default-route-table1",
            "module.network-vcn-config.oci_core_dhcp_options.wls-dhcp-options1",
            "module.network-vcn-config.oci_core_route_table.wls-route-table2",
            "module.network-vcn-config.oci_core_security_list.wls-ms-security-list",
            "module.network-vcn-config.oci_core_security_list.wls-security-list",
            "module.network-vcn.oci_core_virtual_network.wls-vcn",
            "module.network-wls-private-subnet.oci_core_subnet.wls-subnet",
            "module.network-wls-public-subnet.oci_core_subnet.wls-subnet",
            "module.provisioners.null_resource.dev_mode_provisioning",
            "module.provisioners.null_resource.status_check",
            "oci_load_balancer_load_balancer.wls-loadbalancer"
          ]
        }
      ]
    },
    {
      "module": "module.provisioners",
      "mode": "managed",
      "type": "null_resource",
      "name": "status_check",
      "each": "list",
      "provider": "provider.null",
      "instances": [
        {
          "index_key": 0,
          "schema_version": 0,
          "attributes": {
            "id": "5254637982318243904",
            "triggers": null
          },
          "dependencies": [
            "module.bastion-compute.oci_core_instance.wls-bastion-instance",
            "module.bastion-compute.tls_private_key.bastion_opc_key",
            "module.compute-keygen.tls_private_key.opc_key",
            "module.compute.oci_core_instance.wls-atp-instance",
            "module.compute.oci_core_instance.wls_no_jrf_instance",
            "module.compute.oci_core_instance.wls_ocidb_instance",
            "module.compute.oci_core_instance.wls_ocidb_peered_vcn_instance",
            "module.network-bastion-subnet.oci_core_subnet.wls-subnet",
            "module.network-vcn-config.oci_core_default_route_table.wls-default-route-table1",
            "module.network-vcn-config.oci_core_dhcp_options.wls-dhcp-options1",
            "module.network-vcn-config.oci_core_route_table.wls-route-table2",
            "module.network-vcn-config.oci_core_security_list.wls-ms-security-list",
            "module.network-vcn-config.oci_core_security_list.wls-security-list",
            "module.network-vcn.oci_core_virtual_network.wls-vcn",
            "module.network-wls-private-subnet.oci_core_subnet.wls-subnet",
            "module.network-wls-public-subnet.oci_core_subnet.wls-subnet",
            "module.provisioners.null_resource.dev_mode_provisioning",
            "oci_load_balancer_load_balancer.wls-loadbalancer"
          ]
        }
      ]
    },
    {
      "module": "module.network-dns-vms",
      "mode": "managed",
      "type": "null_resource",
      "name": "wls-dns-configure-dnsmasq-existingvcn",
      "each": "list",
      "provider": "provider.null",
      "instances": []
    },
    {
      "module": "module.network-dns-vms",
      "mode": "managed",
      "type": "null_resource",
      "name": "wls-dns-configure-dnsmasq-newvcn",
      "each": "list",
      "provider": "provider.null",
      "instances": []
    },
    {
      "mode": "managed",
      "type": "oci_core_app_catalog_listing_resource_version_agreement",
      "name": "mp_baselinux_image_agreement",
      "each": "list",
      "provider": "provider.oci",
      "instances": [
        {
          "index_key": 0,
          "schema_version": 0,
          "attributes": {
            "eula_link": "",
            "id": "2020-09-01 20:40:35.187 +0000 UTC",
            "listing_id": "ocid1.appcataloglisting.oc1..aaaaaaaacicjx6jviqczqow567tadr5ju7iy2m4vx6opyra6thql55n2nnvq",
            "listing_resource_version": "19.3.3-190816034153",
            "oracle_terms_of_use_link": "https://objectstorage.us-ashburn-1.oraclecloud.com/n/partnerimagecatalog/b/eulas/o/oracle-apps-terms-of-use.txt",
            "signature": "fe2d0571f9ce30fabec22b7620d5431686be37924b82c209cbabf1f9ee4ef591",
            "time_retrieved": "2020-09-01T20:40:35.187Z",
            "timeouts": null
          },
          "private": "eyJlMmJmYjczMC1lY2FhLTExZTYtOGY4OC0zNDM2M2JjN2M0YzAiOnsiY3JlYXRlIjo5MDAwMDAwMDAwMDAsImRlbGV0ZSI6OTAwMDAwMDAwMDAwLCJ1cGRhdGUiOjkwMDAwMDAwMDAwMH19"
        }
      ]
    },
    {
      "mode": "managed",
      "type": "oci_core_app_catalog_listing_resource_version_agreement",
      "name": "mp_image_agreement",
      "each": "list",
      "provider": "provider.oci",
      "instances": [
        {
          "index_key": 0,
          "schema_version": 0,
          "attributes": {
            "eula_link": "",
            "id": "2020-09-01 20:40:35.174 +0000 UTC",
            "listing_id": "ocid1.appcataloglisting.oc1..aaaaaaaa653zc2e4fsem5hhwinmfgnv3xp4dmbq6c6gvf45okxf6xz3smhiq",
            "listing_resource_version": "20.3.2-200824152337",
            "oracle_terms_of_use_link": "https://objectstorage.us-ashburn-1.oraclecloud.com/n/partnerimagecatalog/b/eulas/o/oracle-apps-terms-of-use.txt",
            "signature": "8eea4ebae508f142fc679c4479eef332c0db832645afc8aeff83b8de92e9ea1a",
            "time_retrieved": "2020-09-01T20:40:35.174Z",
            "timeouts": null
          },
          "private": "eyJlMmJmYjczMC1lY2FhLTExZTYtOGY4OC0zNDM2M2JjN2M0YzAiOnsiY3JlYXRlIjo5MDAwMDAwMDAwMDAsImRlbGV0ZSI6OTAwMDAwMDAwMDAwLCJ1cGRhdGUiOjkwMDAwMDAwMDAwMH19"
        }
      ]
    },
    {
      "mode": "managed",
      "type": "oci_core_app_catalog_subscription",
      "name": "mp_baselinux_image_subscription",
      "each": "list",
      "provider": "provider.oci",
      "instances": [
        {
          "index_key": 0,
          "schema_version": 0,
          "attributes": {
            "compartment_id": "ocid1.compartment.oc1..aaaaaaaafumsqmpg74h244arldrn72gasogwmp64snq2f5zn46swyjqdntda",
            "display_name": "WebLogic Cloud Bastion Image",
            "eula_link": "",
            "id": "compartmentId/ocid1.compartment.oc1..aaaaaaaafumsqmpg74h244arldrn72gasogwmp64snq2f5zn46swyjqdntda/listingId/ocid1.appcataloglisting.oc1..aaaaaaaacicjx6jviqczqow567tadr5ju7iy2m4vx6opyra6thql55n2nnvq/listingResourceVersion/19.3.3-190816034153",
            "listing_id": "ocid1.appcataloglisting.oc1..aaaaaaaacicjx6jviqczqow567tadr5ju7iy2m4vx6opyra6thql55n2nnvq",
            "listing_resource_id": "ocid1.image.oc1..aaaaaaaatbokpfj2x3oio7ibv7tuzl3twuqpfeuwq4xcy4xr6hekjzuccuza",
            "listing_resource_version": "19.3.3-190816034153",
            "oracle_terms_of_use_link": "https://objectstorage.us-ashburn-1.oraclecloud.com/n/partnerimagecatalog/b/eulas/o/oracle-apps-terms-of-use.txt",
            "publisher_name": null,
            "signature": "fe2d0571f9ce30fabec22b7620d5431686be37924b82c209cbabf1f9ee4ef591",
            "summary": "Accelerate WebLogic deployment in Oracle Cloud Infrastructure",
            "time_created": "2020-09-01 20:40:35.744 +0000 UTC",
            "time_retrieved": "2020-09-01T20:40:35.187Z",
            "timeouts": {
              "create": "20m",
              "delete": null,
              "update": null
            }
          },
          "private": "eyJlMmJmYjczMC1lY2FhLTExZTYtOGY4OC0zNDM2M2JjN2M0YzAiOnsiY3JlYXRlIjoxMjAwMDAwMDAwMDAwLCJkZWxldGUiOjkwMDAwMDAwMDAwMCwidXBkYXRlIjo5MDAwMDAwMDAwMDB9fQ==",
          "dependencies": [
            "oci_core_app_catalog_listing_resource_version_agreement.mp_baselinux_image_agreement"
          ]
        }
      ]
    },
    {
      "mode": "managed",
      "type": "oci_core_app_catalog_subscription",
      "name": "mp_image_subscription",
      "each": "list",
      "provider": "provider.oci",
      "instances": [
        {
          "index_key": 0,
          "schema_version": 0,
          "attributes": {
            "compartment_id": "ocid1.compartment.oc1..aaaaaaaafumsqmpg74h244arldrn72gasogwmp64snq2f5zn46swyjqdntda",
            "display_name": "Oracle WebLogic Server Enterprise Edition UCM Image",
            "eula_link": "",
            "id": "compartmentId/ocid1.compartment.oc1..aaaaaaaafumsqmpg74h244arldrn72gasogwmp64snq2f5zn46swyjqdntda/listingId/ocid1.appcataloglisting.oc1..aaaaaaaa653zc2e4fsem5hhwinmfgnv3xp4dmbq6c6gvf45okxf6xz3smhiq/listingResourceVersion/20.3.2-200824152337",
            "listing_id": "ocid1.appcataloglisting.oc1..aaaaaaaa653zc2e4fsem5hhwinmfgnv3xp4dmbq6c6gvf45okxf6xz3smhiq",
            "listing_resource_id": "ocid1.image.oc1..aaaaaaaafaw737glyfbfmnqwdjv4oip3rizvlkjibb2kuqkupy6y6zigfkna",
            "listing_resource_version": "20.3.2-200824152337",
            "oracle_terms_of_use_link": "https://objectstorage.us-ashburn-1.oraclecloud.com/n/partnerimagecatalog/b/eulas/o/oracle-apps-terms-of-use.txt",
            "publisher_name": null,
            "signature": "8eea4ebae508f142fc679c4479eef332c0db832645afc8aeff83b8de92e9ea1a",
            "summary": "Accelerate WebLogic deployment in Oracle Cloud Infrastructure",
            "time_created": "2020-09-01 20:33:48.676 +0000 UTC",
            "time_retrieved": "2020-09-01T20:40:35.174Z",
            "timeouts": {
              "create": "20m",
              "delete": null,
              "update": null
            }
          },
          "private": "eyJlMmJmYjczMC1lY2FhLTExZTYtOGY4OC0zNDM2M2JjN2M0YzAiOnsiY3JlYXRlIjoxMjAwMDAwMDAwMDAwLCJkZWxldGUiOjkwMDAwMDAwMDAwMCwidXBkYXRlIjo5MDAwMDAwMDAwMDB9fQ==",
          "dependencies": [
            "oci_core_app_catalog_listing_resource_version_agreement.mp_image_agreement"
          ]
        }
      ]
    },
    {
      "module": "module.network-dns-vms",
      "mode": "managed",
      "type": "oci_core_default_dhcp_options",
      "name": "ocidb-custom-resolver-dhcp-options",
      "each": "list",
      "provider": "provider.oci",
      "instances": []
    },
    {
      "module": "module.network-dns-vms",
      "mode": "managed",
      "type": "oci_core_default_dhcp_options",
      "name": "wls-custom-resolver-dhcp-options-existingvcn",
      "each": "list",
      "provider": "provider.oci",
      "instances": []
    },
    {
      "module": "module.network-dns-vms",
      "mode": "managed",
      "type": "oci_core_default_dhcp_options",
      "name": "wls-custom-resolver-dhcp-options-newvcn",
      "each": "list",
      "provider": "provider.oci",
      "instances": []
    },
    {
      "module": "module.network-vcn-config",
      "mode": "managed",
      "type": "oci_core_default_route_table",
      "name": "wls-default-route-table1",
      "each": "list",
      "provider": "provider.oci",
      "instances": [
        {
          "index_key": 0,
          "schema_version": 0,
          "attributes": {
            "defined_tags": {},
            "display_name": "Default Route Table for Dupont-Dupont",
            "freeform_tags": {},
            "id": "ocid1.routetable.oc1.iad.aaaaaaaa7pmmvnv2wmp6q3xfj2dbioufsyx23yalh7j2p47573rieddqpu5q",
            "manage_default_resource_id": "ocid1.routetable.oc1.iad.aaaaaaaa7pmmvnv2wmp6q3xfj2dbioufsyx23yalh7j2p47573rieddqpu5q",
            "route_rules": [
              {
                "cidr_block": "",
                "description": "",
                "destination": "0.0.0.0/0",
                "destination_type": "CIDR_BLOCK",
                "network_entity_id": "ocid1.internetgateway.oc1.iad.aaaaaaaa47xcvgovf3decgn7z2jkg7vxvirats7lhekoxp745uonuwlm2vla"
              }
            ],
            "state": "AVAILABLE",
            "time_created": "2020-09-01 20:40:34.74 +0000 UTC",
            "timeouts": null
          },
          "private": "eyJlMmJmYjczMC1lY2FhLTExZTYtOGY4OC0zNDM2M2JjN2M0YzAiOnsiY3JlYXRlIjo5MDAwMDAwMDAwMDAsImRlbGV0ZSI6OTAwMDAwMDAwMDAwLCJ1cGRhdGUiOjkwMDAwMDAwMDAwMH19",
          "dependencies": [
            "module.network-vcn-config.oci_core_internet_gateway.wls-internet-gateway",
            "module.network-vcn.oci_core_virtual_network.wls-vcn"
          ]
        }
      ]
    },
    {
      "module": "module.network-dns-vms",
      "mode": "managed",
      "type": "oci_core_dhcp_options",
      "name": "ocidb-dns-dhcp-options",
      "each": "list",
      "provider": "provider.oci",
      "instances": []
    },
    {
      "module": "module.network-vcn-config",
      "mode": "managed",
      "type": "oci_core_dhcp_options",
      "name": "wls-dhcp-options1",
      "each": "list",
      "provider": "provider.oci",
      "instances": [
        {
          "index_key": 0,
          "schema_version": 0,
          "attributes": {
            "compartment_id": "ocid1.compartment.oc1..aaaaaaaafumsqmpg74h244arldrn72gasogwmp64snq2f5zn46swyjqdntda",
            "defined_tags": {},
            "display_name": "Dupont-dhcpOptions",
            "freeform_tags": {},
            "id": "ocid1.dhcpoptions.oc1.iad.aaaaaaaa6ypdsqo6e7f32onlsrxbmiy6p5lg3mtlnxxqjucfr3xr5zetiiwa",
            "options": [
              {
                "custom_dns_servers": [],
                "search_domain_names": [],
                "server_type": "VcnLocalPlusInternet",
                "type": "DomainNameServer"
              }
            ],
            "state": "AVAILABLE",
            "time_created": "2020-09-01 20:40:36.22 +0000 UTC",
            "timeouts": null,
            "vcn_id": "ocid1.vcn.oc1.iad.amaaaaaalbfmicqajlv72uibfddf5nu25ratm7xdqhqmpu2irtu7d6qcfala"
          },
          "private": "eyJlMmJmYjczMC1lY2FhLTExZTYtOGY4OC0zNDM2M2JjN2M0YzAiOnsiY3JlYXRlIjo5MDAwMDAwMDAwMDAsImRlbGV0ZSI6OTAwMDAwMDAwMDAwLCJ1cGRhdGUiOjkwMDAwMDAwMDAwMH19",
          "dependencies": [
            "module.network-vcn.oci_core_virtual_network.wls-vcn"
          ]
        }
      ]
    },
    {
      "module": "module.network-dns-vms",
      "mode": "managed",
      "type": "oci_core_dhcp_options",
      "name": "wls-dns-dhcp-options",
      "each": "list",
      "provider": "provider.oci",
      "instances": []
    },
    {
      "module": "module.network-dns-vms",
      "mode": "managed",
      "type": "oci_core_instance",
      "name": "ocidb_dns_vm",
      "each": "list",
      "provider": "provider.oci",
      "instances": []
    },
    {
      "module": "module.compute",
      "mode": "managed",
      "type": "oci_core_instance",
      "name": "wls-atp-instance",
      "each": "list",
      "provider": "provider.oci",
      "instances": [
        {
          "index_key": 0,
          "schema_version": 0,
          "attributes": {
            "agent_config": [
              {
                "is_management_disabled": false,
                "is_monitoring_disabled": false
              }
            ],
            "availability_domain": "Zwzz:US-ASHBURN-AD-1",
            "boot_volume_id": "ocid1.bootvolume.oc1.iad.abuwcljrms6zgy7xkuzmcbapzpjpp56dph3qyjjd6y3gzz7xbwjwtjdsxiva",
            "compartment_id": "ocid1.compartment.oc1..aaaaaaaafumsqmpg74h244arldrn72gasogwmp64snq2f5zn46swyjqdntda",
            "create_vnic_details": [
              {
                "assign_public_ip": "false",
                "defined_tags": {},
                "display_name": "primaryvnic",
                "freeform_tags": {},
                "hostname_label": "dupont-wls-0",
                "nsg_ids": null,
                "private_ip": "10.0.3.3",
                "skip_source_dest_check": false,
                "subnet_id": "ocid1.subnet.oc1.iad.aaaaaaaas4zo7pesqby56x4emhn6be5gfob7iochivngum5rrfqy7yufbmka"
              }
            ],
            "dedicated_vm_host_id": null,
            "defined_tags": {},
            "display_name": "Dupont-wls-0",
            "extended_metadata": null,
            "fault_domain": "FAULT-DOMAIN-2",
            "freeform_tags": {},
            "hostname_label": "dupont-wls-0",
            "id": "ocid1.instance.oc1.iad.anuwcljrlbfmicqcctqfkzv34zdkogaym42medzjgdjfutveup4x6hzcqrxa",
            "image": "ocid1.image.oc1..aaaaaaaafaw737glyfbfmnqwdjv4oip3rizvlkjibb2kuqkupy6y6zigfkna",
            "ipxe_script": null,
            "is_pv_encryption_in_transit_enabled": null,
            "launch_mode": "NATIVE",
            "launch_options": [
              {
                "boot_volume_type": "ISCSI",
                "firmware": "UEFI_64",
                "is_consistent_volume_naming_enabled": false,
                "is_pv_encryption_in_transit_enabled": false,
                "network_type": "VFIO",
                "remote_data_volume_type": "PARAVIRTUALIZED"
              }
            ],
            "metadata": {
              "add_loadbalancer": "false",
              "allow_manual_domain_extension": "false",
              "apply_JRF": "true",
              "assign_public_ip": "false",
              "atp_db_id": "ocid1.autonomousdatabase.oc1.iad.abuwcljtvqyz7ewufcxkpcu2wqvke2omv4quglzcd7prjm63woeu5lq4wldq",
              "atp_db_level": "low",
              "data_vol_device": "/dev/sdc",
              "data_vol_mount_point": "/u01/data",
              "db_is_oci_db": "false",
              "db_name": "DupontDB",
              "db_password_ocid": "ocid1.vaultsecret.oc1.iad.amaaaaaalbfmicqa2udhgq34msn3gasm5ftf6waa3pvvlx5ssilmhvvwcp5a",
              "db_user": "ADMIN",
              "deploy_sample_app": "true",
              "domain_dir": "/u01/data/domains",
              "fmiddleware_zip": "/u01/zips/jcs/FMW/12.2.1.4.0/fmiddleware.zip",
              "host_index": "0",
              "idcs_app_prefix": "Dupont",
              "idcs_artifacts_file": "/u01/data/.idcs_artifacts.txt",
              "idcs_client_id": "",
              "idcs_client_secret_ocid": "",
              "idcs_cloudgate_config_file": "/u01/data/cloudgate_config/appgateway-env",
              "idcs_cloudgate_docker_image_name": "opc-delivery.docker.oraclecorp.com/idcs/appgateway",
              "idcs_cloudgate_docker_image_tar": "/u01/zips/jcs/app_gateway_docker/19.2.1/app-gateway-docker-image.tar.gz",
              "idcs_cloudgate_docker_image_version": "19.2.1-1908290158",
              "idcs_cloudgate_info_file": "/tmp/.idcs_cloudgate_info.txt",
              "idcs_cloudgate_port": "9999",
              "idcs_conf_app_info_file": "/tmp/.idcs_conf_app_info.txt",
              "idcs_ent_app_info_file": "/tmp/.idcs_ent_app_info.txt",
              "idcs_host": "identity.oraclecloud.com",
              "idcs_ip": "",
              "idcs_port": "443",
              "idcs_tenant": "",
              "is_admin_instance": "true",
              "is_atp_db": "true",
              "is_atp_dedicated": "false",
              "is_bastion_instance_required": "true",
              "is_idcs_internal": "false",
              "is_idcs_selected": "false",
              "is_idcs_untrusted": "false",
              "is_lb_private": "false",
              "is_vcn_peered": "false",
              "jdk_zip": "/u01/zips/jcs/JDK8.0/jdk.zip",
              "lbip": "",
              "load_balancer_id": "",
              "log_level": "INFO",
              "logs_dir": "/u01/logs",
              "mode": "PROD",
              "mw_vol_device": "/dev/sdb",
              "mw_vol_mount_point": "/u01/app",
              "rcu_component_list": "MDS,WLS,STB,IAU_APPEND,IAU_VIEWER,UCSUMS,IAU,OPSS",
              "service_name": "Dupont",
              "ssh_authorized_keys": "ssh-rsa AAAAB3NzaC1yc2EAAAABJQAAAQEAuaKKVNvRHsVdV2X0yzR5zTsbvGbjnSQOwMGKUSvhY0Xk9rJVUFrUQuniCNscN7BhB30pmA5bOmOhzipf+DT+TluQJlrr6OnIXwxY29I0h3Eb/jqsShS9MgZfZXgSi7+nis6xFVQtnnNny7zgEo4xlHvMNMF+lPHzt/nzsdQLV+jELFUSVsjcjemhnatw8yuEPSbS6pcde3GNp2b9aK73TaR6g/VBoQVCkJ3MqMicx7yxk4yYt+5RMVnE8oMk5m4H0n0Wv5Tf9/TI3rhkJ6J9tUkT9OzxyNV0JtU1a/JPylPhorZFcojHrYGNQT1bGPZmEsUlPNV664+YA51mN3USjQ== rsa-key-20200506",
              "status_check_timeout_duration_secs": "1800",
              "tf_script_version": "20.3.2-200824152337\n",
              "total_vm_count": "1",
              "user_data": "H4sIAAAAAAAA/+y8a5eiSLY3/p615jvEPyt7qutvZ4I31J4n+yxEvKKoqKj9zMpBCCDkEkgEIvap7/4s0Kw0M8269JyZ82Z4U2UQ+xf7HnsHsVLEAYUBvZulIfwV+LFHUahHlPXRAZp/AxscB6YepQ83w95QairzUUuYrm6Y7NfdAkYE4eBXULzn/sL8hbm7u5z0F+YJu4VIiAmi+VydUt1wfBjQvwELeTDQffhwo6MA0Xvi3DxTzSI9IBaM7qTAwCYK7F9BbYPoxYScZQoPlD3cEQd6HjEiFNK/MEPkwzfcffj/2A0K2I1OHIaBhoPBjRhBnaLABoQ4wMKeCaMb8NtvgKV+yOYcedhmGCMErIN9yOLQYO8JcVg9pg6O0BGajy5MyTde329097wiIc5dRHQgCILQLI+OulhMjZKU/WwJE6EpCIIoTFqzqB2qoy2nsWwIId1vihVyZN34eKgtZpPU3ER0OJ4p7CAZdatLY6KkvXrQ0ZNuBBew52Cz0SVeEG+tmVaYiDGm/FLSnD1K+XA78kOd5xQOR02cluoy5VZTXpyN16KTavLAkitltmgNqGM7ctUed4I05bhW7JdbSh1Xo7SfdCIVaVw/nrd3fV8gVqvDLfuS7M1lWbUOR7M5W/IHWNfrvcEAy6w4GFFaXdNiqrHDdCDWE9HbtAvlxUjoxn1eb8h8Y9bSJnSrjAsT3Ch6nDa3JXjgxpVJirZHSWfRstu35UVXL9bKY9vX+Vm1v4v4CaKDyK23w+asPCkYzqQ6Gs98Xj9O5uNRjR0rg1DvJ6qxUDb9Hq02qVUWU8WD3WPRWUguqtUm8SZiS7OhO18FptPzhW6hL8FUsHGxWkjjLm139VhrLIT5UStsN73Rfrcdu1EVboVjWq0exWUC2bbWMmR2aDhrVDkMipHt8uVjf7gXtoOGT2a1xkzXeu2ux5W6FbrfLKLh1pSjijOf9TeLYgh5djoMTHexWwaFbSMw5/xQtVR+NhrGzkZQJ6xVrw0cQ4MVqte38hyhTVlC/eHO3bhLrguLtryivL2VD9uGEOgVbI+FMkc6HW68aLG72E8tdsP2ZssS1Vd0o1bHE4gLqc+mpCvuRJiKW1VfKDO1YXL1Y6lCltzcmbZ0vzkS58f+bLJSavvqbg9LrqBaa7WtYmu10qTNqpc8PDCnmPlqCDCGg5MA3E0BDo1vzWVIbGJAYnAHcKQbHgR3BvjouyaKwN2XWMzfnAA+XqcwHB+boMZxb0neoTgF6V32NKVObwSmqgDG095CmElgIK3yN8yw1+v3k15TEAaiYEsCPYr8BvVFIral+mZX3s6VfREXPPHALk2/tazuIzwvejtWtZz1Vh8yzYBWyHpBt/JgMOiS7ag22w2n5rZSn3bM5c51CnO8S0th0R2P+GOq7SaO3mcTv8sqlrUZukx/PJGk0G7NB0ItrbCTLR5oh4LptNq1bsvjBXuGB7JVJZWuVSY6394ecFDhC42VuVttID9nsL+ZrgyuO+4fjNY6mUVae9uZTPfK2C14iwZu7NeOLc2dXelAt8mh5E/mVdr3dp1qYVqsCEtmXus2pS1KZ4fxZCoInt4dbvfhRlNaxJAmfKE+K1QPvfXGPUzXu/7OOAyP/e3QbGw70th24xFDR2u1XPB6bqnY1g7+smopat/YolFDndvdkiEqQ0PkzV5T8hqUxNWm3J7xHbU0VDfKqk57jMft3djSp2kfkdG2WBUWnhiiuEUG5iL1wkSo7FW7GCbjNV+xAzgrl/UjndJdlafjZmxPGRj1YnPsDAewrsGhte10C1F3ZbNb1Ge3Pdipq1HTHG6ldioloVdVXeRZVTjcJ4v+TpwUSsyivh/ReDdfluphe6QZR7zaL4+rWigmYXMz2mBP7WxZ0i6aA96Qh9FKgH0C4zL1BjisuAqzizalxprDqdrmo50yKo1q02iU0FJX3nr2VGuEuzHuNsaTpOzLwoK3fasazsfc0V8OCgU3ZYZqxV039TZulNRxe7RUlmEbbzXBLwSFg1LorY+1IClz9mqP1oPErc9rvbXut12/54pCIgmMMMlcuLnsr1Y83ym05J7Yq+BRdVmqITEIhKXtVNvHWsGwpmbJ25D5ptP1Ku3IFszGrtqOmbqf9uXy0EVNwhU0VSfjQrm05Iq1IVcVjaFWbolcNJA2W8ybvfESSkV+OR2uKxJsp52kNWHozDPqXXG0OwjOMS3wpTp0Z3Me7bhBCQ4soTZrL6cDC5VGmtxxQzes99oVmz+sS+FgpNkJU5OKut4ME7XmNnmZuI6/FBa8EDsiJwmLetLeWbOC3zKlYXPM7wvJ0t+v61D1C4fxsicpEdMdbp1KfxwNVkOECScXJjuutdu2VUMdFtzucDDnDulc4YpVUpLD42AuVarmMFjWg45griWR6WhTvpsupSOELdoMDtVi5dCwG2EYb3ec1G7gfXpUil7VHGs7XHGOu0p32W/1j7hMU0vrI0Zudl1ucCwnRa2bDJblqqkmQ346d2RDnc+KXnIs9EsHP2qxpUVlp9UQKdf6qtaqwI2+CYURU2e76ZibVOb7IA3bpfqqrTTlNDyIbZqWj81CJCKx46WtabWmoJqgF93qeGcVOLtZtebDpcwE7iSy6mq8VHoFTWI7S1+IK/2kH+9VwbTrmlNi27Gi0CO/GncP/nIksKrX81CFzlpuMJwy4njbkhZ+p+8OBhK3r7BJutCWk/ZqoO2nFUWLx432UlDkuKQVYqWHJS1VzCN/aFQUc68324zH11JE9wKR3WS/WBvqZN933LpqwUNvgq3y0V90ee84a8idTjB1dzTz3IkklBYzM+7iFRPs9Ea/tR8fzfp0yh+0TtgMWu6ktjawIJYR0Yp92UpFabNXOGel99zlob/Y1+hOXw3JdrRgjsmAzgc7W+4P3Z0+CNWmNi/tzV4IE4KO3fquKGsVUTeLle2Wr08LMBqF60kH0f22NY1Mn4nXZO5yO12aCbE7b3HV2VypDRTK1vdVz9kgTSwvJyuypr1gN0i0xb5VXlX3TlzkuvspKgfMzo5dbge7y4mzTfp96djoJyWjbAo7t1QftfuTJHFHNLE7AdfdOAP5KBcdbznfqR1bgLOwwegiHyhuMS61KSnXe8ehsisrup1MUrzlGuLusNi6uDFtyM1OMt9EO1pKC3t3GI1Scw6lhc8UyppuLp1SNA3CfXLScLG+7fWDGpdWCzBBbDuCWsf0h+o2DXZ9XIAVisOqe3Tae63LRGvcLUdiYRROCkPd3hQsbjo2qzN5DJ12YB97yjKe1Mr9dLQtGP24pHR3GA7qyVGxqu1VR2dmWouVBynXaLpTr9IbeolNGi7yOKuYDINDUHU7Picom/J6tdEt72gv20YQG027YdSlXawyc1mmo8lRbYyLs2RvSQO0HO/gYSXhQuj57sxUPaR4iySxWNMZyQth2vM9diN3UWXuzEceM2jxVWxU8biNo1qXa7R8q7zvENUy5INgeYdZQS9O9kJV1BeUTfqjfbfpY6l2xP15ucipEtOdlld7m3UEdsLiTrNgR+q+5tv7Dg1lL40qoTFg+wZkaa5gYeHTeZT2G+WaszjofNpgDpWVOVZ8bdkdqOOVUOoeS1bVE9xmgY71setoWBaCYsUfti2lo8bOYBiTWWniLA9sMxDVmBlsdGke9rv2UauIhGzF8trvC3JDmbBVLShikzh9PGQb7GDpb/neZNE5NEYtodye88u5mTSY5lEIeb9CG3tzVhprRE6taUA3LaM4DA8mV523kdhqcwu1p8ZwsTxCVBD7FWEpd+qBbK6HTMtrcrPFyioTtJdd2Zk2jLVWmY3r3cqo52wQf9xWynMX2p67ai9T6glSIrK06sRdsbYvEaYWdNtzeUlarCc1kupI3ieFlEOQ1HSFJX68p2ak9dLBcemT1Nvphj2qRAtNgYURLTR3dabbq24E3GsKraZ1DGtplK47Nf+gSosIRhvMubw4xOMFaU+qhZ7Nt5r6UBKau0CYq4EUFR3G89iWKfZQecV7XdnZFo6zdKGNS2HBZLm+yI/kZrMgjvsKP0ptikkxXrFaLfHauNDXWjBhaDJzu9Gadogp+3aLmkLJXDrFuuFy3cRZlKrzNd4ZzW5LF5uVqTTVSn2p2563mrV+UllhlXF7aJLG8zI7DMojy5xNV8WSr+ClNO4PyrOmvS2og9qxJCpieujFLO0O1JnOrRTdMOxVtJSY+mxvNfl5t7fhl8Tzu7LrBE1u0pl3p56MJqxpFvuTOBnTqDe1J9NdjSuPRa8+DM3qgh9bJtPYaPpG6q2bvNXZlVAxKqmCoi/HJh2Y+tQVbVsS1NhQ+nwx0Xm9Myu3DHlbwtuZ1uDUg82kqSzt49WONQe7wnC7UPmtbx77C3EIe6toVxXb49mxveHMAycO+FoLH4MpiUpGXJ5zm/axymjyJOGiilCBuwm7RNugJY3mrLcjvajcneozr9YWGodgNgs5blasCXi/LG8PY+W4xEhZ1EVmLei0NSXT1InGlnsUG+sw2yntAa/VE3MjV9KlZiMvpA4XHcx2oJjhZEMU3xIOPdypGoywWRQaLcmyxbgu1CumxC315qobbnuyiggiQnUcW6N2t+lXzTjmd86s2ev5lZZjLcxKK/aZyWzfnzrLFq/tvXS3dXcdZO135Xgbwqag0FAxZibbO2jmyiHz8XZoNqutpmLQhfDwwOQthzRqXW9FbsBvV/ohZD5GRH+3K3rqxPKxX8+vfhgl660q13qrrxP+yDmIWB7KYdxzB0lvPjvEERxNeFbb8nO52zBLq5HlF2JnpmlRo19o+yOcdGAZHTytNCQYY5gOy1TBh3ZpvD1I6yLcqd2qiiJZD7RJvRyN+3ootnHAiiurXm00SDpxG8JE9YXRBLf28rYhKna46VZL0nBJDGWJxaZiY8r6R9tk4SHC2riDrG1UKzql0KG1UEVr2naOE6MetJNR0FToShuum516pTDjF8vSttTwO8JU7USbTmnc6urr5sznfA1vgmp3aTfNGTEkVZH7Y6nRlARxgY1UKXh0VVEOybQV1Q7jWiA5Xjxrt33sh0fpOPSHh3JpuJoURLVS4oqebPFzNNvMF5vO2vLq1Z6XKr1ysa8K1jrpVQ6JHHK2pC5LpbTmSmQxxmt5deiT6jbl0FItqNVG2O35g6Q0XrpNbT7wBxUlCYvLgRYILdQYtLRAaAQREs3q2DIjpdgpRcGOq3f4ZpsnqMoVpCSsHdaVQ2G4snhiolZB6QWFoVPZHAakzaXDybI3E/2lN1AHC9arpGxz7uN+q7ZepvVSiQ+n1iZ158X1UXFQwxptY1cW3TYpxmjR08eFZLngojAhKbWbFf/A12BpvkMBmvA7ut8UA3Xb7y13Ma6UV2XaIWWxvDJiRWu2NyUfF2yLa7RacEWay524Zn1vws6UtRHV+FnvIKOp28batrzu1edFowpdDY1W4oa3alKt4gTj2GpZahMV+m4kzg4z4ni7laau0OTVOchFOLw63vhnw/J74bL45K/G5xuE8+GkYJrQBPmBJsUgm5X/eHsk+k8d9f57T3o/MB+AiMM0QrZDwc/GJ1Diio1fQIkrcUA56UsPTBZHAFECdMtCHtIpJPdA8DyQkxEQQQKjPTTvmQ8M8wFMIYEUUAcCFFJ948FcYTiEQT5ooQgmuueBEEeUAHwa9bChe2AxZD4AwTAgyWlOMxABBg5ohD0PmsCKsA8UsQdUaMQRoimIYg+SjC4zEMPikLInBRA244w+PrFxTxyGyVQ9ylR9+/NGJ7nWwW1TULuPqjKfitInhvGwTR5NFD3c/mzEkQfuZOBQGv7KskW+cV+qVu7P/+aHdPsiiwJC9cCArA+pbupUZ58gPjFfDuZu/3ga/Jyt8Jgx8nBzMcpuMKaERnqYedENw1hxYGS+Ajxs//wJ/MEAAEDiIA+CXlt9ABHUTXAXAQ8F8G/AxPn77GkJM+nhH6ZOIfhY+Gl195N/95MJfur++tPw15/U+59GH//xZe7Juf/PbUbzGwC3GdhN/tbEAWQ+X7ARhxnko0Wovjnz4+M4oCFGAX24LTIAxDEyH/6Rx5xHNp4L7gIM5vNeC9z+bFrgbgxun0lYDxNasHAcmOC/gZ644KM0av0RRiig4Lb4+eOnjM1TAEMT3CFwB8HN/73VM8CH2z+yxT5fAgJ4oJUsNPEvJrT02KPkl8cAUhPufwmwpSMPcKB0A1hIDTYXI5PvAxhH8M6IYKavMMJ7lMULCuxM70AnT4kjJjACBANEM5fESQBNsEkv394zH8DMQbnLZjlij5EJIt2AdwYOzDzuAbIyWDuDd/QwhAE5ubQOTk4LojjIF9cJiDCmp2UtFJE8pgLmw1seswjJ2TezaH1m7Qv9PVAxSDLpvgiKKNhAC0dZgKevWWI+5OH3ep3MZe+vZtQbimPDufRx9pL67NAfwDw4ohDs/bOsuVi/ZDrJmIBRhKOTNnKbLrAX+/AXYDjQcB8v8R4J1WlMwF8BjXCcxbaDMUWBzXw4q5GABGU5JsJ5MjlB64aBoyyFeinDhCl1cABe5Is4Y+/xib37MAX/nQv+22/g9ilmGXhA9NHAJny4/S8GWeB3cPtlCNwFEHDg73872eo5wKScAXiARpx/U3tag4A4CHXDvb8H0gHlry4FvbnGQIb6wfCgnoXkWd588IUsFJlpHGY5L+figCgoMhZ62s6knBVovuHkyQ8TRJ0TWS7Y789C/v0qVy9wMzkubHjGvE73AYjZdnAx/T5MnyIpm5L5d4ATEOoRBdg6bS2+bsPrRnwJ9K+z4EmyfLXMxf/XDPhWzz9uu6sxnSVs5z2b9XtTAfRF9a7RKNfvs80XsDFXZPUwBH89/TfbCbM88pxu74EGs33lIwWOvofZy5z7rAqAuuGACGabIHO503yBZc6m+i9wB3cvTHRZoMGARimwcPTMDgouWLgqD/QI/ILT1lFWaGQJ/FKoE/Arcc4mf8fKV2z8roUv7PtW+kyTf0b63AL/vPg5zL9P/nNCeC6HwhT8/BT8iUdOwf8p4yVP2MDykWl6MNHz3cwEW9MFRxRm25huURidY5WAbEJWnMbh9dTxYsnrft+8nHLKmCTPSE9ZNNPQBSYwUQQNiqM0qw6kgMQRzOanOTPXqohchBwxq+W/4OYBc0o/8JQWQxj5iGSJ5v4cwe+1STFXfJqQNT53U1CrVU+2/TohDuk1wky+y/HC4aUe//+81M5q8qycyJ3pjJi1WyDrPSIjq6VaylDojR67ylA61/kWsuMoq/Nx9EIpd4CeK6sI7mL0NMVHdqRnhRWjyerjGW4kDKWH25+fktpF43fN6Jl3b3Q7s2fikUcT+zoKHrPG4OOnS9RWb/qnQM+AJoo+fmIuBH64fQl+w97cvhKCeUr28JD1QuAF9R8Xvz5f6a5PWs6sIB0QOd3kiTcBpORlZbfXPWTmOvwF5DWypROa1WQEGsBDJC93c0fL6iuKTfwrGEFo5q5uoUPmwKdKMg4M7GcdbT7zmlrOa+Eo2+K/sQ/DHShd2Yc1WQVqLscFXxmvp24wZ/ili+iBbkMT5E1qlDGdcRkHyMjqYIrzWNNNHwVPU/6Ve/nlZg69a0KXrwkNNzK2kQFED8cmMDHMSiIKSBzmjhFG8CJ2jJhQ7Gd9Ofb2WfXfap5ND4iDY8/MQgosxNFHAs6NEmh1xTHAYd6j/JtqmeviV67VXk8OnDX+z8LoXtYCp8DRCdBBhLPMmLf6+ZnAqQrSAyDnZwtjCKMMoqNTmOjpRa65B2MP6gSCCPp4n2fnd8BOpxThGck+I2VOltE8M3ZJjaNc2zowkWXBCAY0m6imhEL/36Xp866Ks8iMz7KgAFGke+iYh36+6ehfsnUmzpv2b4OpAwg1cUzz6YSaMIoY5kPeoIH96aCJZAVHGGHzaeBNY3Dq575M/1pv8EK0l3SZiC8SyOu6+OoyP14aX/PRl/3ByZMeTws83LzgGZkGYb+42iOFhD5mY/fEOZ2y/P47uDuA2z9egHwGf/87+Otf3wznFJEP7qy3r/J3jk5y+Ec9osjSDUoe88z26GBCH7h8Dnoaezq2+lO72huUj59ydG/zuNENFwZm3qTDh5u27pHzkVKuy5vbN7Q34AHc0CiGNy8Ue5kAvjhPfnxxFjIMc0W+Fy15xKhZ3fTGazMn3esRykM0Gz6dOiGavTCyZPDsI+iUa48wej5ie83Go4ftXI8vW6grvvCWf1D67a/Fm0/PIl969TU9ZM59BeZHXfsJ+vdr/W/uf6dFb68Jez1YniC/HTTv2ZfCKNItHPmPT0fhX2M9e17p/GU2fI32cu1rir6i7Dcof1rVWSL+53V0aQ8jKwiynejxnA+y9b4ZFa9d+A3Kn3Hnd1kBt1/NS6/9/0dM833r/1lz/XB0XNPjv8Eh8jzqec/Lf4/9L4lylk82f2vja+jfY9I/Z9Grq/1LDXhNEd8yWs746djk9Oieh5NHXw9i3XvqIeGBwiCrPv7UDvtVxI+fXvvNV6cD8PAAPmY77MevOJTqojDM/OlEfgquvDgk4AQMnhEtT8+/PBB4vXb7An2ppWvO+5+M/9Ye6BxbBHrQoND8syXaC5CPLwPyVB+fPSWfCIOsHDIfcUzDmH7/mqed4D24jJUsHbxa/uul6lXz3H6L5a8XJeBFBfpCNXkBauWFKshTw+/fSnDv2+6Z315LVF8da+EACBdHDb+A8NR6nuQAGcUPtoSXz1c6wddRAIovhs8p7c977H9qlOu6+E+N8p8a5X+pRnnugcXTN3/qQODrkQsjkhnydEwIo/z8DIf0+bw02+nPNcCXDf9/sty4+tn2xFi2W5y89Y7E+U2gu9MbcHP6FpUvdRLIHOZvbt5WLhdlytsTYJ1kfX6in9r6CO5iSCg072+etoD/KV7P66r5sirVo3yneWb2FV8kmxGH38HfCwbffKL47u8Rn97DOX9A+bGvJe+ifffHjkv6J589G9REX+yGPC9XDDwgQkk2ep5zPqc5X4V5gXZxC+sVY59f1UTvf0C7nHe67nLzFi2/9iJiP/Tgs3++IH17QDaL4tc2/SA3wXnW5e0eFABsWR4KIMhpX9I8XT0ikJ4yLn06yjVwFEGDnojARienSiTA5ksI3TQfPaybG93TAwNG3/aB1xSf3lZbt3+8nvT5G+khVxPWzccngkdkfpuV1xSf3mBGkOA4MuBjGEELHb4NmQUmMuAV986eL2aENJ/xcPvHqxU+33mbu/M0AukbBBQ+3P6c7UX5NcQ79HaNK43AD1b9n5i3oLlZXk/8DqNkT4gj+h1cvKw0MqK3wr1pDX9sjSz/+CTfdaLgnSUut8HXdjvbDIWfb369uf0jA/j8dva5NT7H1KUbf4nQFzEJfs2vwb30xc+/gNs/XvvLi8F8IKN8lR4+f1fhf01T2ECPeogeY4q8fKs63yu5WOHM+Gmla2xf4/p7mL7aclytrMC1ovLNFazrRnm+qmI4emCfCpyTLOdrYjLWTfDGXqcPdvl28aOFGnjZK4E3rdOl053/jgYO08x1Eo/cnxNKxjLJvwCa9/fvrnm6YBG+tOolChuTiPXQhj1jnf+9XPvL3/BIfQ8Fbi76BcTX1/YCcEfAx3eWuWTlI/iYXwt6NSP/iyl3+Q1Uqkc2pPeJHrwU4uObK2159+hBPfjylfOdO2ivv4W+98X9dTv2bezXV/jv7v7C/L8AAAD//+D8/s8MRgAA",
              "vmscripts_path": "/u01/zips/TF/wlsoci-vmscripts.zip",
              "wls_admin_host": "Dupont-wls-0",
              "wls_admin_password_ocid": "ocid1.vaultsecret.oc1.iad.amaaaaaalbfmicqaymftg5vivf3mk43xgiuz7ny45t2mgxrcqizr2pf4thaq",
              "wls_admin_port": "9071",
              "wls_admin_server_name": "Dupont_adminserver",
              "wls_admin_server_wait_timeout_mins": "30",
              "wls_admin_ssl_port": "9072",
              "wls_admin_user": "weblogic",
              "wls_cluster_mc_port": "5555",
              "wls_cluster_name": "Dupont_cluster",
              "wls_domain_name": "Dupont_domain",
              "wls_edition": "EE",
              "wls_existing_vcn_id": "",
              "wls_ext_admin_port": "7001",
              "wls_machine_name": "Dupont_machine_",
              "wls_ms_extern_port": "7003",
              "wls_ms_extern_ssl_port": "7004",
              "wls_ms_port": "9073",
              "wls_ms_server_name": "Dupont_server_",
              "wls_ms_ssl_port": "9074",
              "wls_nm_port": "5556",
              "wls_secured_ext_admin_port": "7002",
              "wls_version": "12.2.1.4"
            },
            "preserve_boot_volume": null,
            "private_ip": "10.0.3.3",
            "public_ip": "",
            "region": "iad",
            "shape": "VM.Standard2.2",
            "source_details": [
              {
                "boot_volume_size_in_gbs": "47",
                "kms_key_id": "",
                "source_id": "ocid1.image.oc1..aaaaaaaafaw737glyfbfmnqwdjv4oip3rizvlkjibb2kuqkupy6y6zigfkna",
                "source_type": "image"
              }
            ],
            "state": "RUNNING",
            "subnet_id": "ocid1.subnet.oc1.iad.aaaaaaaas4zo7pesqby56x4emhn6be5gfob7iochivngum5rrfqy7yufbmka",
            "system_tags": {},
            "time_created": "2020-09-02 12:38:57.948 +0000 UTC",
            "time_maintenance_reboot_due": "",
            "timeouts": {
              "create": "30m",
              "delete": null,
              "update": null
            }
          },
          "private": "eyJlMmJmYjczMC1lY2FhLTExZTYtOGY4OC0zNDM2M2JjN2M0YzAiOnsiY3JlYXRlIjoxODAwMDAwMDAwMDAwLCJkZWxldGUiOjcyMDAwMDAwMDAwMDAsInVwZGF0ZSI6NzIwMDAwMDAwMDAwMH19",
          "dependencies": [
            "module.network-wls-private-subnet.oci_core_subnet.wls-subnet",
            "module.network-wls-public-subnet.oci_core_subnet.wls-subnet",
            "oci_load_balancer_load_balancer.wls-loadbalancer"
          ]
        }
      ]
    },
    {
      "module": "module.bastion-compute",
      "mode": "managed",
      "type": "oci_core_instance",
      "name": "wls-bastion-instance",
      "each": "list",
      "provider": "provider.oci",
      "instances": [
        {
          "index_key": 0,
          "schema_version": 0,
          "attributes": {
            "agent_config": [
              {
                "is_management_disabled": false,
                "is_monitoring_disabled": false
              }
            ],
            "availability_domain": "Zwzz:US-ASHBURN-AD-1",
            "boot_volume_id": "ocid1.bootvolume.oc1.iad.abuwcljr4l5yvq4npcqh7iwofwwvmy23kihcix27lo22kwtpxykvnymfaagq",
            "compartment_id": "ocid1.compartment.oc1..aaaaaaaafumsqmpg74h244arldrn72gasogwmp64snq2f5zn46swyjqdntda",
            "create_vnic_details": [
              {
                "assign_public_ip": "true",
                "defined_tags": {},
                "display_name": "Dupont-bastion-instance",
                "freeform_tags": {},
                "hostname_label": "dupont-bastion-instance",
                "nsg_ids": null,
                "private_ip": "10.0.4.2",
                "skip_source_dest_check": true,
                "subnet_id": "ocid1.subnet.oc1.iad.aaaaaaaahws5unbkm2ospnmlzakrjo4y5oqupzfrjm36z73h5gia3ofxvgwa"
              }
            ],
            "dedicated_vm_host_id": null,
            "defined_tags": {},
            "display_name": "Dupont-bastion-instance",
            "extended_metadata": null,
            "fault_domain": "FAULT-DOMAIN-2",
            "freeform_tags": {},
            "hostname_label": "dupont-bastion-instance",
            "id": "ocid1.instance.oc1.iad.anuwcljrlbfmicqcrs7xwrvcjxp36o5cpoewwi2wonquvagtxwyvucbfrmma",
            "image": "ocid1.image.oc1..aaaaaaaatbokpfj2x3oio7ibv7tuzl3twuqpfeuwq4xcy4xr6hekjzuccuza",
            "ipxe_script": null,
            "is_pv_encryption_in_transit_enabled": null,
            "launch_mode": "NATIVE",
            "launch_options": [
              {
                "boot_volume_type": "ISCSI",
                "firmware": "UEFI_64",
                "is_consistent_volume_naming_enabled": false,
                "is_pv_encryption_in_transit_enabled": false,
                "network_type": "VFIO",
                "remote_data_volume_type": "PARAVIRTUALIZED"
              }
            ],
            "metadata": {
              "ssh_authorized_keys": "ssh-rsa AAAAB3NzaC1yc2EAAAABJQAAAQEAuaKKVNvRHsVdV2X0yzR5zTsbvGbjnSQOwMGKUSvhY0Xk9rJVUFrUQuniCNscN7BhB30pmA5bOmOhzipf+DT+TluQJlrr6OnIXwxY29I0h3Eb/jqsShS9MgZfZXgSi7+nis6xFVQtnnNny7zgEo4xlHvMNMF+lPHzt/nzsdQLV+jELFUSVsjcjemhnatw8yuEPSbS6pcde3GNp2b9aK73TaR6g/VBoQVCkJ3MqMicx7yxk4yYt+5RMVnE8oMk5m4H0n0Wv5Tf9/TI3rhkJ6J9tUkT9OzxyNV0JtU1a/JPylPhorZFcojHrYGNQT1bGPZmEsUlPNV664+YA51mN3USjQ== rsa-key-20200506",
              "user_data": "H4sIAAAAAAAA/6SVWY+jPhbF35HqO3iqH0sEspCl/qq/RAKVBcgC2V9axhhwAobYhoRoPvyIVPV094x6Wpp+y1WOz/1dzD2MMiowFfK6yvErSItEkBwyoaTkhoO/gJ8VNICsent2po45XGzmhu4enqW6kreYcZLRV9BsqE/SkyTLP4qepG/eBuF5xol4aKEQEMUppuIvEJIEU5jit2dIKBENHj9/P7VmkPIQM9mkKAsIjV5BzyfiB8EDWeCbUG4yj3GScMRILp4kh6T4v+i+/EPxCVV8yGNJwijOwLMe1L7gjCv+DP7+GygizZUHSZJFkoRyoMRZipUsR0qD81iBhYgzRu44+Fof+s3fDR+ePztxHsuMQ6Druj5sz+9w1KxQy6xLQ1/pQ13XR/rKcN/bm930Yolw7DL16N3ZFg6tbjWzxkuCYMmzXkEu2MfHZSu0Qkt3DW2psqQiSTAsBoHjIetFyWbzQFvf13MslttcFJ6VxL2xULorNttdSGYNdRGVk6wvYB6eXsz+fB4yYhmKz4NI571jp22d7GD1ktv7/iHMV53DQBwDZGvFluvjMJ3F7HIv1Y5tXVllHMaeQtz3pNsbzuJZct4vnXSVX7RriaxOsrFtde7efGNoD+Yiox6dDsfexE04706N+dVaH4XQO5W2slBpC1uZqQevue/xl2K+J3086d2W9DjSVoZWarf2wnAGE9NeRxNh8sVYg/qKk6CIxbnrl8p551quKWb2+/kemb32pJ0ppeYcWl4yc0580Zlb9u3mbNXLwRxZV9RJK7Vaa+Jkva/djbayzurl5bhpsmuHdDbrQ9Njm51bbOii4xz0nu22ytZei67ebnpXjOVqgqbelOr5+NC7cDqItj2F7hPthCdO6B/2fss8Dgf9qOWmkbHrv/TXKayOzOsmZx7kTQtnqoG7UNXgmRorNNbXPdVI7GHMRAu+eOiEFu28PE0ya0QHJorMcLLf2D1VzMIqcmbHLrR2M308mAU4KSLLOgTJYtlMd/teNNue0uZ65uhOdd4IKCyz3L9bjq5NxqycHvfDrTMeVLbpoXbgeaZLMfQ2S7bzKzWdY7g/JvdLursrbeoOTpOFlagT02v1bxosyv3hcli9vUkfO/M/V0BCcXalQHZBlqPfab9vJQ4eSwlEBmrRLzb0jxLnzwIHJVkRyCijIYl+lTc/aiTpyojAX+v+/FUC4AsYMQwFfhDVc/oYFBwH4BpjCjCFflJHE8lBmLErZDWPBIAMcijiV6BggRRecSSSRqAM+jLJ5U9ho+4oAQAA+uB+Bf98lABQLBokLzsNkn/9VIM30JQkVlCUBh9cbkFBSBi+wiQBKEtTSIPHTTygMEghvxSYwUd0QhqAPGPiZ8ovwPzQ/oQP/ApwLET98wMdnDGjOAE5ZDDFArPHhN+ay1kYJoRiGaUBkOWAMIwEkGUYBDIrHu5lB1AowHLhrd3FZj2dj4EK5BqVt4F8Ao7urTamqxvm/+EckkRgBt4X7k53jdqY/NtYH43M5fph+viq8IoLnNYjMcwFrB/IZ6/gIfqcV85/e3P/+VLL8pP0rwAAAP//QY/5PaUHAAA="
            },
            "preserve_boot_volume": null,
            "private_ip": "10.0.4.2",
            "public_ip": "132.145.143.28",
            "region": "iad",
            "shape": "VM.Standard2.1",
            "source_details": [
              {
                "boot_volume_size_in_gbs": "47",
                "kms_key_id": "",
                "source_id": "ocid1.image.oc1..aaaaaaaatbokpfj2x3oio7ibv7tuzl3twuqpfeuwq4xcy4xr6hekjzuccuza",
                "source_type": "image"
              }
            ],
            "state": "RUNNING",
            "subnet_id": "ocid1.subnet.oc1.iad.aaaaaaaahws5unbkm2ospnmlzakrjo4y5oqupzfrjm36z73h5gia3ofxvgwa",
            "system_tags": {},
            "time_created": "2020-09-02 12:39:01.024 +0000 UTC",
            "time_maintenance_reboot_due": "",
            "timeouts": {
              "create": "10m",
              "delete": null,
              "update": null
            }
          },
          "private": "eyJlMmJmYjczMC1lY2FhLTExZTYtOGY4OC0zNDM2M2JjN2M0YzAiOnsiY3JlYXRlIjo2MDAwMDAwMDAwMDAsImRlbGV0ZSI6NzIwMDAwMDAwMDAwMCwidXBkYXRlIjo3MjAwMDAwMDAwMDAwfX0=",
          "dependencies": [
            "module.network-bastion-subnet.oci_core_subnet.wls-subnet",
            "module.network-vcn-config.oci_core_default_route_table.wls-default-route-table1",
            "module.network-vcn-config.oci_core_dhcp_options.wls-dhcp-options1",
            "module.network-vcn-config.oci_core_route_table.wls-route-table2",
            "module.network-vcn-config.oci_core_security_list.wls-ms-security-list",
            "module.network-vcn-config.oci_core_security_list.wls-security-list",
            "module.network-vcn.oci_core_virtual_network.wls-vcn"
          ]
        }
      ]
    },
    {
      "module": "module.network-dns-vms",
      "mode": "managed",
      "type": "oci_core_instance",
      "name": "wls_dns_vm-existingvcn",
      "each": "list",
      "provider": "provider.oci",
      "instances": []
    },
    {
      "module": "module.network-dns-vms",
      "mode": "managed",
      "type": "oci_core_instance",
      "name": "wls_dns_vm-newvcn",
      "each": "list",
      "provider": "provider.oci",
      "instances": []
    },
    {
      "module": "module.compute",
      "mode": "managed",
      "type": "oci_core_instance",
      "name": "wls_no_jrf_instance",
      "each": "list",
      "provider": "provider.oci",
      "instances": []
    },
    {
      "module": "module.compute",
      "mode": "managed",
      "type": "oci_core_instance",
      "name": "wls_ocidb_instance",
      "each": "list",
      "provider": "provider.oci",
      "instances": []
    },
    {
      "module": "module.compute",
      "mode": "managed",
      "type": "oci_core_instance",
      "name": "wls_ocidb_peered_vcn_instance",
      "each": "list",
      "provider": "provider.oci",
      "instances": []
    },
    {
      "module": "module.network-vcn-config",
      "mode": "managed",
      "type": "oci_core_internet_gateway",
      "name": "wls-internet-gateway",
      "each": "list",
      "provider": "provider.oci",
      "instances": [
        {
          "index_key": 0,
          "schema_version": 0,
          "attributes": {
            "compartment_id": "ocid1.compartment.oc1..aaaaaaaafumsqmpg74h244arldrn72gasogwmp64snq2f5zn46swyjqdntda",
            "defined_tags": {},
            "display_name": "Dupont-internet-gateway",
            "enabled": true,
            "freeform_tags": {},
            "id": "ocid1.internetgateway.oc1.iad.aaaaaaaa47xcvgovf3decgn7z2jkg7vxvirats7lhekoxp745uonuwlm2vla",
            "state": "AVAILABLE",
            "time_created": "2020-09-01 20:40:36.265 +0000 UTC",
            "timeouts": null,
            "vcn_id": "ocid1.vcn.oc1.iad.amaaaaaalbfmicqajlv72uibfddf5nu25ratm7xdqhqmpu2irtu7d6qcfala"
          },
          "private": "eyJlMmJmYjczMC1lY2FhLTExZTYtOGY4OC0zNDM2M2JjN2M0YzAiOnsiY3JlYXRlIjo5MDAwMDAwMDAwMDAsImRlbGV0ZSI6OTAwMDAwMDAwMDAwLCJ1cGRhdGUiOjkwMDAwMDAwMDAwMH19",
          "dependencies": [
            "module.network-vcn.oci_core_virtual_network.wls-vcn"
          ]
        }
      ]
    },
    {
      "module": "module.network-dns-vms",
      "mode": "managed",
      "type": "oci_core_local_peering_gateway",
      "name": "ocidb_local_peering_gateway",
      "each": "list",
      "provider": "provider.oci",
      "instances": []
    },
    {
      "module": "module.network-dns-vms",
      "mode": "managed",
      "type": "oci_core_local_peering_gateway",
      "name": "wls_local_peering_gateway",
      "each": "list",
      "provider": "provider.oci",
      "instances": []
    },
    {
      "module": "module.network-dns-vms",
      "mode": "managed",
      "type": "oci_core_route_table",
      "name": "ocidb-route-table",
      "each": "list",
      "provider": "provider.oci",
      "instances": []
    },
    {
      "module": "module.network-dns-vms",
      "mode": "managed",
      "type": "oci_core_route_table",
      "name": "wls-private-route-table-existingvcn",
      "each": "list",
      "provider": "provider.oci",
      "instances": []
    },
    {
      "module": "module.network-dns-vms",
      "mode": "managed",
      "type": "oci_core_route_table",
      "name": "wls-private-route-table-newvcn",
      "each": "list",
      "provider": "provider.oci",
      "instances": []
    },
    {
      "module": "module.network-dns-vms",
      "mode": "managed",
      "type": "oci_core_route_table",
      "name": "wls-public-route-table-existingvcn",
      "each": "list",
      "provider": "provider.oci",
      "instances": []
    },
    {
      "module": "module.network-dns-vms",
      "mode": "managed",
      "type": "oci_core_route_table",
      "name": "wls-public-route-table-newvcn",
      "each": "list",
      "provider": "provider.oci",
      "instances": []
    },
    {
      "module": "module.network-vcn-config",
      "mode": "managed",
      "type": "oci_core_route_table",
      "name": "wls-route-table2",
      "each": "list",
      "provider": "provider.oci",
      "instances": []
    },
    {
      "module": "module.network-vcn-config",
      "mode": "managed",
      "type": "oci_core_route_table",
      "name": "wls-service-gateway-route-table-existingvcn",
      "each": "list",
      "provider": "provider.oci",
      "instances": []
    },
    {
      "module": "module.network-vcn-config",
      "mode": "managed",
      "type": "oci_core_route_table",
      "name": "wls-service-gateway-route-table-newvcn",
      "each": "list",
      "provider": "provider.oci",
      "instances": [
        {
          "index_key": 0,
          "schema_version": 0,
          "attributes": {
            "compartment_id": "ocid1.compartment.oc1..aaaaaaaafumsqmpg74h244arldrn72gasogwmp64snq2f5zn46swyjqdntda",
            "defined_tags": {},
            "display_name": "Dupont-routetable",
            "freeform_tags": {},
            "id": "ocid1.routetable.oc1.iad.aaaaaaaa6o2zbnfhmn5wl3bsbbclf6lj5dbsngdcvf55ckokarw4uulum25a",
            "route_rules": [
              {
                "cidr_block": "",
                "description": "",
                "destination": "all-iad-services-in-oracle-services-network",
                "destination_type": "SERVICE_CIDR_BLOCK",
                "network_entity_id": "ocid1.servicegateway.oc1.iad.aaaaaaaawh6y6a6uih2azgiqxr2wxqzoj536jy7j25cnxnnyne3sr2h7dqtq"
              }
            ],
            "state": "AVAILABLE",
            "time_created": "2020-09-01 20:40:38.603 +0000 UTC",
            "timeouts": null,
            "vcn_id": "ocid1.vcn.oc1.iad.amaaaaaalbfmicqajlv72uibfddf5nu25ratm7xdqhqmpu2irtu7d6qcfala"
          },
          "private": "eyJlMmJmYjczMC1lY2FhLTExZTYtOGY4OC0zNDM2M2JjN2M0YzAiOnsiY3JlYXRlIjo5MDAwMDAwMDAwMDAsImRlbGV0ZSI6OTAwMDAwMDAwMDAwLCJ1cGRhdGUiOjkwMDAwMDAwMDAwMH19",
          "dependencies": [
            "module.network-vcn-config.oci_core_service_gateway.wls-service-gateway-newvcn",
            "module.network-vcn.oci_core_virtual_network.wls-vcn"
          ]
        }
      ]
    },
    {
      "module": "module.network-dns-vms",
      "mode": "managed",
      "type": "oci_core_route_table_attachment",
      "name": "ocidb_route_table_attachment",
      "each": "list",
      "provider": "provider.oci",
      "instances": []
    },
    {
      "module": "module.network-dns-vms",
      "mode": "managed",
      "type": "oci_core_route_table_attachment",
      "name": "wls_private_route_table_attachment-existingvcn",
      "each": "list",
      "provider": "provider.oci",
      "instances": []
    },
    {
      "module": "module.network-dns-vms",
      "mode": "managed",
      "type": "oci_core_route_table_attachment",
      "name": "wls_private_route_table_attachment-newvcn",
      "each": "list",
      "provider": "provider.oci",
      "instances": []
    },
    {
      "module": "module.network-dns-vms",
      "mode": "managed",
      "type": "oci_core_route_table_attachment",
      "name": "wls_public_route_table_attachment-existingvcn",
      "each": "list",
      "provider": "provider.oci",
      "instances": []
    },
    {
      "module": "module.network-dns-vms",
      "mode": "managed",
      "type": "oci_core_route_table_attachment",
      "name": "wls_public_route_table_attachment-newvcn",
      "each": "list",
      "provider": "provider.oci",
      "instances": []
    },
    {
      "module": "module.network-vcn-config",
      "mode": "managed",
      "type": "oci_core_security_list",
      "name": "lb-security-list",
      "each": "list",
      "provider": "provider.oci",
      "instances": []
    },
    {
      "module": "module.network-dns-vms",
      "mode": "managed",
      "type": "oci_core_security_list",
      "name": "ocidb_dns_security_list",
      "each": "list",
      "provider": "provider.oci",
      "instances": []
    },
    {
      "module": "module.network-vcn-config",
      "mode": "managed",
      "type": "oci_core_security_list",
      "name": "wls-bastion-security-list",
      "each": "list",
      "provider": "provider.oci",
      "instances": [
        {
          "index_key": 0,
          "schema_version": 0,
          "attributes": {
            "compartment_id": "ocid1.compartment.oc1..aaaaaaaafumsqmpg74h244arldrn72gasogwmp64snq2f5zn46swyjqdntda",
            "defined_tags": {},
            "display_name": "Dupont-wls-bastion-security-list",
            "egress_security_rules": [
              {
                "description": "",
                "destination": "0.0.0.0/0",
                "destination_type": "CIDR_BLOCK",
                "icmp_options": [],
                "protocol": "all",
                "stateless": false,
                "tcp_options": [],
                "udp_options": []
              }
            ],
            "freeform_tags": {},
            "id": "ocid1.securitylist.oc1.iad.aaaaaaaacurc6z34kuaahbwpo374peel2crrp7o4x6lf4zkxyjrh72tjlqoa",
            "ingress_security_rules": [
              {
                "description": "",
                "icmp_options": [],
                "protocol": "all",
                "source": "10.0.4.0/24",
                "source_type": "CIDR_BLOCK",
                "stateless": false,
                "tcp_options": [],
                "udp_options": []
              }
            ],
            "state": "AVAILABLE",
            "time_created": "2020-09-01 20:40:36.265 +0000 UTC",
            "timeouts": null,
            "vcn_id": "ocid1.vcn.oc1.iad.amaaaaaalbfmicqajlv72uibfddf5nu25ratm7xdqhqmpu2irtu7d6qcfala"
          },
          "private": "eyJlMmJmYjczMC1lY2FhLTExZTYtOGY4OC0zNDM2M2JjN2M0YzAiOnsiY3JlYXRlIjo5MDAwMDAwMDAwMDAsImRlbGV0ZSI6OTAwMDAwMDAwMDAwLCJ1cGRhdGUiOjkwMDAwMDAwMDAwMH19",
          "dependencies": [
            "module.network-vcn.oci_core_virtual_network.wls-vcn"
          ]
        }
      ]
    },
    {
      "module": "module.network-vcn-config",
      "mode": "managed",
      "type": "oci_core_security_list",
      "name": "wls-existing-bastion-security-list",
      "each": "list",
      "provider": "provider.oci",
      "instances": []
    },
    {
      "module": "module.network-vcn-config",
      "mode": "managed",
      "type": "oci_core_security_list",
      "name": "wls-internal-security-list",
      "each": "list",
      "provider": "provider.oci",
      "instances": [
        {
          "index_key": 0,
          "schema_version": 0,
          "attributes": {
            "compartment_id": "ocid1.compartment.oc1..aaaaaaaafumsqmpg74h244arldrn72gasogwmp64snq2f5zn46swyjqdntda",
            "defined_tags": {},
            "display_name": "Dupont-internal-security-list",
            "egress_security_rules": [
              {
                "description": "",
                "destination": "0.0.0.0/0",
                "destination_type": "CIDR_BLOCK",
                "icmp_options": [],
                "protocol": "all",
                "stateless": false,
                "tcp_options": [],
                "udp_options": []
              }
            ],
            "freeform_tags": {},
            "id": "ocid1.securitylist.oc1.iad.aaaaaaaaqhy26dk7etvzk4vx2hhsvbzyeucxlpxkgqow6jp2h2wpv653mhjq",
            "ingress_security_rules": [
              {
                "description": "",
                "icmp_options": [],
                "protocol": "6",
                "source": "10.0.3.0/24",
                "source_type": "CIDR_BLOCK",
                "stateless": false,
                "tcp_options": [],
                "udp_options": []
              }
            ],
            "state": "AVAILABLE",
            "time_created": "2020-09-01 20:40:36.54 +0000 UTC",
            "timeouts": null,
            "vcn_id": "ocid1.vcn.oc1.iad.amaaaaaalbfmicqajlv72uibfddf5nu25ratm7xdqhqmpu2irtu7d6qcfala"
          },
          "private": "eyJlMmJmYjczMC1lY2FhLTExZTYtOGY4OC0zNDM2M2JjN2M0YzAiOnsiY3JlYXRlIjo5MDAwMDAwMDAwMDAsImRlbGV0ZSI6OTAwMDAwMDAwMDAwLCJ1cGRhdGUiOjkwMDAwMDAwMDAwMH19",
          "dependencies": [
            "module.network-vcn.oci_core_virtual_network.wls-vcn"
          ]
        }
      ]
    },
    {
      "module": "module.network-vcn-config",
      "mode": "managed",
      "type": "oci_core_security_list",
      "name": "wls-ms-security-list",
      "each": "list",
      "provider": "provider.oci",
      "instances": [
        {
          "index_key": 0,
          "schema_version": 0,
          "attributes": {
            "compartment_id": "ocid1.compartment.oc1..aaaaaaaafumsqmpg74h244arldrn72gasogwmp64snq2f5zn46swyjqdntda",
            "defined_tags": {},
            "display_name": "Dupont-wls-ms-security-list",
            "egress_security_rules": [],
            "freeform_tags": {},
            "id": "ocid1.securitylist.oc1.iad.aaaaaaaaz2m3s55rvllatsptzubh2blhcrevxyu2v67tknfkfaqbxm5u3voq",
            "ingress_security_rules": [
              {
                "description": "",
                "icmp_options": [],
                "protocol": "6",
                "source": "0.0.0.0/0",
                "source_type": "CIDR_BLOCK",
                "stateless": false,
                "tcp_options": [
                  {
                    "max": 7004,
                    "min": 7004,
                    "source_port_range": []
                  }
                ],
                "udp_options": []
              }
            ],
            "state": "AVAILABLE",
            "time_created": "2020-09-01 20:40:37.241 +0000 UTC",
            "timeouts": null,
            "vcn_id": "ocid1.vcn.oc1.iad.amaaaaaalbfmicqajlv72uibfddf5nu25ratm7xdqhqmpu2irtu7d6qcfala"
          },
          "private": "eyJlMmJmYjczMC1lY2FhLTExZTYtOGY4OC0zNDM2M2JjN2M0YzAiOnsiY3JlYXRlIjo5MDAwMDAwMDAwMDAsImRlbGV0ZSI6OTAwMDAwMDAwMDAwLCJ1cGRhdGUiOjkwMDAwMDAwMDAwMH19",
          "dependencies": [
            "module.network-vcn.oci_core_virtual_network.wls-vcn"
          ]
        }
      ]
    },
    {
      "module": "module.network-vcn-config",
      "mode": "managed",
      "type": "oci_core_security_list",
      "name": "wls-security-list",
      "each": "list",
      "provider": "provider.oci",
      "instances": [
        {
          "index_key": 0,
          "schema_version": 0,
          "attributes": {
            "compartment_id": "ocid1.compartment.oc1..aaaaaaaafumsqmpg74h244arldrn72gasogwmp64snq2f5zn46swyjqdntda",
            "defined_tags": {},
            "display_name": "Dupont-bastion-security-list",
            "egress_security_rules": [
              {
                "description": "",
                "destination": "0.0.0.0/0",
                "destination_type": "CIDR_BLOCK",
                "icmp_options": [],
                "protocol": "all",
                "stateless": false,
                "tcp_options": [],
                "udp_options": []
              }
            ],
            "freeform_tags": {},
            "id": "ocid1.securitylist.oc1.iad.aaaaaaaactvhnaxb3ntwyifew4wtrxc5nc3qtdhz2qvaed4hiagi3if7beda",
            "ingress_security_rules": [
              {
                "description": "",
                "icmp_options": [],
                "protocol": "6",
                "source": "0.0.0.0/0",
                "source_type": "CIDR_BLOCK",
                "stateless": false,
                "tcp_options": [
                  {
                    "max": 22,
                    "min": 22,
                    "source_port_range": []
                  }
                ],
                "udp_options": []
              },
              {
                "description": "",
                "icmp_options": [],
                "protocol": "6",
                "source": "0.0.0.0/0",
                "source_type": "CIDR_BLOCK",
                "stateless": false,
                "tcp_options": [
                  {
                    "max": 7002,
                    "min": 7002,
                    "source_port_range": []
                  }
                ],
                "udp_options": []
              }
            ],
            "state": "AVAILABLE",
            "time_created": "2020-09-01 20:40:36.867 +0000 UTC",
            "timeouts": null,
            "vcn_id": "ocid1.vcn.oc1.iad.amaaaaaalbfmicqajlv72uibfddf5nu25ratm7xdqhqmpu2irtu7d6qcfala"
          },
          "private": "eyJlMmJmYjczMC1lY2FhLTExZTYtOGY4OC0zNDM2M2JjN2M0YzAiOnsiY3JlYXRlIjo5MDAwMDAwMDAwMDAsImRlbGV0ZSI6OTAwMDAwMDAwMDAwLCJ1cGRhdGUiOjkwMDAwMDAwMDAwMH19",
          "dependencies": [
            "module.network-vcn.oci_core_virtual_network.wls-vcn"
          ]
        }
      ]
    },
    {
      "module": "module.network-dns-vms",
      "mode": "managed",
      "type": "oci_core_security_list",
      "name": "wls_dns_security_list",
      "each": "list",
      "provider": "provider.oci",
      "instances": []
    },
    {
      "module": "module.network-vcn-config",
      "mode": "managed",
      "type": "oci_core_service_gateway",
      "name": "wls-service-gateway-newvcn",
      "each": "list",
      "provider": "provider.oci",
      "instances": [
        {
          "index_key": 0,
          "schema_version": 0,
          "attributes": {
            "block_traffic": false,
            "compartment_id": "ocid1.compartment.oc1..aaaaaaaafumsqmpg74h244arldrn72gasogwmp64snq2f5zn46swyjqdntda",
            "defined_tags": {},
            "display_name": "Dupont-service-gateway",
            "freeform_tags": {},
            "id": "ocid1.servicegateway.oc1.iad.aaaaaaaawh6y6a6uih2azgiqxr2wxqzoj536jy7j25cnxnnyne3sr2h7dqtq",
            "route_table_id": null,
            "services": [
              {
                "service_id": "ocid1.service.oc1.iad.aaaaaaaam4zfmy2rjue6fmglumm3czgisxzrnvrwqeodtztg7hwa272mlfna",
                "service_name": "All IAD Services In Oracle Services Network"
              }
            ],
            "state": "AVAILABLE",
            "time_created": "2020-09-01 20:40:37.596 +0000 UTC",
            "timeouts": null,
            "vcn_id": "ocid1.vcn.oc1.iad.amaaaaaalbfmicqajlv72uibfddf5nu25ratm7xdqhqmpu2irtu7d6qcfala"
          },
          "private": "eyJlMmJmYjczMC1lY2FhLTExZTYtOGY4OC0zNDM2M2JjN2M0YzAiOnsiY3JlYXRlIjo5MDAwMDAwMDAwMDAsImRlbGV0ZSI6OTAwMDAwMDAwMDAwLCJ1cGRhdGUiOjkwMDAwMDAwMDAwMH19",
          "dependencies": [
            "module.network-vcn.oci_core_virtual_network.wls-vcn"
          ]
        }
      ]
    },
    {
      "module": "module.network-dns-vms",
      "mode": "managed",
      "type": "oci_core_subnet",
      "name": "ocidb-dns-subnet",
      "each": "list",
      "provider": "provider.oci",
      "instances": []
    },
    {
      "module": "module.network-dns-vms",
      "mode": "managed",
      "type": "oci_core_subnet",
      "name": "wls-dns-subnet-existingvcn",
      "each": "list",
      "provider": "provider.oci",
      "instances": []
    },
    {
      "module": "module.network-dns-vms",
      "mode": "managed",
      "type": "oci_core_subnet",
      "name": "wls-dns-subnet-newvcn",
      "each": "list",
      "provider": "provider.oci",
      "instances": []
    },
    {
      "module": "module.network-lb-subnet-1",
      "mode": "managed",
      "type": "oci_core_subnet",
      "name": "wls-subnet",
      "each": "list",
      "provider": "provider.oci",
      "instances": []
    },
    {
      "module": "module.network-wls-private-subnet",
      "mode": "managed",
      "type": "oci_core_subnet",
      "name": "wls-subnet",
      "each": "list",
      "provider": "provider.oci",
      "instances": [
        {
          "index_key": 0,
          "schema_version": 0,
          "attributes": {
            "availability_domain": "",
            "cidr_block": "10.0.3.0/24",
            "compartment_id": "ocid1.compartment.oc1..aaaaaaaafumsqmpg74h244arldrn72gasogwmp64snq2f5zn46swyjqdntda",
            "defined_tags": {},
            "dhcp_options_id": "ocid1.dhcpoptions.oc1.iad.aaaaaaaa6ypdsqo6e7f32onlsrxbmiy6p5lg3mtlnxxqjucfr3xr5zetiiwa",
            "display_name": "Dupont-wls-subnet",
            "dns_label": "dupowlssubnet",
            "freeform_tags": {},
            "id": "ocid1.subnet.oc1.iad.aaaaaaaas4zo7pesqby56x4emhn6be5gfob7iochivngum5rrfqy7yufbmka",
            "ipv6cidr_block": null,
            "ipv6public_cidr_block": null,
            "ipv6virtual_router_ip": null,
            "prohibit_public_ip_on_vnic": true,
            "route_table_id": "ocid1.routetable.oc1.iad.aaaaaaaa6o2zbnfhmn5wl3bsbbclf6lj5dbsngdcvf55ckokarw4uulum25a",
            "security_list_ids": [
              "ocid1.securitylist.oc1.iad.aaaaaaaacurc6z34kuaahbwpo374peel2crrp7o4x6lf4zkxyjrh72tjlqoa",
              "ocid1.securitylist.oc1.iad.aaaaaaaaqhy26dk7etvzk4vx2hhsvbzyeucxlpxkgqow6jp2h2wpv653mhjq",
              "ocid1.securitylist.oc1.iad.aaaaaaaaz2m3s55rvllatsptzubh2blhcrevxyu2v67tknfkfaqbxm5u3voq"
            ],
            "state": "AVAILABLE",
            "subnet_domain_name": "dupowlssubnet.dupontvcn.oraclevcn.com",
            "time_created": "2020-09-01 20:40:39.547 +0000 UTC",
            "timeouts": null,
            "vcn_id": "ocid1.vcn.oc1.iad.amaaaaaalbfmicqajlv72uibfddf5nu25ratm7xdqhqmpu2irtu7d6qcfala",
            "virtual_router_ip": "10.0.3.1",
            "virtual_router_mac": "00:00:17:69:DA:99"
          },
          "private": "eyJlMmJmYjczMC1lY2FhLTExZTYtOGY4OC0zNDM2M2JjN2M0YzAiOnsiY3JlYXRlIjo5MDAwMDAwMDAwMDAsImRlbGV0ZSI6OTAwMDAwMDAwMDAwLCJ1cGRhdGUiOjkwMDAwMDAwMDAwMH19",
          "dependencies": [
            "module.network-vcn-config.oci_core_dhcp_options.wls-dhcp-options1",
            "module.network-vcn-config.oci_core_route_table.wls-service-gateway-route-table-existingvcn",
            "module.network-vcn-config.oci_core_route_table.wls-service-gateway-route-table-newvcn",
            "module.network-vcn-config.oci_core_security_list.wls-bastion-security-list",
            "module.network-vcn-config.oci_core_security_list.wls-existing-bastion-security-list",
            "module.network-vcn-config.oci_core_security_list.wls-internal-security-list",
            "module.network-vcn-config.oci_core_security_list.wls-ms-security-list",
            "module.network-vcn-config.oci_core_service_gateway.wls-service-gateway-newvcn",
            "module.network-vcn.oci_core_virtual_network.wls-vcn"
          ]
        }
      ]
    },
    {
      "module": "module.network-bastion-subnet",
      "mode": "managed",
      "type": "oci_core_subnet",
      "name": "wls-subnet",
      "each": "list",
      "provider": "provider.oci",
      "instances": [
        {
          "index_key": 0,
          "schema_version": 0,
          "attributes": {
            "availability_domain": "",
            "cidr_block": "10.0.4.0/24",
            "compartment_id": "ocid1.compartment.oc1..aaaaaaaafumsqmpg74h244arldrn72gasogwmp64snq2f5zn46swyjqdntda",
            "defined_tags": {},
            "dhcp_options_id": "ocid1.dhcpoptions.oc1.iad.aaaaaaaa6ypdsqo6e7f32onlsrxbmiy6p5lg3mtlnxxqjucfr3xr5zetiiwa",
            "display_name": "Dupont-bsubnet",
            "dns_label": "bsubnet36b878a",
            "freeform_tags": {},
            "id": "ocid1.subnet.oc1.iad.aaaaaaaahws5unbkm2ospnmlzakrjo4y5oqupzfrjm36z73h5gia3ofxvgwa",
            "ipv6cidr_block": null,
            "ipv6public_cidr_block": null,
            "ipv6virtual_router_ip": null,
            "prohibit_public_ip_on_vnic": false,
            "route_table_id": "ocid1.routetable.oc1.iad.aaaaaaaa7pmmvnv2wmp6q3xfj2dbioufsyx23yalh7j2p47573rieddqpu5q",
            "security_list_ids": [
              "ocid1.securitylist.oc1.iad.aaaaaaaactvhnaxb3ntwyifew4wtrxc5nc3qtdhz2qvaed4hiagi3if7beda",
              "ocid1.securitylist.oc1.iad.aaaaaaaaz2m3s55rvllatsptzubh2blhcrevxyu2v67tknfkfaqbxm5u3voq"
            ],
            "state": "AVAILABLE",
            "subnet_domain_name": "bsubnet36b878a.dupontvcn.oraclevcn.com",
            "time_created": "2020-09-02 12:38:58.177 +0000 UTC",
            "timeouts": null,
            "vcn_id": "ocid1.vcn.oc1.iad.amaaaaaalbfmicqajlv72uibfddf5nu25ratm7xdqhqmpu2irtu7d6qcfala",
            "virtual_router_ip": "10.0.4.1",
            "virtual_router_mac": "00:00:17:69:DA:99"
          },
          "private": "eyJlMmJmYjczMC1lY2FhLTExZTYtOGY4OC0zNDM2M2JjN2M0YzAiOnsiY3JlYXRlIjo5MDAwMDAwMDAwMDAsImRlbGV0ZSI6OTAwMDAwMDAwMDAwLCJ1cGRhdGUiOjkwMDAwMDAwMDAwMH19",
          "dependencies": [
            "module.network-vcn-config.oci_core_default_route_table.wls-default-route-table1",
            "module.network-vcn-config.oci_core_dhcp_options.wls-dhcp-options1",
            "module.network-vcn-config.oci_core_route_table.wls-route-table2",
            "module.network-vcn-config.oci_core_security_list.wls-ms-security-list",
            "module.network-vcn-config.oci_core_security_list.wls-security-list",
            "module.network-vcn.oci_core_virtual_network.wls-vcn"
          ]
        }
      ]
    },
    {
      "module": "module.network-wls-public-subnet",
      "mode": "managed",
      "type": "oci_core_subnet",
      "name": "wls-subnet",
      "each": "list",
      "provider": "provider.oci",
      "instances": []
    },
    {
      "module": "module.network-lb-subnet-2",
      "mode": "managed",
      "type": "oci_core_subnet",
      "name": "wls-subnet",
      "each": "list",
      "provider": "provider.oci",
      "instances": []
    },
    {
      "module": "module.network-vcn",
      "mode": "managed",
      "type": "oci_core_virtual_network",
      "name": "wls-vcn",
      "each": "list",
      "provider": "provider.oci",
      "instances": [
        {
          "index_key": 0,
          "schema_version": 0,
          "attributes": {
            "cidr_block": "10.0.0.0/16",
            "compartment_id": "ocid1.compartment.oc1..aaaaaaaafumsqmpg74h244arldrn72gasogwmp64snq2f5zn46swyjqdntda",
            "default_dhcp_options_id": "ocid1.dhcpoptions.oc1.iad.aaaaaaaadtz3vq6h7llymquuo55kxl7i3yvkwmk7ve6znjjs44qxiyzsfw4q",
            "default_route_table_id": "ocid1.routetable.oc1.iad.aaaaaaaa7pmmvnv2wmp6q3xfj2dbioufsyx23yalh7j2p47573rieddqpu5q",
            "default_security_list_id": "ocid1.securitylist.oc1.iad.aaaaaaaazyi2etjovdwdzro6kezgw2d7llbesol4jj7mcmzhyqc77ycjgxhq",
            "defined_tags": {},
            "display_name": "Dupont-Dupont",
            "dns_label": "dupontvcn",
            "freeform_tags": {},
            "id": "ocid1.vcn.oc1.iad.amaaaaaalbfmicqajlv72uibfddf5nu25ratm7xdqhqmpu2irtu7d6qcfala",
            "ipv6cidr_block": null,
            "ipv6public_cidr_block": null,
            "is_ipv6enabled": null,
            "state": "AVAILABLE",
            "time_created": "2020-09-01 20:40:34.74 +0000 UTC",
            "timeouts": null,
            "vcn_domain_name": "dupontvcn.oraclevcn.com"
          },
          "private": "eyJlMmJmYjczMC1lY2FhLTExZTYtOGY4OC0zNDM2M2JjN2M0YzAiOnsiY3JlYXRlIjo5MDAwMDAwMDAwMDAsImRlbGV0ZSI6OTAwMDAwMDAwMDAwLCJ1cGRhdGUiOjkwMDAwMDAwMDAwMH19"
        }
      ]
    },
    {
      "module": "module.compute.module.data-volume",
      "mode": "managed",
      "type": "oci_core_volume",
      "name": "wls-block-volume",
      "each": "list",
      "provider": "provider.oci",
      "instances": [
        {
          "index_key": 0,
          "schema_version": 0,
          "attributes": {
            "availability_domain": "Zwzz:US-ASHBURN-AD-1",
            "backup_policy_id": null,
            "compartment_id": "ocid1.compartment.oc1..aaaaaaaafumsqmpg74h244arldrn72gasogwmp64snq2f5zn46swyjqdntda",
            "defined_tags": {},
            "display_name": "Dupont-data-block-0",
            "freeform_tags": {},
            "id": "ocid1.volume.oc1.iad.abuwcljrnugtlcbnp2il7fmg3nbcniuezytpjg26hsxn3iaezqmelipwfppq",
            "is_hydrated": true,
            "kms_key_id": null,
            "size_in_gbs": "50",
            "size_in_mbs": "51200",
            "source_details": [],
            "state": "AVAILABLE",
            "system_tags": {},
            "time_created": "2020-09-01 20:40:35.361 +0000 UTC",
            "timeouts": null,
            "volume_backup_id": null,
            "volume_group_id": null,
            "vpus_per_gb": "10"
          },
          "private": "eyJlMmJmYjczMC1lY2FhLTExZTYtOGY4OC0zNDM2M2JjN2M0YzAiOnsiY3JlYXRlIjo5MDAwMDAwMDAwMDAsImRlbGV0ZSI6OTAwMDAwMDAwMDAwLCJ1cGRhdGUiOjkwMDAwMDAwMDAwMH19"
        }
      ]
    },
    {
      "module": "module.compute.module.middleware-volume",
      "mode": "managed",
      "type": "oci_core_volume",
      "name": "wls-block-volume",
      "each": "list",
      "provider": "provider.oci",
      "instances": [
        {
          "index_key": 0,
          "schema_version": 0,
          "attributes": {
            "availability_domain": "Zwzz:US-ASHBURN-AD-1",
            "backup_policy_id": null,
            "compartment_id": "ocid1.compartment.oc1..aaaaaaaafumsqmpg74h244arldrn72gasogwmp64snq2f5zn46swyjqdntda",
            "defined_tags": {},
            "display_name": "Dupont-mw-block-0",
            "freeform_tags": {},
            "id": "ocid1.volume.oc1.iad.abuwcljreq3voepihzm5fel5is4k27pbvybximlhpxzx3p5fzcsnnr4a5xdq",
            "is_hydrated": true,
            "kms_key_id": null,
            "size_in_gbs": "50",
            "size_in_mbs": "51200",
            "source_details": [],
            "state": "AVAILABLE",
            "system_tags": {},
            "time_created": "2020-09-01 20:40:35.591 +0000 UTC",
            "timeouts": null,
            "volume_backup_id": null,
            "volume_group_id": null,
            "vpus_per_gb": "10"
          },
          "private": "eyJlMmJmYjczMC1lY2FhLTExZTYtOGY4OC0zNDM2M2JjN2M0YzAiOnsiY3JlYXRlIjo5MDAwMDAwMDAwMDAsImRlbGV0ZSI6OTAwMDAwMDAwMDAwLCJ1cGRhdGUiOjkwMDAwMDAwMDAwMH19"
        }
      ]
    },
    {
      "module": "module.compute",
      "mode": "managed",
      "type": "oci_core_volume_attachment",
      "name": "wls-data-block-volume-attach",
      "each": "list",
      "provider": "provider.oci",
      "instances": []
    },
    {
      "module": "module.compute",
      "mode": "managed",
      "type": "oci_core_volume_attachment",
      "name": "wls-data-block-volume-attach-atp",
      "each": "list",
      "provider": "provider.oci",
      "instances": [
        {
          "index_key": 0,
          "schema_version": 0,
          "attributes": {
            "attachment_type": "iscsi",
            "availability_domain": "Zwzz:US-ASHBURN-AD-1",
            "chap_secret": null,
            "chap_username": null,
            "compartment_id": "ocid1.compartment.oc1..aaaaaaaafumsqmpg74h244arldrn72gasogwmp64snq2f5zn46swyjqdntda",
            "device": null,
            "display_name": "Dupont-block-volume-attach-0",
            "id": "ocid1.volumeattachment.oc1.iad.anuwcljrlbfmicqcevhh5xivrmdp2rwqfykbyhs474qtrnsy42iu6uhuij5q",
            "instance_id": "ocid1.instance.oc1.iad.anuwcljrlbfmicqcctqfkzv34zdkogaym42medzjgdjfutveup4x6hzcqrxa",
            "ipv4": "169.254.2.2",
            "iqn": "iqn.2015-12.com.oracleiaas:8c0124da-587f-4644-855c-e4cf7777e4b4",
            "is_pv_encryption_in_transit_enabled": false,
            "is_read_only": false,
            "is_shareable": null,
            "port": 3260,
            "state": "ATTACHED",
            "time_created": "2020-09-02 12:40:49.038 +0000 UTC",
            "timeouts": null,
            "use_chap": null,
            "volume_id": "ocid1.volume.oc1.iad.abuwcljrnugtlcbnp2il7fmg3nbcniuezytpjg26hsxn3iaezqmelipwfppq"
          },
          "private": "eyJlMmJmYjczMC1lY2FhLTExZTYtOGY4OC0zNDM2M2JjN2M0YzAiOnsiY3JlYXRlIjo5MDAwMDAwMDAwMDAsImRlbGV0ZSI6OTAwMDAwMDAwMDAwLCJ1cGRhdGUiOjkwMDAwMDAwMDAwMH19",
          "dependencies": [
            "module.compute.module.data-volume.oci_core_volume.wls-block-volume",
            "module.compute.oci_core_instance.wls-atp-instance",
            "module.network-wls-private-subnet.oci_core_subnet.wls-subnet",
            "module.network-wls-public-subnet.oci_core_subnet.wls-subnet",
            "oci_load_balancer_load_balancer.wls-loadbalancer"
          ]
        }
      ]
    },
    {
      "module": "module.compute",
      "mode": "managed",
      "type": "oci_core_volume_attachment",
      "name": "wls-data-block-volume-attach-ocidb",
      "each": "list",
      "provider": "provider.oci",
      "instances": []
    },
    {
      "module": "module.compute",
      "mode": "managed",
      "type": "oci_core_volume_attachment",
      "name": "wls-data-block-volume-attach-ocidb-peeredvcn",
      "each": "list",
      "provider": "provider.oci",
      "instances": []
    },
    {
      "module": "module.compute",
      "mode": "managed",
      "type": "oci_core_volume_attachment",
      "name": "wls-mw-block-volume-attach",
      "each": "list",
      "provider": "provider.oci",
      "instances": []
    },
    {
      "module": "module.compute",
      "mode": "managed",
      "type": "oci_core_volume_attachment",
      "name": "wls-mw-block-volume-attach-atp",
      "each": "list",
      "provider": "provider.oci",
      "instances": [
        {
          "index_key": 0,
          "schema_version": 0,
          "attributes": {
            "attachment_type": "iscsi",
            "availability_domain": "Zwzz:US-ASHBURN-AD-1",
            "chap_secret": null,
            "chap_username": null,
            "compartment_id": "ocid1.compartment.oc1..aaaaaaaafumsqmpg74h244arldrn72gasogwmp64snq2f5zn46swyjqdntda",
            "device": null,
            "display_name": "Dupont-block-volume-attach-0",
            "id": "ocid1.volumeattachment.oc1.iad.anuwcljrlbfmicqcgfjf5elpo3mtmfne22yol7npflgkesjm4mikcb6hzkmq",
            "instance_id": "ocid1.instance.oc1.iad.anuwcljrlbfmicqcctqfkzv34zdkogaym42medzjgdjfutveup4x6hzcqrxa",
            "ipv4": "169.254.2.3",
            "iqn": "iqn.2015-12.com.oracleiaas:78cc4a8b-7167-48e8-8f8a-417c1a67a50d",
            "is_pv_encryption_in_transit_enabled": false,
            "is_read_only": false,
            "is_shareable": null,
            "port": 3260,
            "state": "ATTACHED",
            "time_created": "2020-09-02 12:40:49.476 +0000 UTC",
            "timeouts": null,
            "use_chap": null,
            "volume_id": "ocid1.volume.oc1.iad.abuwcljreq3voepihzm5fel5is4k27pbvybximlhpxzx3p5fzcsnnr4a5xdq"
          },
          "private": "eyJlMmJmYjczMC1lY2FhLTExZTYtOGY4OC0zNDM2M2JjN2M0YzAiOnsiY3JlYXRlIjo5MDAwMDAwMDAwMDAsImRlbGV0ZSI6OTAwMDAwMDAwMDAwLCJ1cGRhdGUiOjkwMDAwMDAwMDAwMH19",
          "dependencies": [
            "module.compute.module.middleware-volume.oci_core_volume.wls-block-volume",
            "module.compute.oci_core_instance.wls-atp-instance",
            "module.network-wls-private-subnet.oci_core_subnet.wls-subnet",
            "module.network-wls-public-subnet.oci_core_subnet.wls-subnet",
            "oci_load_balancer_load_balancer.wls-loadbalancer"
          ]
        }
      ]
    },
    {
      "module": "module.compute",
      "mode": "managed",
      "type": "oci_core_volume_attachment",
      "name": "wls-mw-block-volume-attach-ocidb",
      "each": "list",
      "provider": "provider.oci",
      "instances": []
    },
    {
      "module": "module.compute",
      "mode": "managed",
      "type": "oci_core_volume_attachment",
      "name": "wls-mw-block-volume-attach-ocidb-peeredvcn",
      "each": "list",
      "provider": "provider.oci",
      "instances": []
    },
    {
      "module": "module.policies",
      "mode": "managed",
      "type": "oci_identity_dynamic_group",
      "name": "wlsc_instance_principal_group",
      "each": "list",
      "provider": "provider.oci.home",
      "instances": [
        {
          "index_key": 0,
          "schema_version": 0,
          "attributes": {
            "compartment_id": "ocid1.tenancy.oc1..aaaaaaaampajwjptkttmi3cv6xt5eiwkqbkiqxuwb7kom4lomsbjfpvjuteq",
            "defined_tags": {},
            "description": "dynamic group to allow access to resources",
            "freeform_tags": {},
            "id": "ocid1.dynamicgroup.oc1..aaaaaaaaasd3pvpe4hcj4vtb7hc4ulyfjznadu3o2h572y6bapsvbx4bxyda",
            "inactive_state": null,
            "matching_rule": "ALL { instance.compartment.id='ocid1.compartment.oc1..aaaaaaaafumsqmpg74h244arldrn72gasogwmp64snq2f5zn46swyjqdntda' }",
            "name": "Dupont-wlsc-principal-group",
            "state": "ACTIVE",
            "time_created": "2020-09-01 20:40:36.311 +0000 UTC",
            "timeouts": null
          },
          "private": "eyJlMmJmYjczMC1lY2FhLTExZTYtOGY4OC0zNDM2M2JjN2M0YzAiOnsiY3JlYXRlIjo5MDAwMDAwMDAwMDAsImRlbGV0ZSI6OTAwMDAwMDAwMDAwLCJ1cGRhdGUiOjkwMDAwMDAwMDAwMH19"
        }
      ]
    },
    {
      "module": "module.policies",
      "mode": "managed",
      "type": "oci_identity_policy",
      "name": "wlsc_atp-policy",
      "each": "list",
      "provider": "provider.oci.home",
      "instances": [
        {
          "index_key": 0,
          "schema_version": 0,
          "attributes": {
            "ETag": "1a40f5f18bd12937b3c0295b38a577238a8b53c4",
            "compartment_id": "ocid1.tenancy.oc1..aaaaaaaampajwjptkttmi3cv6xt5eiwkqbkiqxuwb7kom4lomsbjfpvjuteq",
            "defined_tags": {},
            "description": "policy to allow WebLogic Cloud service to manage ATP DB in compartment",
            "freeform_tags": {},
            "id": "ocid1.policy.oc1..aaaaaaaa7zv7enkzjnwt7m3ff2ugfb6kjw6vx5fo43vpbshtdtql3lrkrnpq",
            "inactive_state": null,
            "lastUpdateETag": "1a40f5f18bd12937b3c0295b38a577238a8b53c4",
            "name": "Dupont-atp-policy",
            "policyHash": "86db6f7b03e773b0a6d41bd4af9dfccd",
            "state": "ACTIVE",
            "statements": [
              "Allow dynamic-group Dupont-wlsc-principal-group to manage autonomous-transaction-processing-family in tenancy"
            ],
            "time_created": "2020-09-02 12:38:57.992 +0000 UTC",
            "timeouts": null,
            "version_date": null
          },
          "private": "eyJlMmJmYjczMC1lY2FhLTExZTYtOGY4OC0zNDM2M2JjN2M0YzAiOnsiY3JlYXRlIjo5MDAwMDAwMDAwMDAsImRlbGV0ZSI6OTAwMDAwMDAwMDAwLCJ1cGRhdGUiOjkwMDAwMDAwMDAwMH19",
          "dependencies": [
            "module.policies.oci_identity_dynamic_group.wlsc_instance_principal_group"
          ]
        }
      ]
    },
    {
      "module": "module.policies",
      "mode": "managed",
      "type": "oci_identity_policy",
      "name": "wlsc_db-network-policy",
      "each": "list",
      "provider": "provider.oci.home",
      "instances": []
    },
    {
      "module": "module.policies",
      "mode": "managed",
      "type": "oci_identity_policy",
      "name": "wlsc_lb-policy",
      "each": "list",
      "provider": "provider.oci.home",
      "instances": []
    },
    {
      "module": "module.policies",
      "mode": "managed",
      "type": "oci_identity_policy",
      "name": "wlsc_secret-service-policy",
      "each": "list",
      "provider": "provider.oci.home",
      "instances": [
        {
          "index_key": 0,
          "schema_version": 0,
          "attributes": {
            "ETag": "b8c2ba07e093c7f756395f80f685db0f0daf3e8e",
            "compartment_id": "ocid1.tenancy.oc1..aaaaaaaampajwjptkttmi3cv6xt5eiwkqbkiqxuwb7kom4lomsbjfpvjuteq",
            "defined_tags": {},
            "description": "policy to allow access to secrets in vault",
            "freeform_tags": {},
            "id": "ocid1.policy.oc1..aaaaaaaab3ddo3gmlgkqx5z62czkgnwbyj7uc24jpomb6kacmb4iydnbui6a",
            "inactive_state": null,
            "lastUpdateETag": "b8c2ba07e093c7f756395f80f685db0f0daf3e8e",
            "name": "Dupont-secrets-policy",
            "policyHash": "54cccf832d40d8519ee9e76f535827e1",
            "state": "ACTIVE",
            "statements": [
              "Allow dynamic-group Dupont-wlsc-principal-group to use secret-family in tenancy",
              "Allow dynamic-group Dupont-wlsc-principal-group to use keys in tenancy",
              "Allow service VaultSecret to use keys in tenancy"
            ],
            "time_created": "2020-09-01 20:40:38.345 +0000 UTC",
            "timeouts": null,
            "version_date": null
          },
          "private": "eyJlMmJmYjczMC1lY2FhLTExZTYtOGY4OC0zNDM2M2JjN2M0YzAiOnsiY3JlYXRlIjo5MDAwMDAwMDAwMDAsImRlbGV0ZSI6OTAwMDAwMDAwMDAwLCJ1cGRhdGUiOjkwMDAwMDAwMDAwMH19",
          "dependencies": [
            "module.policies.oci_identity_dynamic_group.wlsc_instance_principal_group"
          ]
        }
      ]
    },
    {
      "module": "module.policies",
      "mode": "managed",
      "type": "oci_identity_policy",
      "name": "wlsc_service-policy",
      "each": "list",
      "provider": "provider.oci.home",
      "instances": [
        {
          "index_key": 0,
          "schema_version": 0,
          "attributes": {
            "ETag": "9ad9847cbc9f62deb44709d6c65c8ec657e40aa3",
            "compartment_id": "ocid1.tenancy.oc1..aaaaaaaampajwjptkttmi3cv6xt5eiwkqbkiqxuwb7kom4lomsbjfpvjuteq",
            "defined_tags": {},
            "description": "policy to access compute instances and block storage volumes",
            "freeform_tags": {},
            "id": "ocid1.policy.oc1..aaaaaaaayvoibc5nplo7ra3sy5a5rvqnczb7ykwqynvjkrqy7uzinywvz4dq",
            "inactive_state": null,
            "lastUpdateETag": "9ad9847cbc9f62deb44709d6c65c8ec657e40aa3",
            "name": "Dupont-service-policy",
            "policyHash": "013d44ef7af2dbc5721548b5202bad7b",
            "state": "ACTIVE",
            "statements": [
              "Allow dynamic-group Dupont-wlsc-principal-group to manage volume-family in tenancy",
              "Allow dynamic-group Dupont-wlsc-principal-group to manage instance-family in tenancy"
            ],
            "time_created": "2020-09-01 20:40:37.813 +0000 UTC",
            "timeouts": null,
            "version_date": null
          },
          "private": "eyJlMmJmYjczMC1lY2FhLTExZTYtOGY4OC0zNDM2M2JjN2M0YzAiOnsiY3JlYXRlIjo5MDAwMDAwMDAwMDAsImRlbGV0ZSI6OTAwMDAwMDAwMDAwLCJ1cGRhdGUiOjkwMDAwMDAwMDAwMH19",
          "dependencies": [
            "module.policies.oci_identity_dynamic_group.wlsc_instance_principal_group"
          ]
        }
      ]
    },
    {
      "module": "module.lb",
      "mode": "managed",
      "type": "oci_load_balancer_backend",
      "name": "wls-lb-backend",
      "each": "list",
      "provider": "provider.oci",
      "instances": []
    },
    {
      "module": "module.lb",
      "mode": "managed",
      "type": "oci_load_balancer_backend_set",
      "name": "wls-lb-backendset",
      "each": "list",
      "provider": "provider.oci",
      "instances": []
    },
    {
      "module": "module.lb",
      "mode": "managed",
      "type": "oci_load_balancer_certificate",
      "name": "demo_certificate",
      "each": "list",
      "provider": "provider.oci",
      "instances": []
    },
    {
      "module": "module.lb",
      "mode": "managed",
      "type": "oci_load_balancer_listener",
      "name": "wls-lb-listener-https",
      "each": "list",
      "provider": "provider.oci",
      "instances": []
    },
    {
      "mode": "managed",
      "type": "oci_load_balancer_load_balancer",
      "name": "wls-loadbalancer",
      "each": "list",
      "provider": "provider.oci",
      "instances": []
    },
    {
      "module": "module.lb",
      "mode": "managed",
      "type": "oci_load_balancer_rule_set",
      "name": "SSL_headers",
      "each": "list",
      "provider": "provider.oci",
      "instances": []
    },
    {
      "module": "module.bastion-compute",
      "mode": "managed",
      "type": "tls_private_key",
      "name": "bastion_opc_key",
      "each": "list",
      "provider": "provider.tls",
      "instances": [
        {
          "index_key": 0,
          "schema_version": 0,
          "attributes": {
            "algorithm": "RSA",
            "ecdsa_curve": "P224",
            "id": "329fd83159928724d4e12c4c5f9f55d25b7e8bf6",
            "private_key_pem": "-----BEGIN RSA PRIVATE KEY-----\nMIIJKAIBAAKCAgEA0Rd1FiKirXxka9GUs61WgSusiShj4nGr7KO7oqnm3mT9nyny\ngEQ+T9K5copXQbvXTEnCvv6CTXeU80zXrT1abbkipYexrf+kKyVqoqCgQLYLx6PL\nWqX4/hPDTX64ig/27HYALO2eNyoy3UPqS1/GH6UOGPbWXXC+blbABn5iYa6s79OC\nysK8g2Bkv4kRZeuwSYSZZFzzJkKaucL3CuJVCy9DUcWwwS/TbaJ0pyARkh0ZbLOi\nAzcCk2bbQOMuUCnLy7S/ydGEtV+7PrjV4vHh+8T52QuUA+b+cdzgzPRxC04B7RLD\nhuWgELInbobZOm7/5FkSkRLSSxZM4BO9x96P7+TGNkpSTI7DuDSi8cTFdKmBAisH\nOJstMk+bYyhU0VOUCpNKvmVNa8OIuFE2NUq1FkblJzuDGAOy0dr9l+YMEliM/wz0\nB3CEiJwKRmO6rJ/YFe/515eY3hzH22F29hGQffINkZoA1vPvE5msma0upZLHadSn\nqNA3umtOWpJw0HBgE+9A5SwYa7dmvknI3Dt6b4x6Cgp/RHIBHx11C+9LSX8oDCWe\nmiliQBvSXXpboCimHZTj9Zll+4CVY5tUyTADMpFLWrShL1xSjAORxq7yGVwVTBvc\nixEnN3UkhEZ3mklD61m8tJjXml2Zc6pls/950fYxzipdBxEtvMeWrr12KmECAwEA\nAQKCAgBd0Wap/fR8X1o3vpw4Wsh7wPrzt/nJezOnRHhGrnF2zF24cvvqbbR/4I9x\nQ32PcxdRla8aP9x7ofJlkM8dXnAa130iRNaGujQRYAKO4f/FyWlTtLzj+aDVcEyr\nkvZ+jFdBFllRz3S0T+zutzCDjX+6ZzcCII9i8dmgbLBQuZivN89E9OS00dgAItpR\nztDNqIk7E5I4JDS9sBj4zPBII/IAyL4uDMQYirsVcFVjP9Jie0gTLC6/vokbVoV+\ngfEf6wEUcA+2IJqpP0EnDYx6/glmDKYGq1lIvvbgZDlB/VRTvDbFByxQdOvzUdy7\njSofO/r5nLXl/kn5gxIPYQxAiC6QprcTpmBpHp83K3Yh5Q0AmUp9OpUkmBUVkw1Z\n4zlj6ptIqN7KR5FTJiYtP0X1Rvk/FE/fv9DxscUiT7A3cTwkXQ6zd9R4cYBltRes\n6QgNbdDoovzjGvAhR4bEzCSb+MKKGgMks6P9OXHafQokQcK7bmII9JigxSqOxmQW\nAgEu8e76iXvPkDW801HMXHZcswZfCRdIxEs3mhBbEILckw2Z25BN1aBxNDvZMc4P\nMFULiwKFOI/DbVf7Y/lCKbbwpf6lGxxjdl+yjgPYwrt5sz54bCLq5sIx3bbsJ/WN\nO8MsNwv1GCR5N9VEq45pJ3WWqgPQrpHkrD0wkcNG6Ga4QomgWQKCAQEA0a0l9M9K\nLMYY2BKBvWgHs8t0Ecsl+Nkd+wCMpO8MqeRnD25Zt6tTU/1oD76H3j5cwLM441gC\nduWK1uAakDVHPkI1+mn0l+z0EDONUWHafM+rfqFkRRG7fSByKADakONVJm1Zk9zP\nuCMtJiwYfPMqcrFaLTKA+feiNHw6p1sH0RIISGD4YF6Q6EAHRYRi/YaQUncpm4FQ\nPGvifi1BcZUa/KB2eo2OZoSV/I2HqrMDuGseqfzeZrZbPH4tQqpV26ejCeqcwrIG\nzPIETs8zjwBULXUsfUVIv+TgNi06hV0qJ7YqE6Ibh+00QxW6POReOn5TN6fnMoXV\n7p1TwYzMUg2sowKCAQEA/0k87e5Em1dLCD8vJL9iod0gbqJoJfYl2F3JDJsScIx9\n0WqHsIJvbX7aKK44/EcIzV1WT4a1ETDnoRMRVkucKyMZqkw51Jj65RzJU+jy0bf4\nm5tubmkC+QJHQ6b2fdEE9TpxY0SzstQ0vhZELf69VMuQP9QbBh7FCBTBMw2yTvyX\nQKY25gps/He7pVWLSRqhFwdnp33/ldDyuHmzNnZuObspmKAgLcwwPspADVzWc+dZ\nbhtF0O0U+Z3NI1whfNzdmo1hPXRvSaiFAJWvL4smeMlTyXK96/zM/d4DhcvlNBhr\nEa6Qz3Y+MH7pn6k5N9vVx9TUgsjsyXQuNexZVBzZKwKCAQEAvOf3y3E6zc4IMhuy\nYhgo4FbMEv/pDSNnvG2JSUvKKAKMy71K/YxQvdoP+Cdbt+KNpFuURFdVmRNDnEY6\nCHTH5BK5GQx+/qXQWgxoJMs5krtzMdpsQUIxnhEuaFYklOcMH1vjmbEWQDsJAVw3\nD9PxCXY53YCj7RGrRQgru/3qs/VAGx2qiQCKI4UUSBB3Mx0aSAHuLZk61cUJQU66\nqH+C2dokBFQm2LxZeTl14lf4YR25ecNGCFoBJyYy1t4qDoUhAd0rMMo+EEV3lh1d\nwVe1f2MTGyXh3mlxi74B/IesZCzeCeRCU5tlO4+GxDenoaGQjhMq3DzyOlHqVPXq\nW37QawKCAQAUEo0g5Cgu0qlKp7UsPYQi2AEx0cFAot8M6Sriu9qyUMmfyrGKlmbu\nhBfhNPm0FF3Dz//2VtAr3t2Hk7k8QMuxtJvTARVW+wRXOXE3EMzu4nlAuvLu6YDb\nVWuHDTy6XdH2+jZqKL+8YuUWwSdxOmNmpG7eJe5OB+NUJFWgjwYjIcc+xRLx+YXi\nQAPYFybRg6+A4QssZ0LOY9SB3sfRk3RNQ8MchhKhpzlv5nUs18zg5iLo/mn56HpK\nujaj/h1/9NnTyiQIMfyCHScACcTxhw5qVuIop8X5JTJ1D5zVS1flRbo9dK1cMp7n\nL0NtU1/1XWqswLZI5kV//YuYn9HSREZrAoIBAB6KNPncFx+GJiRiKZsG3LSV5AZn\nwSv97315YfwttEof4WgjGFUSMTYQumvryJRXejKYC7wTbAYFSDnOAMdlpcQdpve5\n7X5mpFnLme3twjM32A5Ow9iYi7kli1qgDMIMjOncz/2f5fiV8zwdcroQYzIzmA1o\ncFyBt5HaB0quT9vBmPkYBcNE/mF4Jeu+biYFCHjJQdq+izG5H0vh5ss/Xi2clR+y\nQnTmXHeP0VhVseVqUrDyciOG8GCFPDDAXEZUocBBN9IxL44zxsYPKg7zIjcSvlGh\nJULbDDACpRJD5/e/a9GeqnsfqIBo1zy2bpy9Y0ziW0NqHCxE+3Dy3oxuEFA=\n-----END RSA PRIVATE KEY-----\n",
            "public_key_fingerprint_md5": "62:ba:7d:03:1b:de:db:cf:9e:39:22:5e:c4:df:2c:c4",
            "public_key_openssh": "ssh-rsa AAAAB3NzaC1yc2EAAAADAQABAAACAQDRF3UWIqKtfGRr0ZSzrVaBK6yJKGPicavso7uiqebeZP2fKfKARD5P0rlyildBu9dMScK+/oJNd5TzTNetPVptuSKlh7Gt/6QrJWqioKBAtgvHo8tapfj+E8NNfriKD/bsdgAs7Z43KjLdQ+pLX8YfpQ4Y9tZdcL5uVsAGfmJhrqzv04LKwryDYGS/iRFl67BJhJlkXPMmQpq5wvcK4lULL0NRxbDBL9NtonSnIBGSHRlss6IDNwKTZttA4y5QKcvLtL/J0YS1X7s+uNXi8eH7xPnZC5QD5v5x3ODM9HELTgHtEsOG5aAQsiduhtk6bv/kWRKREtJLFkzgE73H3o/v5MY2SlJMjsO4NKLxxMV0qYECKwc4my0yT5tjKFTRU5QKk0q+ZU1rw4i4UTY1SrUWRuUnO4MYA7LR2v2X5gwSWIz/DPQHcISInApGY7qsn9gV7/nXl5jeHMfbYXb2EZB98g2RmgDW8+8TmayZrS6lksdp1Keo0De6a05aknDQcGAT70DlLBhrt2a+ScjcO3pvjHoKCn9EcgEfHXUL70tJfygMJZ6aKWJAG9JdelugKKYdlOP1mWX7gJVjm1TJMAMykUtatKEvXFKMA5HGrvIZXBVMG9yLESc3dSSERneaSUPrWby0mNeaXZlzqmWz/3nR9jHOKl0HES28x5auvXYqYQ==\n",
            "public_key_pem": "-----BEGIN PUBLIC KEY-----\nMIICIjANBgkqhkiG9w0BAQEFAAOCAg8AMIICCgKCAgEA0Rd1FiKirXxka9GUs61W\ngSusiShj4nGr7KO7oqnm3mT9nynygEQ+T9K5copXQbvXTEnCvv6CTXeU80zXrT1a\nbbkipYexrf+kKyVqoqCgQLYLx6PLWqX4/hPDTX64ig/27HYALO2eNyoy3UPqS1/G\nH6UOGPbWXXC+blbABn5iYa6s79OCysK8g2Bkv4kRZeuwSYSZZFzzJkKaucL3CuJV\nCy9DUcWwwS/TbaJ0pyARkh0ZbLOiAzcCk2bbQOMuUCnLy7S/ydGEtV+7PrjV4vHh\n+8T52QuUA+b+cdzgzPRxC04B7RLDhuWgELInbobZOm7/5FkSkRLSSxZM4BO9x96P\n7+TGNkpSTI7DuDSi8cTFdKmBAisHOJstMk+bYyhU0VOUCpNKvmVNa8OIuFE2NUq1\nFkblJzuDGAOy0dr9l+YMEliM/wz0B3CEiJwKRmO6rJ/YFe/515eY3hzH22F29hGQ\nffINkZoA1vPvE5msma0upZLHadSnqNA3umtOWpJw0HBgE+9A5SwYa7dmvknI3Dt6\nb4x6Cgp/RHIBHx11C+9LSX8oDCWemiliQBvSXXpboCimHZTj9Zll+4CVY5tUyTAD\nMpFLWrShL1xSjAORxq7yGVwVTBvcixEnN3UkhEZ3mklD61m8tJjXml2Zc6pls/95\n0fYxzipdBxEtvMeWrr12KmECAwEAAQ==\n-----END PUBLIC KEY-----\n",
            "rsa_bits": 4096
          },
          "private": "bnVsbA=="
        }
      ]
    },
    {
      "module": "module.network-dns-vms",
      "mode": "managed",
      "type": "tls_private_key",
      "name": "dns_opc_key",
      "each": "list",
      "provider": "provider.tls",
      "instances": []
    },
    {
      "module": "module.compute-keygen",
      "mode": "managed",
      "type": "tls_private_key",
      "name": "opc_key",
      "provider": "provider.tls",
      "instances": [
        {
          "schema_version": 0,
          "attributes": {
            "algorithm": "RSA",
            "ecdsa_curve": "P224",
            "id": "4ddf0041f7c02b9122f75aca37fce4cfc5e69aa2",
            "private_key_pem": "-----BEGIN RSA PRIVATE KEY-----\nMIIJKgIBAAKCAgEA06xaUjY9Fv/6Xnrb29eLM/5Ls8e1U0MnW67TD0zvysDR+V3E\nDsiPJxmsB63lXiIaHfR7JZ7o301vkArqLelxFob4suqYzZqWutDtKKwaMtvC7dGE\negkz2Qocliyny+N/9XyrYYIS+YDxp8stNA7ptwzvKOa8icBq0oltCblBaiZgLHwx\ntFyRC5VCy0n8c3QU1+sXvGvCCiqC/wijbbeWbdclvzMigvMApWxft1TQB7iemvS+\nvUw1kLYzj/kKPdZdFlIBHsdD+EMoo8xGv4lxyYC1R2te9z4Jmuk+Saq+kIrSq5PB\naQU90PnIUOTT05ums0FDze/zziqWicEnFTmySLeQbX9wsjpXh89YVRJIu+0Lm6/9\nkzJFGJ3YSJgB/iRHsgIKNefsrh7RR2rlvVQFM1vo2yDb6oz5K+XowM8uecwl8Hvx\nVg3C/zHIWYuMSta4JOt8yTLwIyvZrE+/U2liBR5dNh+Lb21azI3S6+IVEyW1daXu\nv0TJ3ZFal5/o/Z3VOjEn0ukzTLoWwEkP3/OyoXFnuLWvIy1Iom9xIiTKpG5F9B3t\nYC2LeoIy8Y/QJ2uKIDwN9LBhtD1Q/6rpsn/2/yE19rWmLW0uT0HqPspv8rBwqgns\ngo0mlTk0vXdPM9uLF9FIUQ2pgTQlMyU0GDu7+ar3tpAEn2UhUqH2GFhG2CMCAwEA\nAQKCAgAUCoR+ti3wiInu+hjo5q6CXLhULDtpx7jpQFMxZqppevombw9KCwkqvY6B\nJ6DI2de5MFWciUApLE68x5vGfwy7Akp3vih7hwBwbamWqTzNxerd03GEkGx9RyzP\ntyin8EFEP+qGD+e2AdRfe6gq/qJ4N1xJdhcxv6sdhe9x9T1RTJLcg2G9XupIu3gY\ngUfKspnqm5Kiv10e00mV1f6LO8+dVLp5MOE6nsFX6Dvjwr7zjDJQH44TpCyKKAYX\nwo+KrUog++CpRlqUHd+yKnwkVGIWnv4K5gqWxCPqq9y+4tCqJMqvfgzY4asppwyl\nRBUeOuV8oVhHHknqIjQglM4bf1v2xHsuPpIKNfhIk2g6kqRuLyjH7uWaZQpIBNFz\nJU3ZJjVhNUZrZla347PEbsaT8hfezA82AgA6kJBT12AIeDHR3bM3hNohbKYSco7S\n2ru+57YVoGgqXmlrQgpuymlMr53sbEuG9Cx8PoH/xn9DPWFlZV44eNmYGZGdvjwL\nAWzRnjzhP18PcZfrJIMX7q4Jccqko72j7ftL6avyn1apemZ+pwySykRcSj2twwIk\nRXBC3zPedORw1Vu//5fWS3FNCFyJrBoZyadCgP3S3v6APeB8CYCZjUe4XY77ydy8\nl7fEETsZSJNJEJ2fBPmlXfBghNhUDrd5aiqHq81L2f2vIQ5rWQKCAQEA7f85PH6L\nG15raijJkbpcYVwm4Xar3GnmPyoo9ha5Ql9XEnNbDfMm2SUH4k1T9Ep0JuiOhOeq\nZhBpKzEHX4sXy5xljYfBcME4OdbLOW+mH9jXhXuGh13DX4CUTxa57ebD6PwGQt8V\n+9yPWZ0uQMaKIKpWeSF1CefrVtBqWKQxPdAKt7uGZn0gKqdDxJ+JSIZKUMk9OY0N\nsAECa63/7NRqUpYHmIgn4zMaNuT0KhxMyM0ET4LyuFdb3juSiDNV1fgKvSUFpaX3\ngCEYwbpjgOa8sXgf+9Zp1YP1Nd3yvBiPxe/FveTKqgil+U1k0UZQTJLvbwawUf1c\n/tP04HQLnv4I1QKCAQEA469f1tc4koOBfOAVrWcFanmSHM+LmCtwdSVboWIHh+d4\nvNvEgAeL4CdFaTLEB3z9V9JgnDEfZwbxsTFGJ4zancO0w1rCAVLX5jEdtRATLo81\nXdg4CxcxvISgfMGOWK03If2qKQWcxm5tCqmZ9R1oRXYmL5A7ScnBt28FEyCIF6KF\nEoPn0QCnZ/FYYrEbY6vOjP1jHhlXgIDrQXiW+TYCGZLitV8CIuee2k450J5tx8xY\n1EnAFvWJdAH/tdoHmx6uD/5hamSfst2boRg/cZudeB3VWqXu6ZVI4m98cqszc+na\nUek2b+UHL224UE8L1YvFqb7u0riWwbAb0LWy1dpZFwKCAQEA26AQ85BbUpBZU4f8\nKyztHzNo9dsLUcWwIk4HqsDhiSxuL6qgNklSakRP+Dgf52nlshodmuwmRTWTt7Xw\n9exnsw/Kb0b97c2A028x7vjnNrBmgtmxFa4jIziGpE12muG/nHsmVAOGR/wLlUkF\na+VLhkVqszF6zf9lH6II4W/zuPUJTvAQYPfK/VGJqiMHDxRN9CshAsD2BpuH3lKd\nv7FtxHSK4emT1YhNAqdZ4ppnCU6YUb+nuRF0x6n12RZ2eZQCZPWLNofn1Ce2ruAP\n/t3u917BNSdyVwUE/gapf4ay9pgDxO8jTrHYaC1RggX/CAr4RV7Iy4Chls+GRLMS\nHlCTWQKCAQEA3/Qt0fXqiHrf0EPeLq0J77xa0wn2phv8Rs4TPj9dZvlwkludAc3q\ncPZP2PT9StxPmaWuL5RF7iIvc/oipl5u3wWUdR99eq3Q/XRMYz/HjmGAvakjHw2W\nd3cBIRWF/YWLmFyZljYWCjyt9vHyJN7jJIfdcaVuG9tfNx31oOW713udZyPlznfV\nMnF7XcAVT8m7poTKjN2iaxzjyodiAQl1sVAAvSQRxuGLJ/IP/jsHgqJmsZFFZ4/m\nvvwEWQx3tMXNsp+llHAbgWVnYmKmbQoDLxYxOTPEN3AGu+urPmNVfeuFOlKpoBBo\nK+fBhwTpgAg2ygurgAvfBe9CvN0sZhuaywKCAQEA6lMcNeSoopjtTO6KWE+yhirb\nu7h2yNPwlJwfobCgR9GTMRfWZZUzUwXWBZ/PbhK9DHzmOd11Qi3842JrZYCQ6/DG\nz5jI89Bb0jAoHBLX+lQ3Po6AF8X1xvsuxwJhE1p9tV4SGCMVzv2POE8ITM4bQPgW\nVG9VNGiJTJYqwcNzUCg9AkJV/SNJd3HgOybwEyIHSgR0oaOgZp27LQ+0pQ4cSpfk\n02Mm8mlmHtDyih6IngNm0zidt0GMecvuNUR001yjZBlBtyk2SPG7PoyWyYdErThw\nm7SmAs5Z+EZwA+cwRRvtMvk4DpYZLkPni1/F+90vNWO78a+Hxt40pm34d+0lLQ==\n-----END RSA PRIVATE KEY-----\n",
            "public_key_fingerprint_md5": "07:e1:65:cc:16:d8:e6:b8:c6:e5:f4:8f:80:cf:6a:b9",
            "public_key_openssh": "ssh-rsa AAAAB3NzaC1yc2EAAAADAQABAAACAQDTrFpSNj0W//peetvb14sz/kuzx7VTQydbrtMPTO/KwNH5XcQOyI8nGawHreVeIhod9HslnujfTW+QCuot6XEWhviy6pjNmpa60O0orBoy28Lt0YR6CTPZChyWLKfL43/1fKthghL5gPGnyy00Dum3DO8o5ryJwGrSiW0JuUFqJmAsfDG0XJELlULLSfxzdBTX6xe8a8IKKoL/CKNtt5Zt1yW/MyKC8wClbF+3VNAHuJ6a9L69TDWQtjOP+Qo91l0WUgEex0P4QyijzEa/iXHJgLVHa173Pgma6T5Jqr6QitKrk8FpBT3Q+chQ5NPTm6azQUPN7/POKpaJwScVObJIt5Btf3CyOleHz1hVEki77Qubr/2TMkUYndhImAH+JEeyAgo15+yuHtFHauW9VAUzW+jbINvqjPkr5ejAzy55zCXwe/FWDcL/MchZi4xK1rgk63zJMvAjK9msT79TaWIFHl02H4tvbVrMjdLr4hUTJbV1pe6/RMndkVqXn+j9ndU6MSfS6TNMuhbASQ/f87KhcWe4ta8jLUiib3EiJMqkbkX0He1gLYt6gjLxj9Ana4ogPA30sGG0PVD/qumyf/b/ITX2taYtbS5PQeo+ym/ysHCqCeyCjSaVOTS9d08z24sX0UhRDamBNCUzJTQYO7v5qve2kASfZSFSofYYWEbYIw==\n",
            "public_key_pem": "-----BEGIN PUBLIC KEY-----\nMIICIjANBgkqhkiG9w0BAQEFAAOCAg8AMIICCgKCAgEA06xaUjY9Fv/6Xnrb29eL\nM/5Ls8e1U0MnW67TD0zvysDR+V3EDsiPJxmsB63lXiIaHfR7JZ7o301vkArqLelx\nFob4suqYzZqWutDtKKwaMtvC7dGEegkz2Qocliyny+N/9XyrYYIS+YDxp8stNA7p\ntwzvKOa8icBq0oltCblBaiZgLHwxtFyRC5VCy0n8c3QU1+sXvGvCCiqC/wijbbeW\nbdclvzMigvMApWxft1TQB7iemvS+vUw1kLYzj/kKPdZdFlIBHsdD+EMoo8xGv4lx\nyYC1R2te9z4Jmuk+Saq+kIrSq5PBaQU90PnIUOTT05ums0FDze/zziqWicEnFTmy\nSLeQbX9wsjpXh89YVRJIu+0Lm6/9kzJFGJ3YSJgB/iRHsgIKNefsrh7RR2rlvVQF\nM1vo2yDb6oz5K+XowM8uecwl8HvxVg3C/zHIWYuMSta4JOt8yTLwIyvZrE+/U2li\nBR5dNh+Lb21azI3S6+IVEyW1daXuv0TJ3ZFal5/o/Z3VOjEn0ukzTLoWwEkP3/Oy\noXFnuLWvIy1Iom9xIiTKpG5F9B3tYC2LeoIy8Y/QJ2uKIDwN9LBhtD1Q/6rpsn/2\n/yE19rWmLW0uT0HqPspv8rBwqgnsgo0mlTk0vXdPM9uLF9FIUQ2pgTQlMyU0GDu7\n+ar3tpAEn2UhUqH2GFhG2CMCAwEAAQ==\n-----END PUBLIC KEY-----\n",
            "rsa_bits": 4096
          },
          "private": "bnVsbA=="
        }
      ]
    },
    {
      "module": "module.compute-keygen",
      "mode": "managed",
      "type": "tls_private_key",
      "name": "oracle_key",
      "provider": "provider.tls",
      "instances": [
        {
          "schema_version": 0,
          "attributes": {
            "algorithm": "RSA",
            "ecdsa_curve": "P224",
            "id": "a4cbf1f9326b3b8c2dfe9d57555b45845592f384",
            "private_key_pem": "-----BEGIN RSA PRIVATE KEY-----\nMIIJJwIBAAKCAgEAtzC6biJCsCFE8bq3jUOv1o+lCx/XdmDX5vroU1lq/SfhZjaM\nBnt4sZVtjLKKKHsjN7TqMRdj48RGdXqkh+Uoqy2p1kPN6zyWqQhaJ/wmH/OffbMk\nJPQEEpgDUKA7y4/QjoKWx+dhDF7HDl6AgToKLf5s4Hf3sa6Fjxon46+9YdqYbe6U\nombRYc0HPJxcDZwTrWFjGQRvOPk+lV9o9vZhgEUhq2xtjwx2mQU5tJlqG5+R14AX\nU7HBEjiyTxPQRAAlaHMjvpbWODscEQ6+8T+5xIZbkxRZqJqcxMzJjMd9jGEPgkuN\ntNZS3+lIk21FWxmX5fOSJcjiN9SUgH2cCOMcC6dIBEl9tsu5BLFT6GS2MSbOY8tI\nl0vkufaRyJisNj15AVlCpiuDsKdVylpwA4vSg1pwPZ64gneT33aztRtq56tPBugR\nerIudPhMKe8WeMfjGH+rHYg/jiJ/jIeG8SrBdMjEFyEwpl5Skilf5eMvwVJqCQ+2\nV8vNtuqUX28pFNWczoYvXzY7pCwpBbNbolSGj/sF1dK6cLMrYAeJseu3tlKop4kO\nqrb29Z0oySF6rqON2N7RrNwt2HLjlgRW9pqPoH9PQw3mLAV6gmf5pUP0zmXK++ky\nMS4kZBaFo92SPFNXOXpFojWAm+n+xO+IZz7nw30gYviZKwk8U7IZamFkmIkCAwEA\nAQKCAgBXJYY66G+DLICI4oN5X27iCnnAXgh5Fz7+cfRd2lbsUbGHl4FrgAd9q5Fu\n8myJL3MkiBs0+WSasP+32X017M05CcMW3DC0rKEbjo6dIPXeE16XRMZ4EeFyGwDQ\ntTlc8HCNqxAhzy+628ekTU6iq0K2eKfA7TFXRKfi2NWLGkpkp8IF4g6xZ2pKNWgw\n7E1aaBpwS7kB6LskhmXAV6AuhC0EAV8wFqfT+mDdEMBP6v+wXmvZ8eSm+xPXIEOr\nHMjh4JPrKYMios0L+Qq0DqjFScSM+kHMKU0xyUO015s2LpzKUE45dMnX8nGAdZEC\nGWR6HyXEzeeDtBnx514x9g9ppujq0EF9ovyzO1l5dPWqo4hzq4HXJDJzo3tyfWJi\nLBHk0Kz3w1WHwKX35dSwM6RUhLcSUT1lwz+J2xmrD/2V4qW7is37JSWD4ebabpAN\n8/HyP0Q4UvnypF28YFOBLypxCFty3zB+rCiCGlyDR57Oi7Aa1k5Pqf+0gB5fUMXL\nnkQrf8SuXOI+WE/GXmAu4JwJuvSAdg8Wh2/FuOOtz6YPHxmXNA/SlIli4tTDknMR\nCPjDEVmGJkKKE0v4/wyVWXQFYKWvR4OWuP9FXAOLu2W+uOIoEWyOdz6x94OdvaBF\nl67yitvAsLkwvVZcSQvJhk8SfexIQof3zmVH6lzT9LGGnRkqtQKCAQEA2VTduHoY\nnqa9JDvPzd8RR6xWGpBnDkQ7ZcoAC3isW1JLfyCEbvO0hYaIkXxJVv7tqaYMsjNV\nzwKtUKqgLJMkqaKpSBWU2vdIpewsizH8q1LW4Cad14jj68R+erNpZQGitvjDRrdm\nuZsUk0qaETAukUD05TUO7KOt/8v5lhbiWC3XQYsZtInqKwWVvD3Y5vhu10HvRi3n\nqguk0qeHXQhjwJJEz9Jw2c3dAqk28NFJQwwkNtwgGn0HbhKLzL1hlXUqSGgAeTp9\naC6nOk1u2Fts38IzMOq3OagwQyoj09CqxVjko9R9LBGwUbrqt2y+vkMrNydUeEVm\n+3WadXh2rRnpvwKCAQEA18jIJn70y5+ewi/FreWGdmMSjynqJo+e4top5kzhFvWH\nrZoH3rC+NpQ+Magb+f0RPd5TLPehFngzIOXuQ73JyNj+cJu2OHqoeK8wzOf5FYGa\nTWD/LKy09BkRl4IMlwgs9kil0f1wMnxn5kGm0AOb3ZYbaflzgXFcnucBg9c8EquS\nULLtNQzS9P1TwvfEKiXPqexYEo+plmkTdSliOlVwwf/dhNLVARIml/bLHi4UhUNl\nKD65oc5oPFor7H09Dmf3vGsSfcLxAflxT+a1QvA5CaVt/wJNvHBmoE7zoJU310SE\nHR3Yvg/hA/Q/oGB+grSv7mgvGtpLlyr4pcK/Jce/twKCAQAVmtUryJ937hVxa6y9\nx4YdPOmWXHKSPYA2Hz2f5lAkB+tPaPkhWoLAn14mMFfOGSuhKMusT2QhXx/BnCSu\nKbaEUpJHgzW4CssjC3ZmJAL9OQ/5Wn1odshJoM/9/KXmj6IQVGx9NDA3FU6XUdw9\nBzAp6m4t9vdT2PWsLyfRntbDc1Mpxd05UFiCDF0VSISueVXzei+CJ4AXLG8nLdZM\nDlB0TVYf3sivLkLhR9cZW4TP8H4NIhbi6zj43UkeglkYFXytlAEwC/t5huHC7v2s\n7nHFULXsD/lE9w5NLvw+y0ies7aO/smuvtdrWIyKzXmsylqacgN4rVWOe+Nt+Bq8\nHI5bAoIBADBfzp7yryZG7mxSEVrerbo0k6CMoPVsFQ5+Ig6DBaMEABqnAUSnEr1h\nll/DdCIi3Y6lHLhj+zTyVWP2p+d/0JC6NLBB+CPJO6Nygtos1uY/W7wlFo+JWDew\ntwTkHrZtGsdLmgDtdA2dXh18ck0HwhV25UZoqcBHDaCB4RERW2JEHFUDB7Jw4YoS\nkIiQyuU3/Mn3NfdTRY12mOoXEPJK3TBgj+SK7z2COCyxIu/tHKSTa0YOaccgYrXE\n8TvfB6UHIb6XslmHLkhnB0QGUHRlLiQ/dd1JQuwPtrIRgQRq703PCl8Mpd5V6Pfd\n9bWabEIZB6fGq2i1r2SAOaXPdtKdaRkCggEASucOJ61wa6aGT3DcLj2ojTW90Sxg\nyyLEvuYq/dKq+MjVS6jmdzJVCMeIYrq5CFPTzFb0dx0CK67DoznRsr2cu3U0bFz5\nWLQw0r4A4eqQ/XijnDENU/lqsIr3HRaTl7FA9xnTTp00T17AovX3jxPOzXoiOV8C\nZAatDRsRyhrPfkzC9Zp0Q4UgK6W8wdbL4yXWgilpth0rxdFnOdpQbsOmfAxIoG5c\nAbV+9DEfgCu8A84dE0XaBYHpjILSisisA5PufNFHBm5duu6qhTBIIm4DhfVd4Dum\nQTvJRhXD6WvlyqjkqGifvq3ujpeBAOtpOcTd/IxWdYhsUPjMdB5DBOctVA==\n-----END RSA PRIVATE KEY-----\n",
            "public_key_fingerprint_md5": "17:a5:1e:fd:a2:24:c1:fa:ab:9d:a0:b8:60:54:b6:35",
            "public_key_openssh": "ssh-rsa AAAAB3NzaC1yc2EAAAADAQABAAACAQC3MLpuIkKwIUTxureNQ6/Wj6ULH9d2YNfm+uhTWWr9J+FmNowGe3ixlW2MsoooeyM3tOoxF2PjxEZ1eqSH5SirLanWQ83rPJapCFon/CYf8599syQk9AQSmANQoDvLj9COgpbH52EMXscOXoCBOgot/mzgd/exroWPGifjr71h2pht7pSiZtFhzQc8nFwNnBOtYWMZBG84+T6VX2j29mGARSGrbG2PDHaZBTm0mWobn5HXgBdTscESOLJPE9BEACVocyO+ltY4OxwRDr7xP7nEhluTFFmompzEzMmMx32MYQ+CS4201lLf6UiTbUVbGZfl85IlyOI31JSAfZwI4xwLp0gESX22y7kEsVPoZLYxJs5jy0iXS+S59pHImKw2PXkBWUKmK4Owp1XKWnADi9KDWnA9nriCd5PfdrO1G2rnq08G6BF6si50+Ewp7xZ4x+MYf6sdiD+OIn+Mh4bxKsF0yMQXITCmXlKSKV/l4y/BUmoJD7ZXy8226pRfbykU1ZzOhi9fNjukLCkFs1uiVIaP+wXV0rpwsytgB4mx67e2UqiniQ6qtvb1nSjJIXquo43Y3tGs3C3YcuOWBFb2mo+gf09DDeYsBXqCZ/mlQ/TOZcr76TIxLiRkFoWj3ZI8U1c5ekWiNYCb6f7E74hnPufDfSBi+JkrCTxTshlqYWSYiQ==\n",
            "public_key_pem": "-----BEGIN PUBLIC KEY-----\nMIICIjANBgkqhkiG9w0BAQEFAAOCAg8AMIICCgKCAgEAtzC6biJCsCFE8bq3jUOv\n1o+lCx/XdmDX5vroU1lq/SfhZjaMBnt4sZVtjLKKKHsjN7TqMRdj48RGdXqkh+Uo\nqy2p1kPN6zyWqQhaJ/wmH/OffbMkJPQEEpgDUKA7y4/QjoKWx+dhDF7HDl6AgToK\nLf5s4Hf3sa6Fjxon46+9YdqYbe6UombRYc0HPJxcDZwTrWFjGQRvOPk+lV9o9vZh\ngEUhq2xtjwx2mQU5tJlqG5+R14AXU7HBEjiyTxPQRAAlaHMjvpbWODscEQ6+8T+5\nxIZbkxRZqJqcxMzJjMd9jGEPgkuNtNZS3+lIk21FWxmX5fOSJcjiN9SUgH2cCOMc\nC6dIBEl9tsu5BLFT6GS2MSbOY8tIl0vkufaRyJisNj15AVlCpiuDsKdVylpwA4vS\ng1pwPZ64gneT33aztRtq56tPBugRerIudPhMKe8WeMfjGH+rHYg/jiJ/jIeG8SrB\ndMjEFyEwpl5Skilf5eMvwVJqCQ+2V8vNtuqUX28pFNWczoYvXzY7pCwpBbNbolSG\nj/sF1dK6cLMrYAeJseu3tlKop4kOqrb29Z0oySF6rqON2N7RrNwt2HLjlgRW9pqP\noH9PQw3mLAV6gmf5pUP0zmXK++kyMS4kZBaFo92SPFNXOXpFojWAm+n+xO+IZz7n\nw30gYviZKwk8U7IZamFkmIkCAwEAAQ==\n-----END PUBLIC KEY-----\n",
            "rsa_bits": 4096
          },
          "private": "bnVsbA=="
        }
      ]
    },
    {
      "module": "module.lb",
      "mode": "managed",
      "type": "tls_private_key",
      "name": "ss_private_key",
      "each": "list",
      "provider": "provider.tls",
      "instances": []
    },
    {
      "module": "module.lb",
      "mode": "managed",
      "type": "tls_self_signed_cert",
      "name": "demo_cert",
      "each": "list",
      "provider": "provider.tls",
      "instances": []
    }
  ]
}
